PODS:
  - Bolts (1.8.4):
    - Bolts/AppLinks (= 1.8.4)
    - Bolts/Tasks (= 1.8.4)
  - Bolts/AppLinks (1.8.4):
    - Bolts/Tasks
  - Bolts/Tasks (1.8.4)
  - Facebook-iOS-SDK (3.24.4):
    - Bolts (~> 1.2)
  - Firebase/Core (4.0.0):
    - FirebaseAnalytics (= 4.0.0)
    - FirebaseCore (= 4.0.0)
  - FirebaseAnalytics (4.0.0):
    - FirebaseCore (~> 4.0)
    - FirebaseInstanceID (~> 2.0)
    - GoogleToolboxForMac/NSData+zlib (~> 2.1)
  - FirebaseCore (4.0.0):
    - GoogleToolboxForMac/NSData+zlib (~> 2.1)
  - FirebaseInstanceID (2.0.0):
    - FirebaseCore (~> 4.0)
  - GoogleToolboxForMac/Defines (2.1.1)
  - GoogleToolboxForMac/NSData+zlib (2.1.1):
    - GoogleToolboxForMac/Defines (= 2.1.1)
  - Kakapo (2.1.0)
  - PKMultipartInputStream (1.3.0)
  - SAMTextView (0.2.2)
  - SDWebImage (3.7.6):
    - SDWebImage/Core (= 3.7.6)
  - SDWebImage/Core (3.7.6)
  - ShareKit/Core (5.0.0):
    - PKMultipartInputStream
    - SAMTextView (~> 0.2.1)
    - SDWebImage (~> 3.7)
    - ShareKit/Reachability
    - SSKeychain (~> 1.2.2)
    - UIActivityIndicator-for-SDWebImage (~> 1.2)
  - ShareKit/Facebook (5.0.0):
    - Facebook-iOS-SDK (~> 3.0)
    - ShareKit/Core
  - ShareKit/Reachability (5.0.0)
  - ShareKit/Twitter (5.0.0):
    - ShareKit/Core
  - SSKeychain (1.2.3)
  - SwiftyJSON (3.1.4)
  - TTTAttributedLabel (1.13.4)
  - UIActivityIndicator-for-SDWebImage (1.2):
    - SDWebImage (~> 3.7)
  - youtube-ios-player-helper (0.1.6)

DEPENDENCIES:
  - Firebase/Core (~> 4.0)
  - Kakapo (~> 2.1.0)
  - SDWebImage (~> 3.7.5)
  - ShareKit/Facebook (from `https://github.com/joanromano/ShareKit.git`)
  - ShareKit/Twitter (from `https://github.com/joanromano/ShareKit.git`)
  - SwiftyJSON (~> 3.1.0)
  - TTTAttributedLabel (~> 1.13.3)
  - youtube-ios-player-helper (~> 0.1.4)

EXTERNAL SOURCES:
  ShareKit:
    :git: https://github.com/joanromano/ShareKit.git

CHECKOUT OPTIONS:
  ShareKit:
    :commit: 851c73bc9510f995b7e6132b65e0a3de129515c7
    :git: https://github.com/joanromano/ShareKit.git

SPEC CHECKSUMS:
  Bolts: 8a7995239dbe724f9cba2248b766d48b7ebdd322
  Facebook-iOS-SDK: 5a7c414a084708220b72d5fd016f2cf3eb6deda4
  Firebase: 284eea779b73fdff309791817da7c68bff8dd572
  FirebaseAnalytics: 6f08e746f7d66f5452931bc2e822b5df9c66b64a
  FirebaseCore: 85ad466044c2f013cdb167f85d426d15b128114a
  FirebaseInstanceID: 9fbf536668f4d3f0880e7438456dabd1376e294b
  GoogleToolboxForMac: 8e329f1b599f2512c6b10676d45736bcc2cbbeb0
  Kakapo: a30b8f6ce2ce17eec2d441df923a2af0ec5f538f
  PKMultipartInputStream: 933bc09492f3f8af47abbc4baaf583d49fba1d45
  SAMTextView: 979c43bb1fa5859ddfbfeb35e9c296a2b0ec55fd
  SDWebImage: c325cf02c30337336b95beff20a13df489ec0ec9
  ShareKit: da7ef0875def56511cb5a7f82598d4a932ac9c6c
  SSKeychain: 3f42991739c6c60a9cf1bbd4dff6c0d3694bcf3d
  SwiftyJSON: c2842d878f95482ffceec5709abc3d05680c0220
  TTTAttributedLabel: 0a2ac7b2dd726d32a070dafb01446026b11e624f
  UIActivityIndicator-for-SDWebImage: 7bf7ebbf0ed1747dedc0d6e949c4603a6d0f9e0c
  youtube-ios-player-helper: 21ab92db027c7ff86cb17a3843a3f6eafc8158d2

PODFILE CHECKSUM: e3ec7f7342e081bfcfb98f2941eacf0e2aa3c832

COCOAPODS: 1.2.1
