// !$*UTF8*$!
{
	archiveVersion = 1;
	classes = {
	};
	objectVersion = 46;
	objects = {

/* Begin PBXBuildFile section */
		7EF383E88B1795BBAB4F22B6 /* libPods.a in Frameworks */ = {isa = PBXBuildFile; fileRef = 84A16C10B0399F8FF5C50C3F /* libPods.a */; };
		8C04EF4918CB8F09008FBC9B /* Foundation.framework in Frameworks */ = {isa = PBXBuildFile; fileRef = 8C04EF4818CB8F09008FBC9B /* Foundation.framework */; };
		8C04EF4B18CB8F09008FBC9B /* CoreGraphics.framework in Frameworks */ = {isa = PBXBuildFile; fileRef = 8C04EF4A18CB8F09008FBC9B /* CoreGraphics.framework */; };
		8C04EF4D18CB8F09008FBC9B /* UIKit.framework in Frameworks */ = {isa = PBXBuildFile; fileRef = 8C04EF4C18CB8F09008FBC9B /* UIKit.framework */; };
		8C04EF5318CB8F09008FBC9B /* InfoPlist.strings in Resources */ = {isa = PBXBuildFile; fileRef = 8C04EF5118CB8F09008FBC9B /* InfoPlist.strings */; };
		8C04EF5518CB8F09008FBC9B /* main.m in Sources */ = {isa = PBXBuildFile; fileRef = 8C04EF5418CB8F09008FBC9B /* main.m */; };
		8C04EF5918CB8F09008FBC9B /* CADAppDelegate.m in Sources */ = {isa = PBXBuildFile; fileRef = 8C04EF5818CB8F09008FBC9B /* CADAppDelegate.m */; };
		8C04EF5B18CB8F09008FBC9B /* Images.xcassets in Resources */ = {isa = PBXBuildFile; fileRef = 8C04EF5A18CB8F09008FBC9B /* Images.xcassets */; };
		8C04EF7C18CB9341008FBC9B /* CADRootViewController.m in Sources */ = {isa = PBXBuildFile; fileRef = 8C04EF7B18CB9341008FBC9B /* CADRootViewController.m */; };
		8C04EF8418CB9353008FBC9B /* UIView+AutoLayout.m in Sources */ = {isa = PBXBuildFile; fileRef = 8C04EF7F18CB9353008FBC9B /* UIView+AutoLayout.m */; };
		8C04EF8518CB9353008FBC9B /* UIView+CADAdditions.m in Sources */ = {isa = PBXBuildFile; fileRef = 8C04EF8118CB9353008FBC9B /* UIView+CADAdditions.m */; };
		8C04EF8B18CB9408008FBC9B /* CADEMArtistsViewController.xib in Resources */ = {isa = PBXBuildFile; fileRef = 8C04EF8918CB9408008FBC9B /* CADEMArtistsViewController.xib */; };
		8C04EF9718CBCF50008FBC9B /* CADBaseModel.m in Sources */ = {isa = PBXBuildFile; fileRef = 8C04EF9618CBCF50008FBC9B /* CADBaseModel.m */; };
		8C04EF9A18CBD051008FBC9B /* CADEMArtist.m in Sources */ = {isa = PBXBuildFile; fileRef = 8C04EF9918CBD051008FBC9B /* CADEMArtist.m */; };
		8C1FF3141B03990A00078E15 /* SwiftyJSON.swift in Sources */ = {isa = PBXBuildFile; fileRef = 8C1FF3131B03990A00078E15 /* SwiftyJSON.swift */; };
		8C1FF3351B03AAFC00078E15 /* Alamofire.swift in Sources */ = {isa = PBXBuildFile; fileRef = 8C1FF32D1B03AAFC00078E15 /* Alamofire.swift */; };
		8C1FF3361B03AAFC00078E15 /* Download.swift in Sources */ = {isa = PBXBuildFile; fileRef = 8C1FF32E1B03AAFC00078E15 /* Download.swift */; };
		8C1FF3371B03AAFC00078E15 /* Manager.swift in Sources */ = {isa = PBXBuildFile; fileRef = 8C1FF32F1B03AAFC00078E15 /* Manager.swift */; };
		8C1FF3381B03AAFC00078E15 /* ParameterEncoding.swift in Sources */ = {isa = PBXBuildFile; fileRef = 8C1FF3301B03AAFC00078E15 /* ParameterEncoding.swift */; };
		8C1FF3391B03AAFC00078E15 /* Request.swift in Sources */ = {isa = PBXBuildFile; fileRef = 8C1FF3311B03AAFC00078E15 /* Request.swift */; };
		8C1FF33A1B03AAFC00078E15 /* ResponseSerialization.swift in Sources */ = {isa = PBXBuildFile; fileRef = 8C1FF3321B03AAFC00078E15 /* ResponseSerialization.swift */; };
		8C1FF33B1B03AAFC00078E15 /* Upload.swift in Sources */ = {isa = PBXBuildFile; fileRef = 8C1FF3331B03AAFC00078E15 /* Upload.swift */; };
		8C1FF33C1B03AAFC00078E15 /* Validation.swift in Sources */ = {isa = PBXBuildFile; fileRef = 8C1FF3341B03AAFC00078E15 /* Validation.swift */; };
		8C1FF3401B03C9EF00078E15 /* CADEMMenuViewModel.swift in Sources */ = {isa = PBXBuildFile; fileRef = 8C1FF33F1B03C9EF00078E15 /* CADEMMenuViewModel.swift */; };
		8C1FF3421B03CC2900078E15 /* CADEMViewModelCollectionDelegateSwift.swift in Sources */ = {isa = PBXBuildFile; fileRef = 8C1FF3411B03CC2900078E15 /* CADEMViewModelCollectionDelegateSwift.swift */; };
		8C1FF3461B03F7C400078E15 /* CADArrayDataSourceSwift.swift in Sources */ = {isa = PBXBuildFile; fileRef = 8C1FF3451B03F7C400078E15 /* CADArrayDataSourceSwift.swift */; };
		8C1FF34C1B04CD1D00078E15 /* CADEMTicketsViewController.swift in Sources */ = {isa = PBXBuildFile; fileRef = 8C1FF34B1B04CD1D00078E15 /* CADEMTicketsViewController.swift */; };
		8C1FF34E1B04CDB700078E15 /* CADRootViewControllerSwift.swift in Sources */ = {isa = PBXBuildFile; fileRef = 8C1FF34D1B04CDB700078E15 /* CADRootViewControllerSwift.swift */; };
		8C23D60918FAD6FC00B3C106 /* info1.jpg in Resources */ = {isa = PBXBuildFile; fileRef = 8C23D60518FAD6FC00B3C106 /* info1.jpg */; };
		8C23D60A18FAD6FC00B3C106 /* info2.jpg in Resources */ = {isa = PBXBuildFile; fileRef = 8C23D60618FAD6FC00B3C106 /* info2.jpg */; };
		8C23D60B18FAD6FC00B3C106 /* info3.jpg in Resources */ = {isa = PBXBuildFile; fileRef = 8C23D60718FAD6FC00B3C106 /* info3.jpg */; };
		8C23D60C18FAD6FC00B3C106 /* info4.jpg in Resources */ = {isa = PBXBuildFile; fileRef = 8C23D60818FAD6FC00B3C106 /* info4.jpg */; };
		8C23D60F18FAD7EB00B3C106 /* CADEMInfoCollectionViewCell.m in Sources */ = {isa = PBXBuildFile; fileRef = 8C23D60E18FAD7EB00B3C106 /* CADEMInfoCollectionViewCell.m */; };
		8C23D61118FAD7FE00B3C106 /* CADEMInfoCollectionViewCell.xib in Resources */ = {isa = PBXBuildFile; fileRef = 8C23D61018FAD7FE00B3C106 /* CADEMInfoCollectionViewCell.xib */; };
		8C23D61418FAD95600B3C106 /* CADEMInfoHeaderView.m in Sources */ = {isa = PBXBuildFile; fileRef = 8C23D61318FAD95600B3C106 /* CADEMInfoHeaderView.m */; };
		8C23D61618FAD96600B3C106 /* CADEMInfoHeaderView.xib in Resources */ = {isa = PBXBuildFile; fileRef = 8C23D61518FAD96600B3C106 /* CADEMInfoHeaderView.xib */; };
		8C23D61918FAE46C00B3C106 /* CADEMInfoFlowLayout.m in Sources */ = {isa = PBXBuildFile; fileRef = 8C23D61818FAE46C00B3C106 /* CADEMInfoFlowLayout.m */; };
		8C23D62618FB001F00B3C106 /* 58x58.png in Resources */ = {isa = PBXBuildFile; fileRef = 8C23D61E18FB001F00B3C106 /* 58x58.png */; };
		8C23D62818FB001F00B3C106 /* 80x80.png in Resources */ = {isa = PBXBuildFile; fileRef = 8C23D62018FB001F00B3C106 /* 80x80.png */; };
		8C23D62918FB001F00B3C106 /* 120x120.png in Resources */ = {isa = PBXBuildFile; fileRef = 8C23D62118FB001F00B3C106 /* 120x120.png */; };
		8C35AE081B0105C30014331F /* CADEMArtistService.swift in Sources */ = {isa = PBXBuildFile; fileRef = 8C35AE071B0105C30014331F /* CADEMArtistService.swift */; };
		8C4BC4431AFBC48700215DED /* Embassa_t_Tests.m in Sources */ = {isa = PBXBuildFile; fileRef = 8C4BC4421AFBC48700215DED /* Embassa_t_Tests.m */; };
		8C6BCB3A1B0A8F80000E019F /* apercu_medium.otf in Resources */ = {isa = PBXBuildFile; fileRef = 8C6BCB381B0A8F80000E019F /* apercu_medium.otf */; };
		8C6BCB3B1B0A8F80000E019F /* noe-display-bold.otf in Resources */ = {isa = PBXBuildFile; fileRef = 8C6BCB391B0A8F80000E019F /* noe-display-bold.otf */; };
		8C774F5F192D682B000D5062 /* CADEMTicketsViewController.xib in Resources */ = {isa = PBXBuildFile; fileRef = 8C774F5E192D682B000D5062 /* CADEMTicketsViewController.xib */; };
		8C774F71192EC0B9000D5062 /* Default-568h@2x.png in Resources */ = {isa = PBXBuildFile; fileRef = 8C774F6F192EC0B9000D5062 /* Default-568h@2x.png */; };
		8C774F72192EC0B9000D5062 /* Default@2x.png in Resources */ = {isa = PBXBuildFile; fileRef = 8C774F70192EC0B9000D5062 /* Default@2x.png */; };
		8C774F74192EC39A000D5062 /* Default.png in Resources */ = {isa = PBXBuildFile; fileRef = 8C774F73192EC39A000D5062 /* Default.png */; };
		8C774F7719309A22000D5062 /* UIColor+EMAdditions.m in Sources */ = {isa = PBXBuildFile; fileRef = 8C774F7619309A22000D5062 /* UIColor+EMAdditions.m */; };
		8C774F7A1930DF8E000D5062 /* NSDate+EMAdditions.m in Sources */ = {isa = PBXBuildFile; fileRef = 8C774F791930DF8E000D5062 /* NSDate+EMAdditions.m */; };
		8C8BA6CF1B06758000896D11 /* CADEMArtistParser.swift in Sources */ = {isa = PBXBuildFile; fileRef = 8C8BA6CE1B06758000896D11 /* CADEMArtistParser.swift */; };
		8C8BA6D11B07800600896D11 /* CADEMRootViewControllerSwift.swift in Sources */ = {isa = PBXBuildFile; fileRef = 8C8BA6D01B07800600896D11 /* CADEMRootViewControllerSwift.swift */; };
		8C8BA6D71B07AE0400896D11 /* CADEMExtrasViewController.swift in Sources */ = {isa = PBXBuildFile; fileRef = 8C8BA6D61B07AE0400896D11 /* CADEMExtrasViewController.swift */; };
		8C8BA6E91B07BE1600896D11 /* CADEMArtistsViewController.swift in Sources */ = {isa = PBXBuildFile; fileRef = 8C8BA6E81B07BE1600896D11 /* CADEMArtistsViewController.swift */; };
		8C8BA6EB1B08C33900896D11 /* CADEMArtistsViewModel.swift in Sources */ = {isa = PBXBuildFile; fileRef = 8C8BA6EA1B08C33900896D11 /* CADEMArtistsViewModel.swift */; };
		8C8BA6ED1B08D41100896D11 /* CADEMArtistDetailViewModel.swift in Sources */ = {isa = PBXBuildFile; fileRef = 8C8BA6EC1B08D41100896D11 /* CADEMArtistDetailViewModel.swift */; };
		8C8BA6EF1B08DF8E00896D11 /* CADEMArtistDetailViewController.swift in Sources */ = {isa = PBXBuildFile; fileRef = 8C8BA6EE1B08DF8E00896D11 /* CADEMArtistDetailViewController.swift */; };
		8C8BA6F51B08F36200896D11 /* CADEMShareKitConfigurator.m in Sources */ = {isa = PBXBuildFile; fileRef = 8C8BA6F41B08F36200896D11 /* CADEMShareKitConfigurator.m */; };
		8C8D83B31B0BBFB600CD8CA4 /* UICollectionViewFlowLayout+EMAdditions.m in Sources */ = {isa = PBXBuildFile; fileRef = 8C8D83B21B0BBFB600CD8CA4 /* UICollectionViewFlowLayout+EMAdditions.m */; };
		8C8D83B71B0BC40300CD8CA4 /* CADEMMenuCollectionViewCell.m in Sources */ = {isa = PBXBuildFile; fileRef = 8C8D83B51B0BC40300CD8CA4 /* CADEMMenuCollectionViewCell.m */; };
		8C8D83B81B0BC40300CD8CA4 /* CADEMMenuCollectionViewCell.xib in Resources */ = {isa = PBXBuildFile; fileRef = 8C8D83B61B0BC40300CD8CA4 /* CADEMMenuCollectionViewCell.xib */; };
		8C8D83BC1B0BC45D00CD8CA4 /* CADEMArtistCollectionViewCell.m in Sources */ = {isa = PBXBuildFile; fileRef = 8C8D83BA1B0BC45D00CD8CA4 /* CADEMArtistCollectionViewCell.m */; };
		8C8D83BD1B0BC45D00CD8CA4 /* CADEMArtistCollectionViewCell.xib in Resources */ = {isa = PBXBuildFile; fileRef = 8C8D83BB1B0BC45D00CD8CA4 /* CADEMArtistCollectionViewCell.xib */; };
		8C8D83C81B0E2E2000CD8CA4 /* left@2x.png in Resources */ = {isa = PBXBuildFile; fileRef = 8C8D83C41B0E2E2000CD8CA4 /* left@2x.png */; };
		8C8D83C91B0E2E2000CD8CA4 /* loading.jpg in Resources */ = {isa = PBXBuildFile; fileRef = 8C8D83C51B0E2E2000CD8CA4 /* loading.jpg */; };
		8C8D83CA1B0E2E2000CD8CA4 /* right@2x.png in Resources */ = {isa = PBXBuildFile; fileRef = 8C8D83C61B0E2E2000CD8CA4 /* right@2x.png */; };
		8C8D83CB1B0E2E2000CD8CA4 /* share@2x.png in Resources */ = {isa = PBXBuildFile; fileRef = 8C8D83C71B0E2E2000CD8CA4 /* share@2x.png */; };
		8C8D83CD1B0E482C00CD8CA4 /* fav@2x.png in Resources */ = {isa = PBXBuildFile; fileRef = 8C8D83CC1B0E482C00CD8CA4 /* fav@2x.png */; };
		8CA0CE821B038E3E00BC04B0 /* CADEMArtistSwift.swift in Sources */ = {isa = PBXBuildFile; fileRef = 8CA0CE811B038E3E00BC04B0 /* CADEMArtistSwift.swift */; };
		8CA1D4131947CC0B0095067C /* EventKit.framework in Frameworks */ = {isa = PBXBuildFile; fileRef = 8CA1D4121947CC0B0095067C /* EventKit.framework */; };
		8CA1D41D1948FAAE0095067C /* CADEMExtrasViewController.xib in Resources */ = {isa = PBXBuildFile; fileRef = 8CA1D41B1948FAAE0095067C /* CADEMExtrasViewController.xib */; };
		8CA8703A18CC835300A845DD /* CADRootCollectionViewCell.m in Sources */ = {isa = PBXBuildFile; fileRef = 8CA8703918CC835300A845DD /* CADRootCollectionViewCell.m */; };
		8CAABD5A18E37162005431B9 /* CADEMArtistDetailViewController.xib in Resources */ = {isa = PBXBuildFile; fileRef = 8CAABD5818E37162005431B9 /* CADEMArtistDetailViewController.xib */; };
		8CABA0D318E4DF5200118FFA /* UIFont+EMAdditions.m in Sources */ = {isa = PBXBuildFile; fileRef = 8CABA0D218E4DF5200118FFA /* UIFont+EMAdditions.m */; };
		8CABA0D618E4E49800118FFA /* NSString+EMAdditions.m in Sources */ = {isa = PBXBuildFile; fileRef = 8CABA0D518E4E49800118FFA /* NSString+EMAdditions.m */; };
		8CAE0F6E18DE0D46009F110C /* CADArrayDataSource.m in Sources */ = {isa = PBXBuildFile; fileRef = 8CAE0F6D18DE0D46009F110C /* CADArrayDataSource.m */; };
		8CAEB33C192BF7AB0017CF29 /* CADEMScheduleViewController.m in Sources */ = {isa = PBXBuildFile; fileRef = 8CAEB33A192BF7AB0017CF29 /* CADEMScheduleViewController.m */; };
		8CAEB33D192BF7AB0017CF29 /* CADEMScheduleViewController.xib in Resources */ = {isa = PBXBuildFile; fileRef = 8CAEB33B192BF7AB0017CF29 /* CADEMScheduleViewController.xib */; };
		8CAEB340192BF7F00017CF29 /* CADEMScheduleViewModel.m in Sources */ = {isa = PBXBuildFile; fileRef = 8CAEB33F192BF7F00017CF29 /* CADEMScheduleViewModel.m */; };
		8CAEB343192BF9F20017CF29 /* CADEMScheduleCollectionViewCell.m in Sources */ = {isa = PBXBuildFile; fileRef = 8CAEB342192BF9F20017CF29 /* CADEMScheduleCollectionViewCell.m */; };
		8CAEB345192BFA060017CF29 /* CADEMScheduleCollectionViewCell.xib in Resources */ = {isa = PBXBuildFile; fileRef = 8CAEB344192BFA060017CF29 /* CADEMScheduleCollectionViewCell.xib */; };
		8CAEB348192BFF180017CF29 /* CADEMScheduleHeaderView.m in Sources */ = {isa = PBXBuildFile; fileRef = 8CAEB347192BFF180017CF29 /* CADEMScheduleHeaderView.m */; };
		8CAEB34A192BFF2A0017CF29 /* CADEMScheduleHeaderView.xib in Resources */ = {isa = PBXBuildFile; fileRef = 8CAEB349192BFF2A0017CF29 /* CADEMScheduleHeaderView.xib */; };
		8CAEB34D192C0C630017CF29 /* NSLayoutConstraint+ConstraintMatching.m in Sources */ = {isa = PBXBuildFile; fileRef = 8CAEB34C192C0C630017CF29 /* NSLayoutConstraint+ConstraintMatching.m */; };
		8CB1B5C71B11FDDD00D1A477 /* CADEMStore.swift in Sources */ = {isa = PBXBuildFile; fileRef = 8CB1B5C61B11FDDD00D1A477 /* CADEMStore.swift */; };
		8CB6C69318E8B3D6008D19FE /* CADEMInfoViewController.m in Sources */ = {isa = PBXBuildFile; fileRef = 8CB6C69118E8B3D6008D19FE /* CADEMInfoViewController.m */; };
		8CB6C69418E8B3D6008D19FE /* CADEMInfoViewController.xib in Resources */ = {isa = PBXBuildFile; fileRef = 8CB6C69218E8B3D6008D19FE /* CADEMInfoViewController.xib */; };
		8CB6C69718E8B5CD008D19FE /* CADEMInfoViewModel.m in Sources */ = {isa = PBXBuildFile; fileRef = 8CB6C69618E8B5CD008D19FE /* CADEMInfoViewModel.m */; };
		8CB6C69A18E8B919008D19FE /* info_cover.png in Resources */ = {isa = PBXBuildFile; fileRef = 8CB6C69818E8B919008D19FE /* info_cover.png */; };
		8CB6C69B18E8B919008D19FE /* info_cover@2x.png in Resources */ = {isa = PBXBuildFile; fileRef = 8CB6C69918E8B919008D19FE /* info_cover@2x.png */; };
		8CCA1B8518FC718900B0C60C /* CADEMMapViewController.m in Sources */ = {isa = PBXBuildFile; fileRef = 8CCA1B8318FC718900B0C60C /* CADEMMapViewController.m */; };
		8CCA1B8618FC718900B0C60C /* CADEMMapViewController.xib in Resources */ = {isa = PBXBuildFile; fileRef = 8CCA1B8418FC718900B0C60C /* CADEMMapViewController.xib */; };
		8CCA1B8918FC71A400B0C60C /* CADEMMapViewModel.m in Sources */ = {isa = PBXBuildFile; fileRef = 8CCA1B8818FC71A400B0C60C /* CADEMMapViewModel.m */; };
		8CDBF19418DDB916002C6E50 /* CADEMRootViewController.m in Sources */ = {isa = PBXBuildFile; fileRef = 8CDBF19318DDB916002C6E50 /* CADEMRootViewController.m */; };
		8CDBF19B18DDBE96002C6E50 /* CADEMRootNavigationController.m in Sources */ = {isa = PBXBuildFile; fileRef = 8CDBF19A18DDBE96002C6E50 /* CADEMRootNavigationController.m */; };
		8CDBF19F18DDC3DB002C6E50 /* CADEMMenuViewController.m in Sources */ = {isa = PBXBuildFile; fileRef = 8CDBF19D18DDC3DB002C6E50 /* CADEMMenuViewController.m */; };
		8CDBF1A018DDC3DB002C6E50 /* CADEMMenuViewController.xib in Resources */ = {isa = PBXBuildFile; fileRef = 8CDBF19E18DDC3DB002C6E50 /* CADEMMenuViewController.xib */; };
		8CEF6825193BDD120001B801 /* chevron.png in Resources */ = {isa = PBXBuildFile; fileRef = 8CEF6823193BDD120001B801 /* chevron.png */; };
		8CEF6826193BDD120001B801 /* chevron@2x.png in Resources */ = {isa = PBXBuildFile; fileRef = 8CEF6824193BDD120001B801 /* chevron@2x.png */; };
/* End PBXBuildFile section */

/* Begin PBXContainerItemProxy section */
		8C4BC4441AFBC48700215DED /* PBXContainerItemProxy */ = {
			isa = PBXContainerItemProxy;
			containerPortal = 8C04EF3D18CB8F09008FBC9B /* Project object */;
			proxyType = 1;
			remoteGlobalIDString = 8C04EF4418CB8F09008FBC9B;
			remoteInfo = "Embassa't";
		};
/* End PBXContainerItemProxy section */

/* Begin PBXFileReference section */
		277C6F1D0A9003401A9C907C /* Pods.debug.xcconfig */ = {isa = PBXFileReference; includeInIndex = 1; lastKnownFileType = text.xcconfig; name = Pods.debug.xcconfig; path = "Pods/Target Support Files/Pods/Pods.debug.xcconfig"; sourceTree = "<group>"; };
		84A16C10B0399F8FF5C50C3F /* libPods.a */ = {isa = PBXFileReference; explicitFileType = archive.ar; includeInIndex = 0; path = libPods.a; sourceTree = BUILT_PRODUCTS_DIR; };
		8C04EF4518CB8F09008FBC9B /* Embassa't.app */ = {isa = PBXFileReference; explicitFileType = wrapper.application; includeInIndex = 0; path = "Embassa't.app"; sourceTree = BUILT_PRODUCTS_DIR; };
		8C04EF4818CB8F09008FBC9B /* Foundation.framework */ = {isa = PBXFileReference; lastKnownFileType = wrapper.framework; name = Foundation.framework; path = System/Library/Frameworks/Foundation.framework; sourceTree = SDKROOT; };
		8C04EF4A18CB8F09008FBC9B /* CoreGraphics.framework */ = {isa = PBXFileReference; lastKnownFileType = wrapper.framework; name = CoreGraphics.framework; path = System/Library/Frameworks/CoreGraphics.framework; sourceTree = SDKROOT; };
		8C04EF4C18CB8F09008FBC9B /* UIKit.framework */ = {isa = PBXFileReference; lastKnownFileType = wrapper.framework; name = UIKit.framework; path = System/Library/Frameworks/UIKit.framework; sourceTree = SDKROOT; };
		8C04EF5018CB8F09008FBC9B /* Embassa't-Info.plist */ = {isa = PBXFileReference; lastKnownFileType = text.plist.xml; path = "Embassa't-Info.plist"; sourceTree = "<group>"; };
		8C04EF5218CB8F09008FBC9B /* en */ = {isa = PBXFileReference; lastKnownFileType = text.plist.strings; name = en; path = en.lproj/InfoPlist.strings; sourceTree = "<group>"; };
		8C04EF5418CB8F09008FBC9B /* main.m */ = {isa = PBXFileReference; lastKnownFileType = sourcecode.c.objc; path = main.m; sourceTree = "<group>"; };
		8C04EF5618CB8F09008FBC9B /* Embassa't-Prefix.pch */ = {isa = PBXFileReference; lastKnownFileType = sourcecode.c.h; path = "Embassa't-Prefix.pch"; sourceTree = "<group>"; };
		8C04EF5718CB8F09008FBC9B /* CADAppDelegate.h */ = {isa = PBXFileReference; lastKnownFileType = sourcecode.c.h; path = CADAppDelegate.h; sourceTree = "<group>"; };
		8C04EF5818CB8F09008FBC9B /* CADAppDelegate.m */ = {isa = PBXFileReference; lastKnownFileType = sourcecode.c.objc; path = CADAppDelegate.m; sourceTree = "<group>"; };
		8C04EF5A18CB8F09008FBC9B /* Images.xcassets */ = {isa = PBXFileReference; lastKnownFileType = folder.assetcatalog; path = Images.xcassets; sourceTree = "<group>"; };
		8C04EF6118CB8F09008FBC9B /* XCTest.framework */ = {isa = PBXFileReference; lastKnownFileType = wrapper.framework; name = XCTest.framework; path = Library/Frameworks/XCTest.framework; sourceTree = DEVELOPER_DIR; };
		8C04EF6918CB8F09008FBC9B /* Embassa'tTests-Info.plist */ = {isa = PBXFileReference; lastKnownFileType = text.plist.xml; path = "Embassa'tTests-Info.plist"; sourceTree = "<group>"; };
		8C04EF6B18CB8F09008FBC9B /* en */ = {isa = PBXFileReference; lastKnownFileType = text.plist.strings; name = en; path = en.lproj/InfoPlist.strings; sourceTree = "<group>"; };
		8C04EF6D18CB8F09008FBC9B /* EmbassatTests.m */ = {isa = PBXFileReference; lastKnownFileType = sourcecode.c.objc; path = EmbassatTests.m; sourceTree = "<group>"; };
		8C04EF7A18CB9341008FBC9B /* CADRootViewController.h */ = {isa = PBXFileReference; fileEncoding = 4; lastKnownFileType = sourcecode.c.h; path = CADRootViewController.h; sourceTree = "<group>"; };
		8C04EF7B18CB9341008FBC9B /* CADRootViewController.m */ = {isa = PBXFileReference; fileEncoding = 4; lastKnownFileType = sourcecode.c.objc; path = CADRootViewController.m; sourceTree = "<group>"; };
		8C04EF7E18CB9353008FBC9B /* UIView+AutoLayout.h */ = {isa = PBXFileReference; fileEncoding = 4; lastKnownFileType = sourcecode.c.h; path = "UIView+AutoLayout.h"; sourceTree = "<group>"; };
		8C04EF7F18CB9353008FBC9B /* UIView+AutoLayout.m */ = {isa = PBXFileReference; fileEncoding = 4; lastKnownFileType = sourcecode.c.objc; path = "UIView+AutoLayout.m"; sourceTree = "<group>"; };
		8C04EF8018CB9353008FBC9B /* UIView+CADAdditions.h */ = {isa = PBXFileReference; fileEncoding = 4; lastKnownFileType = sourcecode.c.h; path = "UIView+CADAdditions.h"; sourceTree = "<group>"; };
		8C04EF8118CB9353008FBC9B /* UIView+CADAdditions.m */ = {isa = PBXFileReference; fileEncoding = 4; lastKnownFileType = sourcecode.c.objc; path = "UIView+CADAdditions.m"; sourceTree = "<group>"; };
		8C04EF8218CB9353008FBC9B /* UIViewController+Private.h */ = {isa = PBXFileReference; fileEncoding = 4; lastKnownFileType = sourcecode.c.h; path = "UIViewController+Private.h"; sourceTree = "<group>"; };
		8C04EF8918CB9408008FBC9B /* CADEMArtistsViewController.xib */ = {isa = PBXFileReference; fileEncoding = 4; lastKnownFileType = file.xib; path = CADEMArtistsViewController.xib; sourceTree = "<group>"; };
		8C04EF9518CBCF50008FBC9B /* CADBaseModel.h */ = {isa = PBXFileReference; fileEncoding = 4; lastKnownFileType = sourcecode.c.h; name = CADBaseModel.h; path = Model/CADBaseModel.h; sourceTree = "<group>"; };
		8C04EF9618CBCF50008FBC9B /* CADBaseModel.m */ = {isa = PBXFileReference; fileEncoding = 4; lastKnownFileType = sourcecode.c.objc; name = CADBaseModel.m; path = Model/CADBaseModel.m; sourceTree = "<group>"; };
		8C04EF9818CBD051008FBC9B /* CADEMArtist.h */ = {isa = PBXFileReference; fileEncoding = 4; lastKnownFileType = sourcecode.c.h; name = CADEMArtist.h; path = Model/CADEMArtist.h; sourceTree = "<group>"; };
		8C04EF9918CBD051008FBC9B /* CADEMArtist.m */ = {isa = PBXFileReference; fileEncoding = 4; lastKnownFileType = sourcecode.c.objc; name = CADEMArtist.m; path = Model/CADEMArtist.m; sourceTree = "<group>"; };
		8C1FF3131B03990A00078E15 /* SwiftyJSON.swift */ = {isa = PBXFileReference; fileEncoding = 4; lastKnownFileType = sourcecode.swift; name = SwiftyJSON.swift; path = Services/SwiftyJSON.swift; sourceTree = "<group>"; };
		8C1FF32D1B03AAFC00078E15 /* Alamofire.swift */ = {isa = PBXFileReference; fileEncoding = 4; lastKnownFileType = sourcecode.swift; name = Alamofire.swift; path = Services/Alamofire/Alamofire.swift; sourceTree = "<group>"; };
		8C1FF32E1B03AAFC00078E15 /* Download.swift */ = {isa = PBXFileReference; fileEncoding = 4; lastKnownFileType = sourcecode.swift; name = Download.swift; path = Services/Alamofire/Download.swift; sourceTree = "<group>"; };
		8C1FF32F1B03AAFC00078E15 /* Manager.swift */ = {isa = PBXFileReference; fileEncoding = 4; lastKnownFileType = sourcecode.swift; name = Manager.swift; path = Services/Alamofire/Manager.swift; sourceTree = "<group>"; };
		8C1FF3301B03AAFC00078E15 /* ParameterEncoding.swift */ = {isa = PBXFileReference; fileEncoding = 4; lastKnownFileType = sourcecode.swift; name = ParameterEncoding.swift; path = Services/Alamofire/ParameterEncoding.swift; sourceTree = "<group>"; };
		8C1FF3311B03AAFC00078E15 /* Request.swift */ = {isa = PBXFileReference; fileEncoding = 4; lastKnownFileType = sourcecode.swift; name = Request.swift; path = Services/Alamofire/Request.swift; sourceTree = "<group>"; };
		8C1FF3321B03AAFC00078E15 /* ResponseSerialization.swift */ = {isa = PBXFileReference; fileEncoding = 4; lastKnownFileType = sourcecode.swift; name = ResponseSerialization.swift; path = Services/Alamofire/ResponseSerialization.swift; sourceTree = "<group>"; };
		8C1FF3331B03AAFC00078E15 /* Upload.swift */ = {isa = PBXFileReference; fileEncoding = 4; lastKnownFileType = sourcecode.swift; name = Upload.swift; path = Services/Alamofire/Upload.swift; sourceTree = "<group>"; };
		8C1FF3341B03AAFC00078E15 /* Validation.swift */ = {isa = PBXFileReference; fileEncoding = 4; lastKnownFileType = sourcecode.swift; name = Validation.swift; path = Services/Alamofire/Validation.swift; sourceTree = "<group>"; };
		8C1FF33F1B03C9EF00078E15 /* CADEMMenuViewModel.swift */ = {isa = PBXFileReference; fileEncoding = 4; lastKnownFileType = sourcecode.swift; name = CADEMMenuViewModel.swift; path = Menu/CADEMMenuViewModel.swift; sourceTree = "<group>"; };
		8C1FF3411B03CC2900078E15 /* CADEMViewModelCollectionDelegateSwift.swift */ = {isa = PBXFileReference; fileEncoding = 4; lastKnownFileType = sourcecode.swift; path = CADEMViewModelCollectionDelegateSwift.swift; sourceTree = "<group>"; };
		8C1FF3451B03F7C400078E15 /* CADArrayDataSourceSwift.swift */ = {isa = PBXFileReference; fileEncoding = 4; lastKnownFileType = sourcecode.swift; path = CADArrayDataSourceSwift.swift; sourceTree = "<group>"; };
		8C1FF34B1B04CD1D00078E15 /* CADEMTicketsViewController.swift */ = {isa = PBXFileReference; fileEncoding = 4; lastKnownFileType = sourcecode.swift; name = CADEMTicketsViewController.swift; path = Tickets/CADEMTicketsViewController.swift; sourceTree = "<group>"; };
		8C1FF34D1B04CDB700078E15 /* CADRootViewControllerSwift.swift */ = {isa = PBXFileReference; fileEncoding = 4; lastKnownFileType = sourcecode.swift; path = CADRootViewControllerSwift.swift; sourceTree = "<group>"; };
		8C23D60518FAD6FC00B3C106 /* info1.jpg */ = {isa = PBXFileReference; lastKnownFileType = image.jpeg; path = info1.jpg; sourceTree = "<group>"; };
		8C23D60618FAD6FC00B3C106 /* info2.jpg */ = {isa = PBXFileReference; lastKnownFileType = image.jpeg; path = info2.jpg; sourceTree = "<group>"; };
		8C23D60718FAD6FC00B3C106 /* info3.jpg */ = {isa = PBXFileReference; lastKnownFileType = image.jpeg; path = info3.jpg; sourceTree = "<group>"; };
		8C23D60818FAD6FC00B3C106 /* info4.jpg */ = {isa = PBXFileReference; lastKnownFileType = image.jpeg; path = info4.jpg; sourceTree = "<group>"; };
		8C23D60D18FAD7EB00B3C106 /* CADEMInfoCollectionViewCell.h */ = {isa = PBXFileReference; fileEncoding = 4; lastKnownFileType = sourcecode.c.h; name = CADEMInfoCollectionViewCell.h; path = Info/CADEMInfoCollectionViewCell.h; sourceTree = "<group>"; };
		8C23D60E18FAD7EB00B3C106 /* CADEMInfoCollectionViewCell.m */ = {isa = PBXFileReference; fileEncoding = 4; lastKnownFileType = sourcecode.c.objc; name = CADEMInfoCollectionViewCell.m; path = Info/CADEMInfoCollectionViewCell.m; sourceTree = "<group>"; };
		8C23D61018FAD7FE00B3C106 /* CADEMInfoCollectionViewCell.xib */ = {isa = PBXFileReference; fileEncoding = 4; lastKnownFileType = file.xib; name = CADEMInfoCollectionViewCell.xib; path = Info/CADEMInfoCollectionViewCell.xib; sourceTree = "<group>"; };
		8C23D61218FAD95600B3C106 /* CADEMInfoHeaderView.h */ = {isa = PBXFileReference; fileEncoding = 4; lastKnownFileType = sourcecode.c.h; name = CADEMInfoHeaderView.h; path = Info/CADEMInfoHeaderView.h; sourceTree = "<group>"; };
		8C23D61318FAD95600B3C106 /* CADEMInfoHeaderView.m */ = {isa = PBXFileReference; fileEncoding = 4; lastKnownFileType = sourcecode.c.objc; name = CADEMInfoHeaderView.m; path = Info/CADEMInfoHeaderView.m; sourceTree = "<group>"; };
		8C23D61518FAD96600B3C106 /* CADEMInfoHeaderView.xib */ = {isa = PBXFileReference; fileEncoding = 4; lastKnownFileType = file.xib; name = CADEMInfoHeaderView.xib; path = Info/CADEMInfoHeaderView.xib; sourceTree = "<group>"; };
		8C23D61718FAE46C00B3C106 /* CADEMInfoFlowLayout.h */ = {isa = PBXFileReference; fileEncoding = 4; lastKnownFileType = sourcecode.c.h; name = CADEMInfoFlowLayout.h; path = Info/CADEMInfoFlowLayout.h; sourceTree = "<group>"; };
		8C23D61818FAE46C00B3C106 /* CADEMInfoFlowLayout.m */ = {isa = PBXFileReference; fileEncoding = 4; lastKnownFileType = sourcecode.c.objc; name = CADEMInfoFlowLayout.m; path = Info/CADEMInfoFlowLayout.m; sourceTree = "<group>"; };
		8C23D61E18FB001F00B3C106 /* 58x58.png */ = {isa = PBXFileReference; lastKnownFileType = image.png; path = 58x58.png; sourceTree = "<group>"; };
		8C23D62018FB001F00B3C106 /* 80x80.png */ = {isa = PBXFileReference; lastKnownFileType = image.png; path = 80x80.png; sourceTree = "<group>"; };
		8C23D62118FB001F00B3C106 /* 120x120.png */ = {isa = PBXFileReference; lastKnownFileType = image.png; path = 120x120.png; sourceTree = "<group>"; };
		8C35AE071B0105C30014331F /* CADEMArtistService.swift */ = {isa = PBXFileReference; fileEncoding = 4; lastKnownFileType = sourcecode.swift; name = CADEMArtistService.swift; path = Services/CADEMArtistService.swift; sourceTree = "<group>"; };
		8C4BC43E1AFBC48700215DED /* Embassa't Tests.xctest */ = {isa = PBXFileReference; explicitFileType = wrapper.cfbundle; includeInIndex = 0; path = "Embassa't Tests.xctest"; sourceTree = BUILT_PRODUCTS_DIR; };
		8C4BC4411AFBC48700215DED /* Info.plist */ = {isa = PBXFileReference; lastKnownFileType = text.plist.xml; path = Info.plist; sourceTree = "<group>"; };
		8C4BC4421AFBC48700215DED /* Embassa_t_Tests.m */ = {isa = PBXFileReference; lastKnownFileType = sourcecode.c.objc; path = Embassa_t_Tests.m; sourceTree = "<group>"; };
		8C4BC4491AFBC83B00215DED /* Embassa't-Bridging-Header.h */ = {isa = PBXFileReference; lastKnownFileType = sourcecode.c.h; name = "Embassa't-Bridging-Header.h"; path = "Base/Embassa't-Bridging-Header.h"; sourceTree = "<group>"; };
		8C6BCB381B0A8F80000E019F /* apercu_medium.otf */ = {isa = PBXFileReference; lastKnownFileType = file; path = apercu_medium.otf; sourceTree = "<group>"; };
		8C6BCB391B0A8F80000E019F /* noe-display-bold.otf */ = {isa = PBXFileReference; lastKnownFileType = file; path = "noe-display-bold.otf"; sourceTree = "<group>"; };
		8C774F5E192D682B000D5062 /* CADEMTicketsViewController.xib */ = {isa = PBXFileReference; fileEncoding = 4; lastKnownFileType = file.xib; name = CADEMTicketsViewController.xib; path = Tickets/CADEMTicketsViewController.xib; sourceTree = "<group>"; };
		8C774F6F192EC0B9000D5062 /* Default-568h@2x.png */ = {isa = PBXFileReference; lastKnownFileType = image.png; path = "Default-568h@2x.png"; sourceTree = "<group>"; };
		8C774F70192EC0B9000D5062 /* Default@2x.png */ = {isa = PBXFileReference; lastKnownFileType = image.png; path = "Default@2x.png"; sourceTree = "<group>"; };
		8C774F73192EC39A000D5062 /* Default.png */ = {isa = PBXFileReference; lastKnownFileType = image.png; path = Default.png; sourceTree = "<group>"; };
		8C774F7519309A22000D5062 /* UIColor+EMAdditions.h */ = {isa = PBXFileReference; fileEncoding = 4; lastKnownFileType = sourcecode.c.h; path = "UIColor+EMAdditions.h"; sourceTree = "<group>"; };
		8C774F7619309A22000D5062 /* UIColor+EMAdditions.m */ = {isa = PBXFileReference; fileEncoding = 4; lastKnownFileType = sourcecode.c.objc; path = "UIColor+EMAdditions.m"; sourceTree = "<group>"; };
		8C774F781930DF8E000D5062 /* NSDate+EMAdditions.h */ = {isa = PBXFileReference; fileEncoding = 4; lastKnownFileType = sourcecode.c.h; path = "NSDate+EMAdditions.h"; sourceTree = "<group>"; };
		8C774F791930DF8E000D5062 /* NSDate+EMAdditions.m */ = {isa = PBXFileReference; fileEncoding = 4; lastKnownFileType = sourcecode.c.objc; path = "NSDate+EMAdditions.m"; sourceTree = "<group>"; };
		8C8BA6CE1B06758000896D11 /* CADEMArtistParser.swift */ = {isa = PBXFileReference; fileEncoding = 4; lastKnownFileType = sourcecode.swift; name = CADEMArtistParser.swift; path = Services/CADEMArtistParser.swift; sourceTree = "<group>"; };
		8C8BA6D01B07800600896D11 /* CADEMRootViewControllerSwift.swift */ = {isa = PBXFileReference; fileEncoding = 4; lastKnownFileType = sourcecode.swift; path = CADEMRootViewControllerSwift.swift; sourceTree = "<group>"; };
		8C8BA6D61B07AE0400896D11 /* CADEMExtrasViewController.swift */ = {isa = PBXFileReference; fileEncoding = 4; lastKnownFileType = sourcecode.swift; name = CADEMExtrasViewController.swift; path = Extras/CADEMExtrasViewController.swift; sourceTree = "<group>"; };
		8C8BA6E81B07BE1600896D11 /* CADEMArtistsViewController.swift */ = {isa = PBXFileReference; fileEncoding = 4; lastKnownFileType = sourcecode.swift; path = CADEMArtistsViewController.swift; sourceTree = "<group>"; };
		8C8BA6EA1B08C33900896D11 /* CADEMArtistsViewModel.swift */ = {isa = PBXFileReference; fileEncoding = 4; lastKnownFileType = sourcecode.swift; path = CADEMArtistsViewModel.swift; sourceTree = "<group>"; };
		8C8BA6EC1B08D41100896D11 /* CADEMArtistDetailViewModel.swift */ = {isa = PBXFileReference; fileEncoding = 4; lastKnownFileType = sourcecode.swift; name = CADEMArtistDetailViewModel.swift; path = "Artist Detail/CADEMArtistDetailViewModel.swift"; sourceTree = "<group>"; };
		8C8BA6EE1B08DF8E00896D11 /* CADEMArtistDetailViewController.swift */ = {isa = PBXFileReference; fileEncoding = 4; lastKnownFileType = sourcecode.swift; name = CADEMArtistDetailViewController.swift; path = "Artist Detail/CADEMArtistDetailViewController.swift"; sourceTree = "<group>"; };
		8C8BA6F31B08F36200896D11 /* CADEMShareKitConfigurator.h */ = {isa = PBXFileReference; fileEncoding = 4; lastKnownFileType = sourcecode.c.h; path = CADEMShareKitConfigurator.h; sourceTree = "<group>"; };
		8C8BA6F41B08F36200896D11 /* CADEMShareKitConfigurator.m */ = {isa = PBXFileReference; fileEncoding = 4; lastKnownFileType = sourcecode.c.objc; path = CADEMShareKitConfigurator.m; sourceTree = "<group>"; };
		8C8D83B11B0BBFB600CD8CA4 /* UICollectionViewFlowLayout+EMAdditions.h */ = {isa = PBXFileReference; fileEncoding = 4; lastKnownFileType = sourcecode.c.h; path = "UICollectionViewFlowLayout+EMAdditions.h"; sourceTree = "<group>"; };
		8C8D83B21B0BBFB600CD8CA4 /* UICollectionViewFlowLayout+EMAdditions.m */ = {isa = PBXFileReference; fileEncoding = 4; lastKnownFileType = sourcecode.c.objc; path = "UICollectionViewFlowLayout+EMAdditions.m"; sourceTree = "<group>"; };
		8C8D83B41B0BC40300CD8CA4 /* CADEMMenuCollectionViewCell.h */ = {isa = PBXFileReference; fileEncoding = 4; lastKnownFileType = sourcecode.c.h; name = CADEMMenuCollectionViewCell.h; path = Menu/CADEMMenuCollectionViewCell.h; sourceTree = "<group>"; };
		8C8D83B51B0BC40300CD8CA4 /* CADEMMenuCollectionViewCell.m */ = {isa = PBXFileReference; fileEncoding = 4; lastKnownFileType = sourcecode.c.objc; name = CADEMMenuCollectionViewCell.m; path = Menu/CADEMMenuCollectionViewCell.m; sourceTree = "<group>"; };
		8C8D83B61B0BC40300CD8CA4 /* CADEMMenuCollectionViewCell.xib */ = {isa = PBXFileReference; fileEncoding = 4; lastKnownFileType = file.xib; name = CADEMMenuCollectionViewCell.xib; path = Menu/CADEMMenuCollectionViewCell.xib; sourceTree = "<group>"; };
		8C8D83B91B0BC45D00CD8CA4 /* CADEMArtistCollectionViewCell.h */ = {isa = PBXFileReference; fileEncoding = 4; lastKnownFileType = sourcecode.c.h; path = CADEMArtistCollectionViewCell.h; sourceTree = "<group>"; };
		8C8D83BA1B0BC45D00CD8CA4 /* CADEMArtistCollectionViewCell.m */ = {isa = PBXFileReference; fileEncoding = 4; lastKnownFileType = sourcecode.c.objc; path = CADEMArtistCollectionViewCell.m; sourceTree = "<group>"; };
		8C8D83BB1B0BC45D00CD8CA4 /* CADEMArtistCollectionViewCell.xib */ = {isa = PBXFileReference; fileEncoding = 4; lastKnownFileType = file.xib; path = CADEMArtistCollectionViewCell.xib; sourceTree = "<group>"; };
		8C8D83C41B0E2E2000CD8CA4 /* left@2x.png */ = {isa = PBXFileReference; lastKnownFileType = image.png; path = "left@2x.png"; sourceTree = "<group>"; };
		8C8D83C51B0E2E2000CD8CA4 /* loading.jpg */ = {isa = PBXFileReference; lastKnownFileType = image.jpeg; path = loading.jpg; sourceTree = "<group>"; };
		8C8D83C61B0E2E2000CD8CA4 /* right@2x.png */ = {isa = PBXFileReference; lastKnownFileType = image.png; path = "right@2x.png"; sourceTree = "<group>"; };
		8C8D83C71B0E2E2000CD8CA4 /* share@2x.png */ = {isa = PBXFileReference; lastKnownFileType = image.png; path = "share@2x.png"; sourceTree = "<group>"; };
		8C8D83CC1B0E482C00CD8CA4 /* fav@2x.png */ = {isa = PBXFileReference; lastKnownFileType = image.png; path = "fav@2x.png"; sourceTree = "<group>"; };
		8CA0CE811B038E3E00BC04B0 /* CADEMArtistSwift.swift */ = {isa = PBXFileReference; fileEncoding = 4; lastKnownFileType = sourcecode.swift; name = CADEMArtistSwift.swift; path = Model/CADEMArtistSwift.swift; sourceTree = "<group>"; };
		8CA1D4121947CC0B0095067C /* EventKit.framework */ = {isa = PBXFileReference; lastKnownFileType = wrapper.framework; name = EventKit.framework; path = System/Library/Frameworks/EventKit.framework; sourceTree = SDKROOT; };
		8CA1D41B1948FAAE0095067C /* CADEMExtrasViewController.xib */ = {isa = PBXFileReference; fileEncoding = 4; lastKnownFileType = file.xib; name = CADEMExtrasViewController.xib; path = Extras/CADEMExtrasViewController.xib; sourceTree = "<group>"; };
		8CA8703718CC834300A845DD /* UIView+Private.h */ = {isa = PBXFileReference; fileEncoding = 4; lastKnownFileType = sourcecode.c.h; path = "UIView+Private.h"; sourceTree = "<group>"; };
		8CA8703818CC835300A845DD /* CADRootCollectionViewCell.h */ = {isa = PBXFileReference; fileEncoding = 4; lastKnownFileType = sourcecode.c.h; path = CADRootCollectionViewCell.h; sourceTree = "<group>"; };
		8CA8703918CC835300A845DD /* CADRootCollectionViewCell.m */ = {isa = PBXFileReference; fileEncoding = 4; lastKnownFileType = sourcecode.c.objc; path = CADRootCollectionViewCell.m; sourceTree = "<group>"; };
		8CAABD5818E37162005431B9 /* CADEMArtistDetailViewController.xib */ = {isa = PBXFileReference; fileEncoding = 4; lastKnownFileType = file.xib; name = CADEMArtistDetailViewController.xib; path = "Artist Detail/CADEMArtistDetailViewController.xib"; sourceTree = "<group>"; };
		8CAB95731B0106A3008BE43E /* Alamofire.framework */ = {isa = PBXFileReference; lastKnownFileType = wrapper.framework; name = Alamofire.framework; path = "Pods/../build/Debug-iphoneos/Pods/Alamofire.framework"; sourceTree = "<group>"; };
		8CAB95751B01084A008BE43E /* Alamofire.framework */ = {isa = PBXFileReference; lastKnownFileType = wrapper.framework; name = Alamofire.framework; path = "Pods/../build/Debug-iphoneos/Pods/Alamofire.framework"; sourceTree = "<group>"; };
		8CAB95771B010917008BE43E /* Alamofire.framework */ = {isa = PBXFileReference; lastKnownFileType = wrapper.framework; name = Alamofire.framework; path = "Pods/../build/Debug-iphoneos/Pods/Alamofire.framework"; sourceTree = "<group>"; };
		8CABA0D118E4DF5200118FFA /* UIFont+EMAdditions.h */ = {isa = PBXFileReference; fileEncoding = 4; lastKnownFileType = sourcecode.c.h; path = "UIFont+EMAdditions.h"; sourceTree = "<group>"; };
		8CABA0D218E4DF5200118FFA /* UIFont+EMAdditions.m */ = {isa = PBXFileReference; fileEncoding = 4; lastKnownFileType = sourcecode.c.objc; path = "UIFont+EMAdditions.m"; sourceTree = "<group>"; };
		8CABA0D418E4E49800118FFA /* NSString+EMAdditions.h */ = {isa = PBXFileReference; fileEncoding = 4; lastKnownFileType = sourcecode.c.h; path = "NSString+EMAdditions.h"; sourceTree = "<group>"; };
		8CABA0D518E4E49800118FFA /* NSString+EMAdditions.m */ = {isa = PBXFileReference; fileEncoding = 4; lastKnownFileType = sourcecode.c.objc; path = "NSString+EMAdditions.m"; sourceTree = "<group>"; };
		8CAE0F6C18DE0D46009F110C /* CADArrayDataSource.h */ = {isa = PBXFileReference; fileEncoding = 4; lastKnownFileType = sourcecode.c.h; path = CADArrayDataSource.h; sourceTree = "<group>"; };
		8CAE0F6D18DE0D46009F110C /* CADArrayDataSource.m */ = {isa = PBXFileReference; fileEncoding = 4; lastKnownFileType = sourcecode.c.objc; path = CADArrayDataSource.m; sourceTree = "<group>"; };
		8CAE0F6F18DE130E009F110C /* CADEMViewModelCollectionDelegate.h */ = {isa = PBXFileReference; lastKnownFileType = sourcecode.c.h; path = CADEMViewModelCollectionDelegate.h; sourceTree = "<group>"; };
		8CAEB339192BF7AB0017CF29 /* CADEMScheduleViewController.h */ = {isa = PBXFileReference; fileEncoding = 4; lastKnownFileType = sourcecode.c.h; name = CADEMScheduleViewController.h; path = Schedule/CADEMScheduleViewController.h; sourceTree = "<group>"; };
		8CAEB33A192BF7AB0017CF29 /* CADEMScheduleViewController.m */ = {isa = PBXFileReference; fileEncoding = 4; lastKnownFileType = sourcecode.c.objc; name = CADEMScheduleViewController.m; path = Schedule/CADEMScheduleViewController.m; sourceTree = "<group>"; };
		8CAEB33B192BF7AB0017CF29 /* CADEMScheduleViewController.xib */ = {isa = PBXFileReference; fileEncoding = 4; lastKnownFileType = file.xib; name = CADEMScheduleViewController.xib; path = Schedule/CADEMScheduleViewController.xib; sourceTree = "<group>"; };
		8CAEB33E192BF7F00017CF29 /* CADEMScheduleViewModel.h */ = {isa = PBXFileReference; fileEncoding = 4; lastKnownFileType = sourcecode.c.h; name = CADEMScheduleViewModel.h; path = Schedule/CADEMScheduleViewModel.h; sourceTree = "<group>"; };
		8CAEB33F192BF7F00017CF29 /* CADEMScheduleViewModel.m */ = {isa = PBXFileReference; fileEncoding = 4; lastKnownFileType = sourcecode.c.objc; name = CADEMScheduleViewModel.m; path = Schedule/CADEMScheduleViewModel.m; sourceTree = "<group>"; };
		8CAEB341192BF9F20017CF29 /* CADEMScheduleCollectionViewCell.h */ = {isa = PBXFileReference; fileEncoding = 4; lastKnownFileType = sourcecode.c.h; name = CADEMScheduleCollectionViewCell.h; path = Schedule/CADEMScheduleCollectionViewCell.h; sourceTree = "<group>"; };
		8CAEB342192BF9F20017CF29 /* CADEMScheduleCollectionViewCell.m */ = {isa = PBXFileReference; fileEncoding = 4; lastKnownFileType = sourcecode.c.objc; name = CADEMScheduleCollectionViewCell.m; path = Schedule/CADEMScheduleCollectionViewCell.m; sourceTree = "<group>"; };
		8CAEB344192BFA060017CF29 /* CADEMScheduleCollectionViewCell.xib */ = {isa = PBXFileReference; fileEncoding = 4; lastKnownFileType = file.xib; name = CADEMScheduleCollectionViewCell.xib; path = Schedule/CADEMScheduleCollectionViewCell.xib; sourceTree = "<group>"; };
		8CAEB346192BFF180017CF29 /* CADEMScheduleHeaderView.h */ = {isa = PBXFileReference; fileEncoding = 4; lastKnownFileType = sourcecode.c.h; name = CADEMScheduleHeaderView.h; path = Schedule/CADEMScheduleHeaderView.h; sourceTree = "<group>"; };
		8CAEB347192BFF180017CF29 /* CADEMScheduleHeaderView.m */ = {isa = PBXFileReference; fileEncoding = 4; lastKnownFileType = sourcecode.c.objc; name = CADEMScheduleHeaderView.m; path = Schedule/CADEMScheduleHeaderView.m; sourceTree = "<group>"; };
		8CAEB349192BFF2A0017CF29 /* CADEMScheduleHeaderView.xib */ = {isa = PBXFileReference; fileEncoding = 4; lastKnownFileType = file.xib; name = CADEMScheduleHeaderView.xib; path = Schedule/CADEMScheduleHeaderView.xib; sourceTree = "<group>"; };
		8CAEB34B192C0C630017CF29 /* NSLayoutConstraint+ConstraintMatching.h */ = {isa = PBXFileReference; fileEncoding = 4; lastKnownFileType = sourcecode.c.h; path = "NSLayoutConstraint+ConstraintMatching.h"; sourceTree = "<group>"; };
		8CAEB34C192C0C630017CF29 /* NSLayoutConstraint+ConstraintMatching.m */ = {isa = PBXFileReference; fileEncoding = 4; lastKnownFileType = sourcecode.c.objc; path = "NSLayoutConstraint+ConstraintMatching.m"; sourceTree = "<group>"; };
		8CB1B5C61B11FDDD00D1A477 /* CADEMStore.swift */ = {isa = PBXFileReference; fileEncoding = 4; lastKnownFileType = sourcecode.swift; name = CADEMStore.swift; path = Services/CADEMStore.swift; sourceTree = "<group>"; };
		8CB6C69018E8B3D6008D19FE /* CADEMInfoViewController.h */ = {isa = PBXFileReference; fileEncoding = 4; lastKnownFileType = sourcecode.c.h; name = CADEMInfoViewController.h; path = Info/CADEMInfoViewController.h; sourceTree = "<group>"; };
		8CB6C69118E8B3D6008D19FE /* CADEMInfoViewController.m */ = {isa = PBXFileReference; fileEncoding = 4; lastKnownFileType = sourcecode.c.objc; name = CADEMInfoViewController.m; path = Info/CADEMInfoViewController.m; sourceTree = "<group>"; };
		8CB6C69218E8B3D6008D19FE /* CADEMInfoViewController.xib */ = {isa = PBXFileReference; fileEncoding = 4; lastKnownFileType = file.xib; name = CADEMInfoViewController.xib; path = Info/CADEMInfoViewController.xib; sourceTree = "<group>"; };
		8CB6C69518E8B5CD008D19FE /* CADEMInfoViewModel.h */ = {isa = PBXFileReference; fileEncoding = 4; lastKnownFileType = sourcecode.c.h; name = CADEMInfoViewModel.h; path = Info/CADEMInfoViewModel.h; sourceTree = "<group>"; };
		8CB6C69618E8B5CD008D19FE /* CADEMInfoViewModel.m */ = {isa = PBXFileReference; fileEncoding = 4; lastKnownFileType = sourcecode.c.objc; name = CADEMInfoViewModel.m; path = Info/CADEMInfoViewModel.m; sourceTree = "<group>"; };
		8CB6C69818E8B919008D19FE /* info_cover.png */ = {isa = PBXFileReference; lastKnownFileType = image.png; path = info_cover.png; sourceTree = "<group>"; };
		8CB6C69918E8B919008D19FE /* info_cover@2x.png */ = {isa = PBXFileReference; lastKnownFileType = image.png; path = "info_cover@2x.png"; sourceTree = "<group>"; };
		8CCA1B8218FC718900B0C60C /* CADEMMapViewController.h */ = {isa = PBXFileReference; fileEncoding = 4; lastKnownFileType = sourcecode.c.h; name = CADEMMapViewController.h; path = Map/CADEMMapViewController.h; sourceTree = "<group>"; };
		8CCA1B8318FC718900B0C60C /* CADEMMapViewController.m */ = {isa = PBXFileReference; fileEncoding = 4; lastKnownFileType = sourcecode.c.objc; name = CADEMMapViewController.m; path = Map/CADEMMapViewController.m; sourceTree = "<group>"; };
		8CCA1B8418FC718900B0C60C /* CADEMMapViewController.xib */ = {isa = PBXFileReference; fileEncoding = 4; lastKnownFileType = file.xib; name = CADEMMapViewController.xib; path = Map/CADEMMapViewController.xib; sourceTree = "<group>"; };
		8CCA1B8718FC71A400B0C60C /* CADEMMapViewModel.h */ = {isa = PBXFileReference; fileEncoding = 4; lastKnownFileType = sourcecode.c.h; name = CADEMMapViewModel.h; path = Map/CADEMMapViewModel.h; sourceTree = "<group>"; };
		8CCA1B8818FC71A400B0C60C /* CADEMMapViewModel.m */ = {isa = PBXFileReference; fileEncoding = 4; lastKnownFileType = sourcecode.c.objc; name = CADEMMapViewModel.m; path = Map/CADEMMapViewModel.m; sourceTree = "<group>"; };
		8CDBF19218DDB916002C6E50 /* CADEMRootViewController.h */ = {isa = PBXFileReference; fileEncoding = 4; lastKnownFileType = sourcecode.c.h; path = CADEMRootViewController.h; sourceTree = "<group>"; };
		8CDBF19318DDB916002C6E50 /* CADEMRootViewController.m */ = {isa = PBXFileReference; fileEncoding = 4; lastKnownFileType = sourcecode.c.objc; path = CADEMRootViewController.m; sourceTree = "<group>"; };
		8CDBF19918DDBE96002C6E50 /* CADEMRootNavigationController.h */ = {isa = PBXFileReference; fileEncoding = 4; lastKnownFileType = sourcecode.c.h; path = CADEMRootNavigationController.h; sourceTree = "<group>"; };
		8CDBF19A18DDBE96002C6E50 /* CADEMRootNavigationController.m */ = {isa = PBXFileReference; fileEncoding = 4; lastKnownFileType = sourcecode.c.objc; path = CADEMRootNavigationController.m; sourceTree = "<group>"; };
		8CDBF19C18DDC3DB002C6E50 /* CADEMMenuViewController.h */ = {isa = PBXFileReference; fileEncoding = 4; lastKnownFileType = sourcecode.c.h; name = CADEMMenuViewController.h; path = Menu/CADEMMenuViewController.h; sourceTree = "<group>"; };
		8CDBF19D18DDC3DB002C6E50 /* CADEMMenuViewController.m */ = {isa = PBXFileReference; fileEncoding = 4; lastKnownFileType = sourcecode.c.objc; name = CADEMMenuViewController.m; path = Menu/CADEMMenuViewController.m; sourceTree = "<group>"; };
		8CDBF19E18DDC3DB002C6E50 /* CADEMMenuViewController.xib */ = {isa = PBXFileReference; fileEncoding = 4; lastKnownFileType = file.xib; name = CADEMMenuViewController.xib; path = Menu/CADEMMenuViewController.xib; sourceTree = "<group>"; };
		8CEF6823193BDD120001B801 /* chevron.png */ = {isa = PBXFileReference; lastKnownFileType = image.png; path = chevron.png; sourceTree = "<group>"; };
		8CEF6824193BDD120001B801 /* chevron@2x.png */ = {isa = PBXFileReference; lastKnownFileType = image.png; path = "chevron@2x.png"; sourceTree = "<group>"; };
		D16AF894416306787E8EA880 /* Pods.release.xcconfig */ = {isa = PBXFileReference; includeInIndex = 1; lastKnownFileType = text.xcconfig; name = Pods.release.xcconfig; path = "Pods/Target Support Files/Pods/Pods.release.xcconfig"; sourceTree = "<group>"; };
/* End PBXFileReference section */

/* Begin PBXFrameworksBuildPhase section */
		8C04EF4218CB8F09008FBC9B /* Frameworks */ = {
			isa = PBXFrameworksBuildPhase;
			buildActionMask = 2147483647;
			files = (
				8CA1D4131947CC0B0095067C /* EventKit.framework in Frameworks */,
				8C04EF4B18CB8F09008FBC9B /* CoreGraphics.framework in Frameworks */,
				8C04EF4D18CB8F09008FBC9B /* UIKit.framework in Frameworks */,
				8C04EF4918CB8F09008FBC9B /* Foundation.framework in Frameworks */,
				7EF383E88B1795BBAB4F22B6 /* libPods.a in Frameworks */,
			);
			runOnlyForDeploymentPostprocessing = 0;
		};
		8C4BC43B1AFBC48700215DED /* Frameworks */ = {
			isa = PBXFrameworksBuildPhase;
			buildActionMask = 2147483647;
			files = (
			);
			runOnlyForDeploymentPostprocessing = 0;
		};
/* End PBXFrameworksBuildPhase section */

/* Begin PBXGroup section */
		8C04EF3C18CB8F09008FBC9B = {
			isa = PBXGroup;
			children = (
				8C04EF4E18CB8F09008FBC9B /* Embassat */,
				8C04EF6718CB8F09008FBC9B /* EmbassatTests */,
				8C4BC43F1AFBC48700215DED /* Embassa't Tests */,
				8C04EF4718CB8F09008FBC9B /* Frameworks */,
				8C04EF4618CB8F09008FBC9B /* Products */,
				D68B517AE41204179CC3A455 /* Pods */,
			);
			sourceTree = "<group>";
		};
		8C04EF4618CB8F09008FBC9B /* Products */ = {
			isa = PBXGroup;
			children = (
				8C04EF4518CB8F09008FBC9B /* Embassa't.app */,
				8C4BC43E1AFBC48700215DED /* Embassa't Tests.xctest */,
			);
			name = Products;
			sourceTree = "<group>";
		};
		8C04EF4718CB8F09008FBC9B /* Frameworks */ = {
			isa = PBXGroup;
			children = (
				8CAB95771B010917008BE43E /* Alamofire.framework */,
				8CAB95751B01084A008BE43E /* Alamofire.framework */,
				8CAB95731B0106A3008BE43E /* Alamofire.framework */,
				8CA1D4121947CC0B0095067C /* EventKit.framework */,
				8C04EF4818CB8F09008FBC9B /* Foundation.framework */,
				8C04EF4A18CB8F09008FBC9B /* CoreGraphics.framework */,
				8C04EF4C18CB8F09008FBC9B /* UIKit.framework */,
				8C04EF6118CB8F09008FBC9B /* XCTest.framework */,
				84A16C10B0399F8FF5C50C3F /* libPods.a */,
			);
			name = Frameworks;
			sourceTree = "<group>";
		};
		8C04EF4E18CB8F09008FBC9B /* Embassat */ = {
			isa = PBXGroup;
			children = (
				8C04EF7918CB9341008FBC9B /* Base */,
				8C04EF5718CB8F09008FBC9B /* CADAppDelegate.h */,
				8C04EF5818CB8F09008FBC9B /* CADAppDelegate.m */,
				8C04EF7D18CB9353008FBC9B /* Categories */,
				8C04EF5A18CB8F09008FBC9B /* Images.xcassets */,
				8C04EF9418CBCF19008FBC9B /* Model */,
				8CDBF19518DDB9D9002C6E50 /* Resources */,
				8C35AE061B0105A20014331F /* Services */,
				8C04EF4F18CB8F09008FBC9B /* Supporting Files */,
				8C04EF7718CB91D2008FBC9B /* View */,
			);
			path = Embassat;
			sourceTree = "<group>";
		};
		8C04EF4F18CB8F09008FBC9B /* Supporting Files */ = {
			isa = PBXGroup;
			children = (
				8C4BC4491AFBC83B00215DED /* Embassa't-Bridging-Header.h */,
				8C04EF5018CB8F09008FBC9B /* Embassa't-Info.plist */,
				8C04EF5618CB8F09008FBC9B /* Embassa't-Prefix.pch */,
				8C04EF5118CB8F09008FBC9B /* InfoPlist.strings */,
				8C04EF5418CB8F09008FBC9B /* main.m */,
			);
			name = "Supporting Files";
			sourceTree = "<group>";
		};
		8C04EF6718CB8F09008FBC9B /* EmbassatTests */ = {
			isa = PBXGroup;
			children = (
				8C04EF6D18CB8F09008FBC9B /* EmbassatTests.m */,
				8C04EF6818CB8F09008FBC9B /* Supporting Files */,
			);
			path = EmbassatTests;
			sourceTree = "<group>";
		};
		8C04EF6818CB8F09008FBC9B /* Supporting Files */ = {
			isa = PBXGroup;
			children = (
				8C04EF6918CB8F09008FBC9B /* Embassa'tTests-Info.plist */,
				8C04EF6A18CB8F09008FBC9B /* InfoPlist.strings */,
			);
			name = "Supporting Files";
			sourceTree = "<group>";
		};
		8C04EF7718CB91D2008FBC9B /* View */ = {
			isa = PBXGroup;
			children = (
				8CAABD5518E36AE1005431B9 /* Artist Detail */,
				8C04EF7818CB91D2008FBC9B /* Artists */,
				8CA1D4181948FA900095067C /* Extras */,
				8CB6C68F18E8B3B2008D19FE /* Info */,
				8CCA1B8118FC717000B0C60C /* Map */,
				8CDBF1A118DDC3E0002C6E50 /* Menu */,
				8CAEB338192BF77B0017CF29 /* Schedule */,
				8C774F5A192D67F0000D5062 /* Tickets */,
			);
			path = View;
			sourceTree = "<group>";
		};
		8C04EF7818CB91D2008FBC9B /* Artists */ = {
			isa = PBXGroup;
			children = (
				8C8D83B91B0BC45D00CD8CA4 /* CADEMArtistCollectionViewCell.h */,
				8C8D83BA1B0BC45D00CD8CA4 /* CADEMArtistCollectionViewCell.m */,
				8C8D83BB1B0BC45D00CD8CA4 /* CADEMArtistCollectionViewCell.xib */,
				8C8BA6E81B07BE1600896D11 /* CADEMArtistsViewController.swift */,
				8C04EF8918CB9408008FBC9B /* CADEMArtistsViewController.xib */,
				8C8BA6EA1B08C33900896D11 /* CADEMArtistsViewModel.swift */,
			);
			path = Artists;
			sourceTree = "<group>";
		};
		8C04EF7918CB9341008FBC9B /* Base */ = {
			isa = PBXGroup;
			children = (
				8CAE0F6C18DE0D46009F110C /* CADArrayDataSource.h */,
				8CAE0F6D18DE0D46009F110C /* CADArrayDataSource.m */,
				8C1FF3451B03F7C400078E15 /* CADArrayDataSourceSwift.swift */,
				8CDBF19918DDBE96002C6E50 /* CADEMRootNavigationController.h */,
				8CDBF19A18DDBE96002C6E50 /* CADEMRootNavigationController.m */,
				8CDBF19218DDB916002C6E50 /* CADEMRootViewController.h */,
				8CDBF19318DDB916002C6E50 /* CADEMRootViewController.m */,
				8C8BA6D01B07800600896D11 /* CADEMRootViewControllerSwift.swift */,
				8C8BA6F31B08F36200896D11 /* CADEMShareKitConfigurator.h */,
				8C8BA6F41B08F36200896D11 /* CADEMShareKitConfigurator.m */,
				8CAE0F6F18DE130E009F110C /* CADEMViewModelCollectionDelegate.h */,
				8C1FF3411B03CC2900078E15 /* CADEMViewModelCollectionDelegateSwift.swift */,
				8CA8703818CC835300A845DD /* CADRootCollectionViewCell.h */,
				8CA8703918CC835300A845DD /* CADRootCollectionViewCell.m */,
				8C04EF7A18CB9341008FBC9B /* CADRootViewController.h */,
				8C04EF7B18CB9341008FBC9B /* CADRootViewController.m */,
				8C1FF34D1B04CDB700078E15 /* CADRootViewControllerSwift.swift */,
			);
			path = Base;
			sourceTree = "<group>";
		};
		8C04EF7D18CB9353008FBC9B /* Categories */ = {
			isa = PBXGroup;
			children = (
				8C774F781930DF8E000D5062 /* NSDate+EMAdditions.h */,
				8C774F791930DF8E000D5062 /* NSDate+EMAdditions.m */,
				8CAEB34B192C0C630017CF29 /* NSLayoutConstraint+ConstraintMatching.h */,
				8CAEB34C192C0C630017CF29 /* NSLayoutConstraint+ConstraintMatching.m */,
				8CABA0D418E4E49800118FFA /* NSString+EMAdditions.h */,
				8CABA0D518E4E49800118FFA /* NSString+EMAdditions.m */,
				8C8D83B11B0BBFB600CD8CA4 /* UICollectionViewFlowLayout+EMAdditions.h */,
				8C8D83B21B0BBFB600CD8CA4 /* UICollectionViewFlowLayout+EMAdditions.m */,
				8C774F7519309A22000D5062 /* UIColor+EMAdditions.h */,
				8C774F7619309A22000D5062 /* UIColor+EMAdditions.m */,
				8CABA0D118E4DF5200118FFA /* UIFont+EMAdditions.h */,
				8CABA0D218E4DF5200118FFA /* UIFont+EMAdditions.m */,
				8C04EF7E18CB9353008FBC9B /* UIView+AutoLayout.h */,
				8C04EF7F18CB9353008FBC9B /* UIView+AutoLayout.m */,
				8C04EF8018CB9353008FBC9B /* UIView+CADAdditions.h */,
				8C04EF8118CB9353008FBC9B /* UIView+CADAdditions.m */,
				8CA8703718CC834300A845DD /* UIView+Private.h */,
				8C04EF8218CB9353008FBC9B /* UIViewController+Private.h */,
			);
			path = Categories;
			sourceTree = "<group>";
		};
		8C04EF9418CBCF19008FBC9B /* Model */ = {
			isa = PBXGroup;
			children = (
				8C04EF9518CBCF50008FBC9B /* CADBaseModel.h */,
				8C04EF9618CBCF50008FBC9B /* CADBaseModel.m */,
				8C04EF9818CBD051008FBC9B /* CADEMArtist.h */,
				8C04EF9918CBD051008FBC9B /* CADEMArtist.m */,
				8CA0CE811B038E3E00BC04B0 /* CADEMArtistSwift.swift */,
			);
			name = Model;
			sourceTree = "<group>";
		};
		8C1FF32C1B03AAEE00078E15 /* Alamofire */ = {
			isa = PBXGroup;
			children = (
				8C1FF32D1B03AAFC00078E15 /* Alamofire.swift */,
				8C1FF32E1B03AAFC00078E15 /* Download.swift */,
				8C1FF32F1B03AAFC00078E15 /* Manager.swift */,
				8C1FF3301B03AAFC00078E15 /* ParameterEncoding.swift */,
				8C1FF3311B03AAFC00078E15 /* Request.swift */,
				8C1FF3321B03AAFC00078E15 /* ResponseSerialization.swift */,
				8C1FF3331B03AAFC00078E15 /* Upload.swift */,
				8C1FF3341B03AAFC00078E15 /* Validation.swift */,
			);
			name = Alamofire;
			sourceTree = "<group>";
		};
		8C35AE061B0105A20014331F /* Services */ = {
			isa = PBXGroup;
			children = (
				8C1FF32C1B03AAEE00078E15 /* Alamofire */,
				8C8BA6CE1B06758000896D11 /* CADEMArtistParser.swift */,
				8C35AE071B0105C30014331F /* CADEMArtistService.swift */,
				8CB1B5C61B11FDDD00D1A477 /* CADEMStore.swift */,
				8C1FF3131B03990A00078E15 /* SwiftyJSON.swift */,
			);
			name = Services;
			sourceTree = "<group>";
		};
		8C4BC43F1AFBC48700215DED /* Embassa't Tests */ = {
			isa = PBXGroup;
			children = (
				8C4BC4421AFBC48700215DED /* Embassa_t_Tests.m */,
				8C4BC4401AFBC48700215DED /* Supporting Files */,
			);
			path = "Embassa't Tests";
			sourceTree = "<group>";
		};
		8C4BC4401AFBC48700215DED /* Supporting Files */ = {
			isa = PBXGroup;
			children = (
				8C4BC4411AFBC48700215DED /* Info.plist */,
			);
			name = "Supporting Files";
			sourceTree = "<group>";
		};
		8C774F5A192D67F0000D5062 /* Tickets */ = {
			isa = PBXGroup;
			children = (
				8C774F5E192D682B000D5062 /* CADEMTicketsViewController.xib */,
				8C1FF34B1B04CD1D00078E15 /* CADEMTicketsViewController.swift */,
			);
			name = Tickets;
			sourceTree = "<group>";
		};
		8C774F60192EBF30000D5062 /* Default */ = {
			isa = PBXGroup;
			children = (
				8C774F6F192EC0B9000D5062 /* Default-568h@2x.png */,
				8C774F73192EC39A000D5062 /* Default.png */,
				8C774F70192EC0B9000D5062 /* Default@2x.png */,
			);
			path = Default;
			sourceTree = "<group>";
		};
		8CA1D4181948FA900095067C /* Extras */ = {
			isa = PBXGroup;
			children = (
				8CA1D41B1948FAAE0095067C /* CADEMExtrasViewController.xib */,
				8C8BA6D61B07AE0400896D11 /* CADEMExtrasViewController.swift */,
			);
			name = Extras;
			sourceTree = "<group>";
		};
		8CAABD5518E36AE1005431B9 /* Artist Detail */ = {
			isa = PBXGroup;
			children = (
				8C8BA6EE1B08DF8E00896D11 /* CADEMArtistDetailViewController.swift */,
				8CAABD5818E37162005431B9 /* CADEMArtistDetailViewController.xib */,
				8C8BA6EC1B08D41100896D11 /* CADEMArtistDetailViewModel.swift */,
			);
			name = "Artist Detail";
			sourceTree = "<group>";
		};
		8CABA0CC18E4DE9A00118FFA /* Font */ = {
			isa = PBXGroup;
			children = (
				8C6BCB381B0A8F80000E019F /* apercu_medium.otf */,
				8C6BCB391B0A8F80000E019F /* noe-display-bold.otf */,
			);
			path = Font;
			sourceTree = "<group>";
		};
		8CAEB338192BF77B0017CF29 /* Schedule */ = {
			isa = PBXGroup;
			children = (
				8CAEB341192BF9F20017CF29 /* CADEMScheduleCollectionViewCell.h */,
				8CAEB342192BF9F20017CF29 /* CADEMScheduleCollectionViewCell.m */,
				8CAEB344192BFA060017CF29 /* CADEMScheduleCollectionViewCell.xib */,
				8CAEB346192BFF180017CF29 /* CADEMScheduleHeaderView.h */,
				8CAEB347192BFF180017CF29 /* CADEMScheduleHeaderView.m */,
				8CAEB349192BFF2A0017CF29 /* CADEMScheduleHeaderView.xib */,
				8CAEB339192BF7AB0017CF29 /* CADEMScheduleViewController.h */,
				8CAEB33A192BF7AB0017CF29 /* CADEMScheduleViewController.m */,
				8CAEB33B192BF7AB0017CF29 /* CADEMScheduleViewController.xib */,
				8CAEB33E192BF7F00017CF29 /* CADEMScheduleViewModel.h */,
				8CAEB33F192BF7F00017CF29 /* CADEMScheduleViewModel.m */,
			);
			name = Schedule;
			sourceTree = "<group>";
		};
		8CB6C68F18E8B3B2008D19FE /* Info */ = {
			isa = PBXGroup;
			children = (
				8C23D60D18FAD7EB00B3C106 /* CADEMInfoCollectionViewCell.h */,
				8C23D60E18FAD7EB00B3C106 /* CADEMInfoCollectionViewCell.m */,
				8C23D61018FAD7FE00B3C106 /* CADEMInfoCollectionViewCell.xib */,
				8C23D61718FAE46C00B3C106 /* CADEMInfoFlowLayout.h */,
				8C23D61818FAE46C00B3C106 /* CADEMInfoFlowLayout.m */,
				8C23D61218FAD95600B3C106 /* CADEMInfoHeaderView.h */,
				8C23D61318FAD95600B3C106 /* CADEMInfoHeaderView.m */,
				8C23D61518FAD96600B3C106 /* CADEMInfoHeaderView.xib */,
				8CB6C69018E8B3D6008D19FE /* CADEMInfoViewController.h */,
				8CB6C69118E8B3D6008D19FE /* CADEMInfoViewController.m */,
				8CB6C69218E8B3D6008D19FE /* CADEMInfoViewController.xib */,
				8CB6C69518E8B5CD008D19FE /* CADEMInfoViewModel.h */,
				8CB6C69618E8B5CD008D19FE /* CADEMInfoViewModel.m */,
			);
			name = Info;
			sourceTree = "<group>";
		};
		8CCA1B8118FC717000B0C60C /* Map */ = {
			isa = PBXGroup;
			children = (
				8CCA1B8218FC718900B0C60C /* CADEMMapViewController.h */,
				8CCA1B8318FC718900B0C60C /* CADEMMapViewController.m */,
				8CCA1B8418FC718900B0C60C /* CADEMMapViewController.xib */,
				8CCA1B8718FC71A400B0C60C /* CADEMMapViewModel.h */,
				8CCA1B8818FC71A400B0C60C /* CADEMMapViewModel.m */,
			);
			name = Map;
			sourceTree = "<group>";
		};
		8CDBF19518DDB9D9002C6E50 /* Resources */ = {
			isa = PBXGroup;
			children = (
				8CABA0CC18E4DE9A00118FFA /* Font */,
				8CDBF19618DDB9D9002C6E50 /* Images */,
			);
			path = Resources;
			sourceTree = "<group>";
		};
		8CDBF19618DDB9D9002C6E50 /* Images */ = {
			isa = PBXGroup;
			children = (
				8C23D61E18FB001F00B3C106 /* 58x58.png */,
				8C23D62018FB001F00B3C106 /* 80x80.png */,
				8C23D62118FB001F00B3C106 /* 120x120.png */,
				8CEF6823193BDD120001B801 /* chevron.png */,
				8CEF6824193BDD120001B801 /* chevron@2x.png */,
				8C774F60192EBF30000D5062 /* Default */,
				8C8D83CC1B0E482C00CD8CA4 /* fav@2x.png */,
				8CB6C69818E8B919008D19FE /* info_cover.png */,
				8CB6C69918E8B919008D19FE /* info_cover@2x.png */,
				8C23D60518FAD6FC00B3C106 /* info1.jpg */,
				8C23D60618FAD6FC00B3C106 /* info2.jpg */,
				8C23D60718FAD6FC00B3C106 /* info3.jpg */,
				8C23D60818FAD6FC00B3C106 /* info4.jpg */,
				8C8D83C41B0E2E2000CD8CA4 /* left@2x.png */,
				8C8D83C51B0E2E2000CD8CA4 /* loading.jpg */,
				8C8D83C61B0E2E2000CD8CA4 /* right@2x.png */,
				8C8D83C71B0E2E2000CD8CA4 /* share@2x.png */,
			);
			path = Images;
			sourceTree = "<group>";
		};
		8CDBF1A118DDC3E0002C6E50 /* Menu */ = {
			isa = PBXGroup;
			children = (
				8C8D83B41B0BC40300CD8CA4 /* CADEMMenuCollectionViewCell.h */,
				8C8D83B51B0BC40300CD8CA4 /* CADEMMenuCollectionViewCell.m */,
				8C8D83B61B0BC40300CD8CA4 /* CADEMMenuCollectionViewCell.xib */,
				8CDBF19C18DDC3DB002C6E50 /* CADEMMenuViewController.h */,
				8CDBF19D18DDC3DB002C6E50 /* CADEMMenuViewController.m */,
				8CDBF19E18DDC3DB002C6E50 /* CADEMMenuViewController.xib */,
				8C1FF33F1B03C9EF00078E15 /* CADEMMenuViewModel.swift */,
			);
			name = Menu;
			sourceTree = "<group>";
		};
		D68B517AE41204179CC3A455 /* Pods */ = {
			isa = PBXGroup;
			children = (
				277C6F1D0A9003401A9C907C /* Pods.debug.xcconfig */,
				D16AF894416306787E8EA880 /* Pods.release.xcconfig */,
			);
			name = Pods;
			sourceTree = "<group>";
		};
/* End PBXGroup section */

/* Begin PBXNativeTarget section */
		8C04EF4418CB8F09008FBC9B /* Embassa't */ = {
			isa = PBXNativeTarget;
			buildConfigurationList = 8C04EF7118CB8F09008FBC9B /* Build configuration list for PBXNativeTarget "Embassa't" */;
			buildPhases = (
				0AFF764812F04CAB8F77B674 /* Check Pods Manifest.lock */,
				8C04EF4118CB8F09008FBC9B /* Sources */,
				8C04EF4218CB8F09008FBC9B /* Frameworks */,
				8C04EF4318CB8F09008FBC9B /* Resources */,
				B9D815959B1D4CC4AA727FD4 /* Copy Pods Resources */,
			);
			buildRules = (
			);
			dependencies = (
			);
			name = "Embassa't";
			productName = Embassat;
			productReference = 8C04EF4518CB8F09008FBC9B /* Embassa't.app */;
			productType = "com.apple.product-type.application";
		};
		8C4BC43D1AFBC48700215DED /* Embassa't Tests */ = {
			isa = PBXNativeTarget;
			buildConfigurationList = 8C4BC4461AFBC48700215DED /* Build configuration list for PBXNativeTarget "Embassa't Tests" */;
			buildPhases = (
				8C4BC43A1AFBC48700215DED /* Sources */,
				8C4BC43B1AFBC48700215DED /* Frameworks */,
				8C4BC43C1AFBC48700215DED /* Resources */,
			);
			buildRules = (
			);
			dependencies = (
				8C4BC4451AFBC48700215DED /* PBXTargetDependency */,
			);
			name = "Embassa't Tests";
			productName = "Embassa't Tests";
			productReference = 8C4BC43E1AFBC48700215DED /* Embassa't Tests.xctest */;
			productType = "com.apple.product-type.bundle.unit-test";
		};
/* End PBXNativeTarget section */

/* Begin PBXProject section */
		8C04EF3D18CB8F09008FBC9B /* Project object */ = {
			isa = PBXProject;
			attributes = {
				CLASSPREFIX = CAD;
				LastUpgradeCheck = 0510;
				ORGANIZATIONNAME = "Crows And Dogs";
				TargetAttributes = {
					8C4BC43D1AFBC48700215DED = {
						CreatedOnToolsVersion = 6.3.1;
						TestTargetID = 8C04EF4418CB8F09008FBC9B;
					};
				};
			};
			buildConfigurationList = 8C04EF4018CB8F09008FBC9B /* Build configuration list for PBXProject "Embassa't" */;
			compatibilityVersion = "Xcode 3.2";
			developmentRegion = English;
			hasScannedForEncodings = 0;
			knownRegions = (
				en,
			);
			mainGroup = 8C04EF3C18CB8F09008FBC9B;
			productRefGroup = 8C04EF4618CB8F09008FBC9B /* Products */;
			projectDirPath = "";
			projectRoot = "";
			targets = (
				8C04EF4418CB8F09008FBC9B /* Embassa't */,
				8C4BC43D1AFBC48700215DED /* Embassa't Tests */,
			);
		};
/* End PBXProject section */

/* Begin PBXResourcesBuildPhase section */
		8C04EF4318CB8F09008FBC9B /* Resources */ = {
			isa = PBXResourcesBuildPhase;
			buildActionMask = 2147483647;
			files = (
				8CEF6826193BDD120001B801 /* chevron@2x.png in Resources */,
				8C8D83CD1B0E482C00CD8CA4 /* fav@2x.png in Resources */,
				8CDBF1A018DDC3DB002C6E50 /* CADEMMenuViewController.xib in Resources */,
				8C04EF8B18CB9408008FBC9B /* CADEMArtistsViewController.xib in Resources */,
				8C04EF5318CB8F09008FBC9B /* InfoPlist.strings in Resources */,
				8CCA1B8618FC718900B0C60C /* CADEMMapViewController.xib in Resources */,
				8C774F71192EC0B9000D5062 /* Default-568h@2x.png in Resources */,
				8C23D60918FAD6FC00B3C106 /* info1.jpg in Resources */,
				8CB6C69B18E8B919008D19FE /* info_cover@2x.png in Resources */,
				8C8D83BD1B0BC45D00CD8CA4 /* CADEMArtistCollectionViewCell.xib in Resources */,
				8CA1D41D1948FAAE0095067C /* CADEMExtrasViewController.xib in Resources */,
				8C23D60C18FAD6FC00B3C106 /* info4.jpg in Resources */,
				8C8D83C81B0E2E2000CD8CA4 /* left@2x.png in Resources */,
				8CAEB345192BFA060017CF29 /* CADEMScheduleCollectionViewCell.xib in Resources */,
				8C8D83B81B0BC40300CD8CA4 /* CADEMMenuCollectionViewCell.xib in Resources */,
				8CB6C69A18E8B919008D19FE /* info_cover.png in Resources */,
				8CAABD5A18E37162005431B9 /* CADEMArtistDetailViewController.xib in Resources */,
				8C23D62918FB001F00B3C106 /* 120x120.png in Resources */,
				8C23D62818FB001F00B3C106 /* 80x80.png in Resources */,
				8C04EF5B18CB8F09008FBC9B /* Images.xcassets in Resources */,
				8C8D83CB1B0E2E2000CD8CA4 /* share@2x.png in Resources */,
				8CAEB34A192BFF2A0017CF29 /* CADEMScheduleHeaderView.xib in Resources */,
				8C8D83CA1B0E2E2000CD8CA4 /* right@2x.png in Resources */,
				8C774F74192EC39A000D5062 /* Default.png in Resources */,
				8C774F5F192D682B000D5062 /* CADEMTicketsViewController.xib in Resources */,
				8C23D60A18FAD6FC00B3C106 /* info2.jpg in Resources */,
				8C23D61618FAD96600B3C106 /* CADEMInfoHeaderView.xib in Resources */,
				8C6BCB3B1B0A8F80000E019F /* noe-display-bold.otf in Resources */,
				8C23D62618FB001F00B3C106 /* 58x58.png in Resources */,
				8CB6C69418E8B3D6008D19FE /* CADEMInfoViewController.xib in Resources */,
				8CEF6825193BDD120001B801 /* chevron.png in Resources */,
				8C23D60B18FAD6FC00B3C106 /* info3.jpg in Resources */,
				8C6BCB3A1B0A8F80000E019F /* apercu_medium.otf in Resources */,
				8C774F72192EC0B9000D5062 /* Default@2x.png in Resources */,
				8CAEB33D192BF7AB0017CF29 /* CADEMScheduleViewController.xib in Resources */,
				8C8D83C91B0E2E2000CD8CA4 /* loading.jpg in Resources */,
				8C23D61118FAD7FE00B3C106 /* CADEMInfoCollectionViewCell.xib in Resources */,
			);
			runOnlyForDeploymentPostprocessing = 0;
		};
		8C4BC43C1AFBC48700215DED /* Resources */ = {
			isa = PBXResourcesBuildPhase;
			buildActionMask = 2147483647;
			files = (
			);
			runOnlyForDeploymentPostprocessing = 0;
		};
/* End PBXResourcesBuildPhase section */

/* Begin PBXShellScriptBuildPhase section */
		0AFF764812F04CAB8F77B674 /* Check Pods Manifest.lock */ = {
			isa = PBXShellScriptBuildPhase;
			buildActionMask = 2147483647;
			files = (
			);
			inputPaths = (
			);
			name = "Check Pods Manifest.lock";
			outputPaths = (
			);
			runOnlyForDeploymentPostprocessing = 0;
			shellPath = /bin/sh;
			shellScript = "diff \"${PODS_ROOT}/../Podfile.lock\" \"${PODS_ROOT}/Manifest.lock\" > /dev/null\nif [[ $? != 0 ]] ; then\n    cat << EOM\nerror: The sandbox is not in sync with the Podfile.lock. Run 'pod install' or update your CocoaPods installation.\nEOM\n    exit 1\nfi\n";
			showEnvVarsInLog = 0;
		};
		B9D815959B1D4CC4AA727FD4 /* Copy Pods Resources */ = {
			isa = PBXShellScriptBuildPhase;
			buildActionMask = 2147483647;
			files = (
			);
			inputPaths = (
			);
			name = "Copy Pods Resources";
			outputPaths = (
			);
			runOnlyForDeploymentPostprocessing = 0;
			shellPath = /bin/sh;
			shellScript = "\"${SRCROOT}/Pods/Target Support Files/Pods/Pods-resources.sh\"\n";
			showEnvVarsInLog = 0;
		};
/* End PBXShellScriptBuildPhase section */

/* Begin PBXSourcesBuildPhase section */
		8C04EF4118CB8F09008FBC9B /* Sources */ = {
			isa = PBXSourcesBuildPhase;
			buildActionMask = 2147483647;
			files = (
				8CAEB34D192C0C630017CF29 /* NSLayoutConstraint+ConstraintMatching.m in Sources */,
				8C8BA6E91B07BE1600896D11 /* CADEMArtistsViewController.swift in Sources */,
				8CB6C69718E8B5CD008D19FE /* CADEMInfoViewModel.m in Sources */,
				8C8BA6D11B07800600896D11 /* CADEMRootViewControllerSwift.swift in Sources */,
				8C1FF3141B03990A00078E15 /* SwiftyJSON.swift in Sources */,
				8CAEB340192BF7F00017CF29 /* CADEMScheduleViewModel.m in Sources */,
				8C23D61418FAD95600B3C106 /* CADEMInfoHeaderView.m in Sources */,
				8C8BA6ED1B08D41100896D11 /* CADEMArtistDetailViewModel.swift in Sources */,
				8CCA1B8918FC71A400B0C60C /* CADEMMapViewModel.m in Sources */,
				8CAE0F6E18DE0D46009F110C /* CADArrayDataSource.m in Sources */,
				8C1FF3461B03F7C400078E15 /* CADArrayDataSourceSwift.swift in Sources */,
				8C8BA6F51B08F36200896D11 /* CADEMShareKitConfigurator.m in Sources */,
				8CDBF19418DDB916002C6E50 /* CADEMRootViewController.m in Sources */,
				8C1FF34E1B04CDB700078E15 /* CADRootViewControllerSwift.swift in Sources */,
				8CB6C69318E8B3D6008D19FE /* CADEMInfoViewController.m in Sources */,
				8CDBF19B18DDBE96002C6E50 /* CADEMRootNavigationController.m in Sources */,
				8C04EF9A18CBD051008FBC9B /* CADEMArtist.m in Sources */,
				8C8D83B71B0BC40300CD8CA4 /* CADEMMenuCollectionViewCell.m in Sources */,
				8C8D83B31B0BBFB600CD8CA4 /* UICollectionViewFlowLayout+EMAdditions.m in Sources */,
				8C1FF33A1B03AAFC00078E15 /* ResponseSerialization.swift in Sources */,
				8C1FF3361B03AAFC00078E15 /* Download.swift in Sources */,
				8C1FF3421B03CC2900078E15 /* CADEMViewModelCollectionDelegateSwift.swift in Sources */,
				8CAEB348192BFF180017CF29 /* CADEMScheduleHeaderView.m in Sources */,
				8C8BA6EF1B08DF8E00896D11 /* CADEMArtistDetailViewController.swift in Sources */,
				8CA0CE821B038E3E00BC04B0 /* CADEMArtistSwift.swift in Sources */,
				8CABA0D618E4E49800118FFA /* NSString+EMAdditions.m in Sources */,
				8C23D60F18FAD7EB00B3C106 /* CADEMInfoCollectionViewCell.m in Sources */,
				8CDBF19F18DDC3DB002C6E50 /* CADEMMenuViewController.m in Sources */,
				8C04EF5518CB8F09008FBC9B /* main.m in Sources */,
				8C04EF8418CB9353008FBC9B /* UIView+AutoLayout.m in Sources */,
				8C8D83BC1B0BC45D00CD8CA4 /* CADEMArtistCollectionViewCell.m in Sources */,
				8C8BA6D71B07AE0400896D11 /* CADEMExtrasViewController.swift in Sources */,
				8CCA1B8518FC718900B0C60C /* CADEMMapViewController.m in Sources */,
				8CABA0D318E4DF5200118FFA /* UIFont+EMAdditions.m in Sources */,
				8C04EF8518CB9353008FBC9B /* UIView+CADAdditions.m in Sources */,
				8C1FF33B1B03AAFC00078E15 /* Upload.swift in Sources */,
				8C1FF3371B03AAFC00078E15 /* Manager.swift in Sources */,
				8CB1B5C71B11FDDD00D1A477 /* CADEMStore.swift in Sources */,
				8C04EF7C18CB9341008FBC9B /* CADRootViewController.m in Sources */,
				8C1FF3351B03AAFC00078E15 /* Alamofire.swift in Sources */,
				8C1FF33C1B03AAFC00078E15 /* Validation.swift in Sources */,
				8C1FF3401B03C9EF00078E15 /* CADEMMenuViewModel.swift in Sources */,
				8C04EF5918CB8F09008FBC9B /* CADAppDelegate.m in Sources */,
				8C8BA6EB1B08C33900896D11 /* CADEMArtistsViewModel.swift in Sources */,
				8C774F7A1930DF8E000D5062 /* NSDate+EMAdditions.m in Sources */,
				8C04EF9718CBCF50008FBC9B /* CADBaseModel.m in Sources */,
				8CA8703A18CC835300A845DD /* CADRootCollectionViewCell.m in Sources */,
				8C1FF3381B03AAFC00078E15 /* ParameterEncoding.swift in Sources */,
				8C1FF3391B03AAFC00078E15 /* Request.swift in Sources */,
				8C8BA6CF1B06758000896D11 /* CADEMArtistParser.swift in Sources */,
				8CAEB33C192BF7AB0017CF29 /* CADEMScheduleViewController.m in Sources */,
				8C1FF34C1B04CD1D00078E15 /* CADEMTicketsViewController.swift in Sources */,
				8CAEB343192BF9F20017CF29 /* CADEMScheduleCollectionViewCell.m in Sources */,
				8C23D61918FAE46C00B3C106 /* CADEMInfoFlowLayout.m in Sources */,
				8C774F7719309A22000D5062 /* UIColor+EMAdditions.m in Sources */,
				8C35AE081B0105C30014331F /* CADEMArtistService.swift in Sources */,
			);
			runOnlyForDeploymentPostprocessing = 0;
		};
		8C4BC43A1AFBC48700215DED /* Sources */ = {
			isa = PBXSourcesBuildPhase;
			buildActionMask = 2147483647;
			files = (
				8C4BC4431AFBC48700215DED /* Embassa_t_Tests.m in Sources */,
			);
			runOnlyForDeploymentPostprocessing = 0;
		};
/* End PBXSourcesBuildPhase section */

/* Begin PBXTargetDependency section */
		8C4BC4451AFBC48700215DED /* PBXTargetDependency */ = {
			isa = PBXTargetDependency;
			target = 8C04EF4418CB8F09008FBC9B /* Embassa't */;
			targetProxy = 8C4BC4441AFBC48700215DED /* PBXContainerItemProxy */;
		};
/* End PBXTargetDependency section */

/* Begin PBXVariantGroup section */
		8C04EF5118CB8F09008FBC9B /* InfoPlist.strings */ = {
			isa = PBXVariantGroup;
			children = (
				8C04EF5218CB8F09008FBC9B /* en */,
			);
			name = InfoPlist.strings;
			sourceTree = "<group>";
		};
		8C04EF6A18CB8F09008FBC9B /* InfoPlist.strings */ = {
			isa = PBXVariantGroup;
			children = (
				8C04EF6B18CB8F09008FBC9B /* en */,
			);
			name = InfoPlist.strings;
			sourceTree = "<group>";
		};
/* End PBXVariantGroup section */

/* Begin XCBuildConfiguration section */
		8C04EF6F18CB8F09008FBC9B /* Debug */ = {
			isa = XCBuildConfiguration;
			buildSettings = {
				ALWAYS_SEARCH_USER_PATHS = NO;
				CLANG_CXX_LANGUAGE_STANDARD = "gnu++0x";
				CLANG_CXX_LIBRARY = "libc++";
				CLANG_ENABLE_MODULES = YES;
				CLANG_ENABLE_OBJC_ARC = YES;
				CLANG_WARN_BOOL_CONVERSION = YES;
				CLANG_WARN_CONSTANT_CONVERSION = YES;
				CLANG_WARN_DIRECT_OBJC_ISA_USAGE = YES_ERROR;
				CLANG_WARN_EMPTY_BODY = YES;
				CLANG_WARN_ENUM_CONVERSION = YES;
				CLANG_WARN_INT_CONVERSION = YES;
				CLANG_WARN_OBJC_ROOT_CLASS = YES_ERROR;
				CLANG_WARN__DUPLICATE_METHOD_MATCH = YES;
				"CODE_SIGN_IDENTITY[sdk=iphoneos*]" = "iPhone Developer";
				COPY_PHASE_STRIP = NO;
				DEFINES_MODULE = YES;
				EMBEDDED_CONTENT_CONTAINS_SWIFT = YES;
				GCC_C_LANGUAGE_STANDARD = gnu99;
				GCC_DYNAMIC_NO_PIC = NO;
				GCC_OPTIMIZATION_LEVEL = 0;
				GCC_PREPROCESSOR_DEFINITIONS = (
					"DEBUG=1",
					"$(inherited)",
				);
				GCC_SYMBOLS_PRIVATE_EXTERN = NO;
				GCC_WARN_64_TO_32_BIT_CONVERSION = YES;
				GCC_WARN_ABOUT_RETURN_TYPE = YES_ERROR;
				GCC_WARN_UNDECLARED_SELECTOR = YES;
				GCC_WARN_UNINITIALIZED_AUTOS = YES;
				GCC_WARN_UNUSED_FUNCTION = YES;
				GCC_WARN_UNUSED_VARIABLE = YES;
				IPHONEOS_DEPLOYMENT_TARGET = 7.0;
				ONLY_ACTIVE_ARCH = YES;
				PRODUCT_MODULE_NAME = Embassat;
				SDKROOT = iphoneos;
			};
			name = Debug;
		};
		8C04EF7018CB8F09008FBC9B /* Release */ = {
			isa = XCBuildConfiguration;
			buildSettings = {
				ALWAYS_SEARCH_USER_PATHS = NO;
				CLANG_CXX_LANGUAGE_STANDARD = "gnu++0x";
				CLANG_CXX_LIBRARY = "libc++";
				CLANG_ENABLE_MODULES = YES;
				CLANG_ENABLE_OBJC_ARC = YES;
				CLANG_WARN_BOOL_CONVERSION = YES;
				CLANG_WARN_CONSTANT_CONVERSION = YES;
				CLANG_WARN_DIRECT_OBJC_ISA_USAGE = YES_ERROR;
				CLANG_WARN_EMPTY_BODY = YES;
				CLANG_WARN_ENUM_CONVERSION = YES;
				CLANG_WARN_INT_CONVERSION = YES;
				CLANG_WARN_OBJC_ROOT_CLASS = YES_ERROR;
				CLANG_WARN__DUPLICATE_METHOD_MATCH = YES;
				"CODE_SIGN_IDENTITY[sdk=iphoneos*]" = "iPhone Developer";
				COPY_PHASE_STRIP = YES;
				DEFINES_MODULE = YES;
				EMBEDDED_CONTENT_CONTAINS_SWIFT = YES;
				ENABLE_NS_ASSERTIONS = NO;
				GCC_C_LANGUAGE_STANDARD = gnu99;
				GCC_WARN_64_TO_32_BIT_CONVERSION = YES;
				GCC_WARN_ABOUT_RETURN_TYPE = YES_ERROR;
				GCC_WARN_UNDECLARED_SELECTOR = YES;
				GCC_WARN_UNINITIALIZED_AUTOS = YES;
				GCC_WARN_UNUSED_FUNCTION = YES;
				GCC_WARN_UNUSED_VARIABLE = YES;
				IPHONEOS_DEPLOYMENT_TARGET = 7.0;
				PRODUCT_MODULE_NAME = Embassat;
				SDKROOT = iphoneos;
				VALIDATE_PRODUCT = YES;
			};
			name = Release;
		};
		8C04EF7218CB8F09008FBC9B /* Debug */ = {
			isa = XCBuildConfiguration;
			baseConfigurationReference = 277C6F1D0A9003401A9C907C /* Pods.debug.xcconfig */;
			buildSettings = {
				CLANG_ENABLE_MODULES = YES;
				CODE_SIGN_IDENTITY = "iPhone Developer";
				FRAMEWORK_SEARCH_PATHS = "$(inherited)";
				GCC_PRECOMPILE_PREFIX_HEADER = YES;
				GCC_PREFIX_HEADER = "Embassat/Embassa't-Prefix.pch";
				INFOPLIST_FILE = "Embassat/Embassa't-Info.plist";
				LD_RUNPATH_SEARCH_PATHS = "$(inherited) @executable_path/Frameworks";
				PRODUCT_NAME = "Embassa't";
				SWIFT_OBJC_BRIDGING_HEADER = "Embassat/Base/Embassa't-Bridging-Header.h";
				SWIFT_OPTIMIZATION_LEVEL = "-Onone";
				WRAPPER_EXTENSION = app;
			};
			name = Debug;
		};
		8C04EF7318CB8F09008FBC9B /* Release */ = {
			isa = XCBuildConfiguration;
			baseConfigurationReference = D16AF894416306787E8EA880 /* Pods.release.xcconfig */;
			buildSettings = {
				CLANG_ENABLE_MODULES = YES;
				CODE_SIGN_IDENTITY = "iPhone Distribution: Pol Solsona (32S972F3NM)";
				FRAMEWORK_SEARCH_PATHS = "$(inherited)";
				GCC_PRECOMPILE_PREFIX_HEADER = YES;
				GCC_PREFIX_HEADER = "Embassat/Embassa't-Prefix.pch";
				INFOPLIST_FILE = "Embassat/Embassa't-Info.plist";
				LD_RUNPATH_SEARCH_PATHS = "$(inherited) @executable_path/Frameworks";
				PRODUCT_NAME = "Embassa't";
				SWIFT_OBJC_BRIDGING_HEADER = "Embassat/Base/Embassa't-Bridging-Header.h";
				WRAPPER_EXTENSION = app;
			};
			name = Release;
		};
		8C4BC4471AFBC48700215DED /* Debug */ = {
			isa = XCBuildConfiguration;
			buildSettings = {
				BUNDLE_LOADER = "$(TEST_HOST)";
				CLANG_WARN_UNREACHABLE_CODE = YES;
				DEBUG_INFORMATION_FORMAT = "dwarf-with-dsym";
				ENABLE_STRICT_OBJC_MSGSEND = YES;
				FRAMEWORK_SEARCH_PATHS = (
					"$(SDKROOT)/Developer/Library/Frameworks",
					"$(inherited)",
				);
				GCC_NO_COMMON_BLOCKS = YES;
				GCC_PREPROCESSOR_DEFINITIONS = (
					"DEBUG=1",
					"$(inherited)",
				);
				GCC_WARN_UNINITIALIZED_AUTOS = YES_AGGRESSIVE;
				INFOPLIST_FILE = "Embassa't Tests/Info.plist";
				IPHONEOS_DEPLOYMENT_TARGET = 8.3;
				LD_RUNPATH_SEARCH_PATHS = "$(inherited) @executable_path/Frameworks @loader_path/Frameworks";
				MTL_ENABLE_DEBUG_INFO = YES;
				PRODUCT_NAME = "$(TARGET_NAME)";
				TEST_HOST = "$(BUILT_PRODUCTS_DIR)/Embassa't.app/Embassa't";
			};
			name = Debug;
		};
		8C4BC4481AFBC48700215DED /* Release */ = {
			isa = XCBuildConfiguration;
			buildSettings = {
				BUNDLE_LOADER = "$(TEST_HOST)";
				CLANG_WARN_UNREACHABLE_CODE = YES;
				COPY_PHASE_STRIP = NO;
				DEBUG_INFORMATION_FORMAT = "dwarf-with-dsym";
				ENABLE_STRICT_OBJC_MSGSEND = YES;
				FRAMEWORK_SEARCH_PATHS = (
					"$(SDKROOT)/Developer/Library/Frameworks",
					"$(inherited)",
				);
				GCC_NO_COMMON_BLOCKS = YES;
				GCC_WARN_UNINITIALIZED_AUTOS = YES_AGGRESSIVE;
				INFOPLIST_FILE = "Embassa't Tests/Info.plist";
				IPHONEOS_DEPLOYMENT_TARGET = 8.3;
				LD_RUNPATH_SEARCH_PATHS = "$(inherited) @executable_path/Frameworks @loader_path/Frameworks";
				MTL_ENABLE_DEBUG_INFO = NO;
				PRODUCT_NAME = "$(TARGET_NAME)";
				TEST_HOST = "$(BUILT_PRODUCTS_DIR)/Embassa't.app/Embassa't";
			};
			name = Release;
		};
/* End XCBuildConfiguration section */

/* Begin XCConfigurationList section */
		8C04EF4018CB8F09008FBC9B /* Build configuration list for PBXProject "Embassa't" */ = {
			isa = XCConfigurationList;
			buildConfigurations = (
				8C04EF6F18CB8F09008FBC9B /* Debug */,
				8C04EF7018CB8F09008FBC9B /* Release */,
			);
			defaultConfigurationIsVisible = 0;
			defaultConfigurationName = Release;
		};
		8C04EF7118CB8F09008FBC9B /* Build configuration list for PBXNativeTarget "Embassa't" */ = {
			isa = XCConfigurationList;
			buildConfigurations = (
				8C04EF7218CB8F09008FBC9B /* Debug */,
				8C04EF7318CB8F09008FBC9B /* Release */,
			);
			defaultConfigurationIsVisible = 0;
			defaultConfigurationName = Release;
		};
		8C4BC4461AFBC48700215DED /* Build configuration list for PBXNativeTarget "Embassa't Tests" */ = {
			isa = XCConfigurationList;
			buildConfigurations = (
				8C4BC4471AFBC48700215DED /* Debug */,
				8C4BC4481AFBC48700215DED /* Release */,
			);
			defaultConfigurationIsVisible = 0;
			defaultConfigurationName = Release;
		};
/* End XCConfigurationList section */
	};
	rootObject = 8C04EF3D18CB8F09008FBC9B /* Project object */;
}
