<?xml version="1.0" encoding="UTF-8"?>
<!DOCTYPE plist PUBLIC "-//Apple//DTD PLIST 1.0//EN" "http://www.apple.com/DTDs/PropertyList-1.0.dtd">
<plist version="1.0">
<dict>
	<key>archiveVersion</key>
	<string>1</string>
	<key>classes</key>
	<dict/>
	<key>objectVersion</key>
	<string>46</string>
	<key>objects</key>
	<dict>
		<key>0AFF764812F04CAB8F77B674</key>
		<dict>
			<key>buildActionMask</key>
			<string>2147483647</string>
			<key>files</key>
			<array/>
			<key>inputPaths</key>
			<array/>
			<key>isa</key>
			<string>PBXShellScriptBuildPhase</string>
			<key>name</key>
			<string>Check Pods Manifest.lock</string>
			<key>outputPaths</key>
			<array/>
			<key>runOnlyForDeploymentPostprocessing</key>
			<string>0</string>
			<key>shellPath</key>
			<string>/bin/sh</string>
			<key>shellScript</key>
			<string>diff "${PODS_ROOT}/../Podfile.lock" "${PODS_ROOT}/Manifest.lock" &gt; /dev/null
if [[ $? != 0 ]] ; then
    cat &lt;&lt; EOM
error: The sandbox is not in sync with the Podfile.lock. Run 'pod install' or update your CocoaPods installation.
EOM
    exit 1
fi
</string>
			<key>showEnvVarsInLog</key>
			<string>0</string>
		</dict>
		<key>277C6F1D0A9003401A9C907C</key>
		<dict>
			<key>includeInIndex</key>
			<string>1</string>
			<key>isa</key>
			<string>PBXFileReference</string>
			<key>lastKnownFileType</key>
			<string>text.xcconfig</string>
			<key>name</key>
			<string>Pods.debug.xcconfig</string>
			<key>path</key>
			<string>Pods/Target Support Files/Pods/Pods.debug.xcconfig</string>
			<key>sourceTree</key>
			<string>&lt;group&gt;</string>
		</dict>
		<key>62A7F2D288564154C05FBF8C</key>
		<dict>
			<key>fileRef</key>
			<string>BDDDAC266F52D12D4F511623</string>
			<key>isa</key>
			<string>PBXBuildFile</string>
		</dict>
		<key>8BD4A5061CC97D290082AE37</key>
		<dict>
			<key>isa</key>
			<string>PBXFileReference</string>
			<key>lastKnownFileType</key>
			<string>archive.ar</string>
			<key>name</key>
			<string>libyoutube-ios-player-helper.a</string>
			<key>path</key>
			<string>../../Library/Developer/Xcode/DerivedData/Embassa't-ftbfzshfmcjfnbflvseyitxzrlqr/Build/Products/Debug-iphonesimulator/libyoutube-ios-player-helper.a</string>
			<key>sourceTree</key>
			<string>&lt;group&gt;</string>
		</dict>
		<key>8C04EF3C18CB8F09008FBC9B</key>
		<dict>
			<key>children</key>
			<array>
				<string>8C04EF4E18CB8F09008FBC9B</string>
				<string>8C04EF4718CB8F09008FBC9B</string>
				<string>8C04EF4618CB8F09008FBC9B</string>
				<string>D68B517AE41204179CC3A455</string>
			</array>
			<key>isa</key>
			<string>PBXGroup</string>
			<key>sourceTree</key>
			<string>&lt;group&gt;</string>
		</dict>
		<key>8C04EF3D18CB8F09008FBC9B</key>
		<dict>
			<key>attributes</key>
			<dict>
				<key>CLASSPREFIX</key>
				<string>CAD</string>
				<key>LastSwiftMigration</key>
				<string>0700</string>
				<key>LastSwiftUpdateCheck</key>
				<string>0700</string>
				<key>LastUpgradeCheck</key>
				<string>0700</string>
				<key>ORGANIZATIONNAME</key>
				<string>Crows And Dogs</string>
				<key>TargetAttributes</key>
				<dict>
					<key>8C04EF4418CB8F09008FBC9B</key>
					<dict>
						<key>DevelopmentTeam</key>
						<string>32S972F3NM</string>
					</dict>
				</dict>
			</dict>
			<key>buildConfigurationList</key>
			<string>8C04EF4018CB8F09008FBC9B</string>
			<key>compatibilityVersion</key>
			<string>Xcode 3.2</string>
			<key>developmentRegion</key>
			<string>English</string>
			<key>hasScannedForEncodings</key>
			<string>0</string>
			<key>isa</key>
			<string>PBXProject</string>
			<key>knownRegions</key>
			<array>
				<string>en</string>
			</array>
			<key>mainGroup</key>
			<string>8C04EF3C18CB8F09008FBC9B</string>
			<key>productRefGroup</key>
			<string>8C04EF4618CB8F09008FBC9B</string>
			<key>projectDirPath</key>
			<string></string>
			<key>projectReferences</key>
			<array/>
			<key>projectRoot</key>
			<string></string>
			<key>targets</key>
			<array>
				<string>8C04EF4418CB8F09008FBC9B</string>
			</array>
		</dict>
		<key>8C04EF4018CB8F09008FBC9B</key>
		<dict>
			<key>buildConfigurations</key>
			<array>
				<string>8C04EF6F18CB8F09008FBC9B</string>
				<string>8C04EF7018CB8F09008FBC9B</string>
			</array>
			<key>defaultConfigurationIsVisible</key>
			<string>0</string>
			<key>defaultConfigurationName</key>
			<string>Release</string>
			<key>isa</key>
			<string>XCConfigurationList</string>
		</dict>
		<key>8C04EF4118CB8F09008FBC9B</key>
		<dict>
			<key>buildActionMask</key>
			<string>2147483647</string>
			<key>files</key>
			<array>
				<string>8C8BA6E91B07BE1600896D11</string>
				<string>8C8BA6D11B07800600896D11</string>
				<string>8CE72FFD1B13CA3200698D4A</string>
				<string>8C8BA6ED1B08D41100896D11</string>
				<string>8C1FF3461B03F7C400078E15</string>
				<string>8C1FF34E1B04CDB700078E15</string>
				<string>8CF193451BB49AB200B7D929</string>
				<string>8CF193361BB35DFD00B7D929</string>
				<string>8CE72FEA1B137C6D00698D4A</string>
				<string>8C1FF3421B03CC2900078E15</string>
				<string>8C8BA6EF1B08DF8E00896D11</string>
				<string>8CA0CE821B038E3E00BC04B0</string>
				<string>8CE72FE41B13707100698D4A</string>
				<string>8CC682E41B1256BE00FD2216</string>
				<string>8CE72FE61B1372D800698D4A</string>
				<string>8C04EF5518CB8F09008FBC9B</string>
				<string>8CF193411BB3F24900B7D929</string>
				<string>8C8BA6D71B07AE0400896D11</string>
				<string>8CE72FF41B138F2700698D4A</string>
				<string>8CB1B5C71B11FDDD00D1A477</string>
				<string>8CF193381BB360DE00B7D929</string>
				<string>8CE72FE81B137AD800698D4A</string>
				<string>8CE72FEC1B13839500698D4A</string>
				<string>8CE72FF91B13C86700698D4A</string>
				<string>8C1FF3401B03C9EF00078E15</string>
				<string>8C04EF5918CB8F09008FBC9B</string>
				<string>8C8BA6EB1B08C33900896D11</string>
				<string>8CE72FF21B138A0100698D4A</string>
				<string>8C8BA6CF1B06758000896D11</string>
				<string>8CF1933F1BB3EF5400B7D929</string>
				<string>8CC682E21B12550400FD2216</string>
				<string>8CE72FFF1B13CADC00698D4A</string>
				<string>8C1FF34C1B04CD1D00078E15</string>
				<string>8CC682E81B125DFA00FD2216</string>
				<string>8CC682E61B12585F00FD2216</string>
				<string>8CC682EA1B12613100FD2216</string>
				<string>8CC682EC1B126F1F00FD2216</string>
				<string>8CC682EE1B128D9200FD2216</string>
				<string>8C35AE081B0105C30014331F</string>
			</array>
			<key>isa</key>
			<string>PBXSourcesBuildPhase</string>
			<key>runOnlyForDeploymentPostprocessing</key>
			<string>0</string>
		</dict>
		<key>8C04EF4218CB8F09008FBC9B</key>
		<dict>
			<key>buildActionMask</key>
			<string>2147483647</string>
			<key>files</key>
			<array>
				<string>8CF193431BB3F89400B7D929</string>
				<string>8CF1933A1BB3E9FA00B7D929</string>
				<string>8CF193341BB35D6400B7D929</string>
				<string>8CF193321BB3554400B7D929</string>
				<string>8CA1D4131947CC0B0095067C</string>
				<string>8C04EF4B18CB8F09008FBC9B</string>
				<string>8C04EF4D18CB8F09008FBC9B</string>
				<string>8C04EF4918CB8F09008FBC9B</string>
				<string>62A7F2D288564154C05FBF8C</string>
			</array>
			<key>isa</key>
			<string>PBXFrameworksBuildPhase</string>
			<key>runOnlyForDeploymentPostprocessing</key>
			<string>0</string>
		</dict>
		<key>8C04EF4318CB8F09008FBC9B</key>
		<dict>
			<key>buildActionMask</key>
			<string>2147483647</string>
			<key>files</key>
			<array>
				<string>8CEF6826193BDD120001B801</string>
				<string>8C8D83CD1B0E482C00CD8CA4</string>
				<string>8CDBF1A018DDC3DB002C6E50</string>
				<string>8C04EF8B18CB9408008FBC9B</string>
				<string>8C04EF5318CB8F09008FBC9B</string>
				<string>8CCA1B8618FC718900B0C60C</string>
				<string>8C774F71192EC0B9000D5062</string>
				<string>8CE72FE11B136FEC00698D4A</string>
				<string>8C23D60918FAD6FC00B3C106</string>
				<string>8CB6C69B18E8B919008D19FE</string>
				<string>8C8D83BD1B0BC45D00CD8CA4</string>
				<string>8CA1D41D1948FAAE0095067C</string>
				<string>8C23D60C18FAD6FC00B3C106</string>
				<string>8C8D83C81B0E2E2000CD8CA4</string>
				<string>8CAEB345192BFA060017CF29</string>
				<string>8C8D83B81B0BC40300CD8CA4</string>
				<string>8CB6C69A18E8B919008D19FE</string>
				<string>8CAABD5A18E37162005431B9</string>
				<string>8C23D62918FB001F00B3C106</string>
				<string>8C23D62818FB001F00B3C106</string>
				<string>8C04EF5B18CB8F09008FBC9B</string>
				<string>8C8D83CB1B0E2E2000CD8CA4</string>
				<string>8C8D83CA1B0E2E2000CD8CA4</string>
				<string>8C774F74192EC39A000D5062</string>
				<string>8C774F5F192D682B000D5062</string>
				<string>8C23D60A18FAD6FC00B3C106</string>
				<string>8C23D61618FAD96600B3C106</string>
				<string>8CE72FF71B13C70F00698D4A</string>
				<string>8C6BCB3B1B0A8F80000E019F</string>
				<string>8C23D62618FB001F00B3C106</string>
				<string>8CB6C69418E8B3D6008D19FE</string>
				<string>8CEF6825193BDD120001B801</string>
				<string>8C23D60B18FAD6FC00B3C106</string>
				<string>8C6BCB3A1B0A8F80000E019F</string>
				<string>8C774F72192EC0B9000D5062</string>
				<string>8CAEB33D192BF7AB0017CF29</string>
				<string>8C8D83C91B0E2E2000CD8CA4</string>
				<string>8C23D61118FAD7FE00B3C106</string>
			</array>
			<key>isa</key>
			<string>PBXResourcesBuildPhase</string>
			<key>runOnlyForDeploymentPostprocessing</key>
			<string>0</string>
		</dict>
		<key>8C04EF4418CB8F09008FBC9B</key>
		<dict>
			<key>buildConfigurationList</key>
			<string>8C04EF7118CB8F09008FBC9B</string>
			<key>buildPhases</key>
			<array>
				<string>0AFF764812F04CAB8F77B674</string>
				<string>8C04EF4118CB8F09008FBC9B</string>
				<string>8C04EF4218CB8F09008FBC9B</string>
				<string>8C04EF4318CB8F09008FBC9B</string>
				<string>B9D815959B1D4CC4AA727FD4</string>
				<string>8CF193421BB3F67C00B7D929</string>
			</array>
			<key>buildRules</key>
			<array/>
			<key>dependencies</key>
			<array/>
			<key>isa</key>
			<string>PBXNativeTarget</string>
			<key>name</key>
			<string>Embassa't</string>
			<key>productName</key>
			<string>Embassat</string>
			<key>productReference</key>
			<string>8C04EF4518CB8F09008FBC9B</string>
			<key>productType</key>
			<string>com.apple.product-type.application</string>
		</dict>
		<key>8C04EF4518CB8F09008FBC9B</key>
		<dict>
			<key>explicitFileType</key>
			<string>wrapper.application</string>
			<key>includeInIndex</key>
			<string>0</string>
			<key>isa</key>
			<string>PBXFileReference</string>
			<key>path</key>
			<string>Embassa't.app</string>
			<key>sourceTree</key>
			<string>BUILT_PRODUCTS_DIR</string>
		</dict>
		<key>8C04EF4618CB8F09008FBC9B</key>
		<dict>
			<key>children</key>
			<array>
				<string>8C04EF4518CB8F09008FBC9B</string>
			</array>
			<key>isa</key>
			<string>PBXGroup</string>
			<key>name</key>
			<string>Products</string>
			<key>sourceTree</key>
			<string>&lt;group&gt;</string>
		</dict>
		<key>8C04EF4718CB8F09008FBC9B</key>
		<dict>
			<key>children</key>
			<array>
				<string>8BD4A5061CC97D290082AE37</string>
				<string>8CF1933B1BB3EBDB00B7D929</string>
				<string>8CF193391BB3E9FA00B7D929</string>
				<string>8CF193331BB35D6400B7D929</string>
				<string>8CF193311BB3554400B7D929</string>
				<string>8CA1D4121947CC0B0095067C</string>
				<string>8C04EF4818CB8F09008FBC9B</string>
				<string>8C04EF4A18CB8F09008FBC9B</string>
				<string>8C04EF4C18CB8F09008FBC9B</string>
				<string>8C04EF6118CB8F09008FBC9B</string>
				<string>BDDDAC266F52D12D4F511623</string>
			</array>
			<key>isa</key>
			<string>PBXGroup</string>
			<key>name</key>
			<string>Frameworks</string>
			<key>sourceTree</key>
			<string>&lt;group&gt;</string>
		</dict>
		<key>8C04EF4818CB8F09008FBC9B</key>
		<dict>
			<key>isa</key>
			<string>PBXFileReference</string>
			<key>lastKnownFileType</key>
			<string>wrapper.framework</string>
			<key>name</key>
			<string>Foundation.framework</string>
			<key>path</key>
			<string>System/Library/Frameworks/Foundation.framework</string>
			<key>sourceTree</key>
			<string>SDKROOT</string>
		</dict>
		<key>8C04EF4918CB8F09008FBC9B</key>
		<dict>
			<key>fileRef</key>
			<string>8C04EF4818CB8F09008FBC9B</string>
			<key>isa</key>
			<string>PBXBuildFile</string>
		</dict>
		<key>8C04EF4A18CB8F09008FBC9B</key>
		<dict>
			<key>isa</key>
			<string>PBXFileReference</string>
			<key>lastKnownFileType</key>
			<string>wrapper.framework</string>
			<key>name</key>
			<string>CoreGraphics.framework</string>
			<key>path</key>
			<string>System/Library/Frameworks/CoreGraphics.framework</string>
			<key>sourceTree</key>
			<string>SDKROOT</string>
		</dict>
		<key>8C04EF4B18CB8F09008FBC9B</key>
		<dict>
			<key>fileRef</key>
			<string>8C04EF4A18CB8F09008FBC9B</string>
			<key>isa</key>
			<string>PBXBuildFile</string>
		</dict>
		<key>8C04EF4C18CB8F09008FBC9B</key>
		<dict>
			<key>isa</key>
			<string>PBXFileReference</string>
			<key>lastKnownFileType</key>
			<string>wrapper.framework</string>
			<key>name</key>
			<string>UIKit.framework</string>
			<key>path</key>
			<string>System/Library/Frameworks/UIKit.framework</string>
			<key>sourceTree</key>
			<string>SDKROOT</string>
		</dict>
		<key>8C04EF4D18CB8F09008FBC9B</key>
		<dict>
			<key>fileRef</key>
			<string>8C04EF4C18CB8F09008FBC9B</string>
			<key>isa</key>
			<string>PBXBuildFile</string>
		</dict>
		<key>8C04EF4E18CB8F09008FBC9B</key>
		<dict>
			<key>children</key>
			<array>
				<string>8C04EF7918CB9341008FBC9B</string>
				<string>8C04EF5718CB8F09008FBC9B</string>
				<string>8C04EF5818CB8F09008FBC9B</string>
				<string>8C04EF7D18CB9353008FBC9B</string>
				<string>8C04EF5A18CB8F09008FBC9B</string>
				<string>8C04EF9418CBCF19008FBC9B</string>
				<string>8CDBF19518DDB9D9002C6E50</string>
				<string>8C35AE061B0105A20014331F</string>
				<string>8C04EF4F18CB8F09008FBC9B</string>
				<string>8C04EF7718CB91D2008FBC9B</string>
			</array>
			<key>isa</key>
			<string>PBXGroup</string>
			<key>path</key>
			<string>Embassat</string>
			<key>sourceTree</key>
			<string>&lt;group&gt;</string>
		</dict>
		<key>8C04EF4F18CB8F09008FBC9B</key>
		<dict>
			<key>children</key>
			<array>
				<string>8CE72FF51B139C2800698D4A</string>
				<string>8C04EF5018CB8F09008FBC9B</string>
				<string>8C04EF5618CB8F09008FBC9B</string>
				<string>8C04EF5118CB8F09008FBC9B</string>
				<string>8C04EF5418CB8F09008FBC9B</string>
			</array>
			<key>isa</key>
			<string>PBXGroup</string>
			<key>name</key>
			<string>Supporting Files</string>
			<key>sourceTree</key>
			<string>&lt;group&gt;</string>
		</dict>
		<key>8C04EF5018CB8F09008FBC9B</key>
		<dict>
			<key>isa</key>
			<string>PBXFileReference</string>
			<key>lastKnownFileType</key>
			<string>text.plist.xml</string>
			<key>path</key>
			<string>Embassa't-Info.plist</string>
			<key>sourceTree</key>
			<string>&lt;group&gt;</string>
		</dict>
		<key>8C04EF5118CB8F09008FBC9B</key>
		<dict>
			<key>children</key>
			<array>
				<string>8C04EF5218CB8F09008FBC9B</string>
			</array>
			<key>isa</key>
			<string>PBXVariantGroup</string>
			<key>name</key>
			<string>InfoPlist.strings</string>
			<key>sourceTree</key>
			<string>&lt;group&gt;</string>
		</dict>
		<key>8C04EF5218CB8F09008FBC9B</key>
		<dict>
			<key>isa</key>
			<string>PBXFileReference</string>
			<key>lastKnownFileType</key>
			<string>text.plist.strings</string>
			<key>name</key>
			<string>en</string>
			<key>path</key>
			<string>en.lproj/InfoPlist.strings</string>
			<key>sourceTree</key>
			<string>&lt;group&gt;</string>
		</dict>
		<key>8C04EF5318CB8F09008FBC9B</key>
		<dict>
			<key>fileRef</key>
			<string>8C04EF5118CB8F09008FBC9B</string>
			<key>isa</key>
			<string>PBXBuildFile</string>
		</dict>
		<key>8C04EF5418CB8F09008FBC9B</key>
		<dict>
			<key>isa</key>
			<string>PBXFileReference</string>
			<key>lastKnownFileType</key>
			<string>sourcecode.c.objc</string>
			<key>path</key>
			<string>main.m</string>
			<key>sourceTree</key>
			<string>&lt;group&gt;</string>
		</dict>
		<key>8C04EF5518CB8F09008FBC9B</key>
		<dict>
			<key>fileRef</key>
			<string>8C04EF5418CB8F09008FBC9B</string>
			<key>isa</key>
			<string>PBXBuildFile</string>
		</dict>
		<key>8C04EF5618CB8F09008FBC9B</key>
		<dict>
			<key>isa</key>
			<string>PBXFileReference</string>
			<key>lastKnownFileType</key>
			<string>sourcecode.c.h</string>
			<key>path</key>
			<string>Embassa't-Prefix.pch</string>
			<key>sourceTree</key>
			<string>&lt;group&gt;</string>
		</dict>
		<key>8C04EF5718CB8F09008FBC9B</key>
		<dict>
			<key>isa</key>
			<string>PBXFileReference</string>
			<key>lastKnownFileType</key>
			<string>sourcecode.c.h</string>
			<key>path</key>
			<string>CADAppDelegate.h</string>
			<key>sourceTree</key>
			<string>&lt;group&gt;</string>
		</dict>
		<key>8C04EF5818CB8F09008FBC9B</key>
		<dict>
			<key>isa</key>
			<string>PBXFileReference</string>
			<key>lastKnownFileType</key>
			<string>sourcecode.c.objc</string>
			<key>path</key>
			<string>CADAppDelegate.m</string>
			<key>sourceTree</key>
			<string>&lt;group&gt;</string>
		</dict>
		<key>8C04EF5918CB8F09008FBC9B</key>
		<dict>
			<key>fileRef</key>
			<string>8C04EF5818CB8F09008FBC9B</string>
			<key>isa</key>
			<string>PBXBuildFile</string>
		</dict>
		<key>8C04EF5A18CB8F09008FBC9B</key>
		<dict>
			<key>isa</key>
			<string>PBXFileReference</string>
			<key>lastKnownFileType</key>
			<string>folder.assetcatalog</string>
			<key>path</key>
			<string>Images.xcassets</string>
			<key>sourceTree</key>
			<string>&lt;group&gt;</string>
		</dict>
		<key>8C04EF5B18CB8F09008FBC9B</key>
		<dict>
			<key>fileRef</key>
			<string>8C04EF5A18CB8F09008FBC9B</string>
			<key>isa</key>
			<string>PBXBuildFile</string>
		</dict>
		<key>8C04EF6118CB8F09008FBC9B</key>
		<dict>
			<key>isa</key>
			<string>PBXFileReference</string>
			<key>lastKnownFileType</key>
			<string>wrapper.framework</string>
			<key>name</key>
			<string>XCTest.framework</string>
			<key>path</key>
			<string>Library/Frameworks/XCTest.framework</string>
			<key>sourceTree</key>
			<string>DEVELOPER_DIR</string>
		</dict>
		<key>8C04EF6F18CB8F09008FBC9B</key>
		<dict>
			<key>buildSettings</key>
			<dict>
				<key>ALWAYS_SEARCH_USER_PATHS</key>
				<string>NO</string>
				<key>CLANG_CXX_LANGUAGE_STANDARD</key>
				<string>gnu++0x</string>
				<key>CLANG_CXX_LIBRARY</key>
				<string>libc++</string>
				<key>CLANG_ENABLE_MODULES</key>
				<string>YES</string>
				<key>CLANG_ENABLE_OBJC_ARC</key>
				<string>YES</string>
				<key>CLANG_WARN_BOOL_CONVERSION</key>
				<string>YES</string>
				<key>CLANG_WARN_CONSTANT_CONVERSION</key>
				<string>YES</string>
				<key>CLANG_WARN_DIRECT_OBJC_ISA_USAGE</key>
				<string>YES_ERROR</string>
				<key>CLANG_WARN_EMPTY_BODY</key>
				<string>YES</string>
				<key>CLANG_WARN_ENUM_CONVERSION</key>
				<string>YES</string>
				<key>CLANG_WARN_INT_CONVERSION</key>
				<string>YES</string>
				<key>CLANG_WARN_OBJC_ROOT_CLASS</key>
				<string>YES_ERROR</string>
				<key>CLANG_WARN__DUPLICATE_METHOD_MATCH</key>
				<string>YES</string>
				<key>CODE_SIGN_IDENTITY[sdk=iphoneos*]</key>
				<string>iPhone Developer</string>
				<key>COPY_PHASE_STRIP</key>
				<string>NO</string>
				<key>DEFINES_MODULE</key>
				<string>YES</string>
				<key>EMBEDDED_CONTENT_CONTAINS_SWIFT</key>
				<string>YES</string>
				<key>ENABLE_TESTABILITY</key>
				<string>YES</string>
				<key>GCC_C_LANGUAGE_STANDARD</key>
				<string>gnu99</string>
				<key>GCC_DYNAMIC_NO_PIC</key>
				<string>NO</string>
				<key>GCC_OPTIMIZATION_LEVEL</key>
				<string>0</string>
				<key>GCC_PREPROCESSOR_DEFINITIONS</key>
				<array>
					<string>DEBUG=1</string>
					<string>$(inherited)</string>
				</array>
				<key>GCC_SYMBOLS_PRIVATE_EXTERN</key>
				<string>NO</string>
				<key>GCC_WARN_64_TO_32_BIT_CONVERSION</key>
				<string>YES</string>
				<key>GCC_WARN_ABOUT_RETURN_TYPE</key>
				<string>YES_ERROR</string>
				<key>GCC_WARN_UNDECLARED_SELECTOR</key>
				<string>YES</string>
				<key>GCC_WARN_UNINITIALIZED_AUTOS</key>
				<string>YES</string>
				<key>GCC_WARN_UNUSED_FUNCTION</key>
				<string>YES</string>
				<key>GCC_WARN_UNUSED_VARIABLE</key>
				<string>YES</string>
				<key>IPHONEOS_DEPLOYMENT_TARGET</key>
				<string>8.0</string>
				<key>ONLY_ACTIVE_ARCH</key>
				<string>YES</string>
				<key>PRODUCT_MODULE_NAME</key>
				<string>Embassat</string>
				<key>SDKROOT</key>
				<string>iphoneos</string>
			</dict>
			<key>isa</key>
			<string>XCBuildConfiguration</string>
			<key>name</key>
			<string>Debug</string>
		</dict>
		<key>8C04EF7018CB8F09008FBC9B</key>
		<dict>
			<key>buildSettings</key>
			<dict>
				<key>ALWAYS_SEARCH_USER_PATHS</key>
				<string>NO</string>
				<key>CLANG_CXX_LANGUAGE_STANDARD</key>
				<string>gnu++0x</string>
				<key>CLANG_CXX_LIBRARY</key>
				<string>libc++</string>
				<key>CLANG_ENABLE_MODULES</key>
				<string>YES</string>
				<key>CLANG_ENABLE_OBJC_ARC</key>
				<string>YES</string>
				<key>CLANG_WARN_BOOL_CONVERSION</key>
				<string>YES</string>
				<key>CLANG_WARN_CONSTANT_CONVERSION</key>
				<string>YES</string>
				<key>CLANG_WARN_DIRECT_OBJC_ISA_USAGE</key>
				<string>YES_ERROR</string>
				<key>CLANG_WARN_EMPTY_BODY</key>
				<string>YES</string>
				<key>CLANG_WARN_ENUM_CONVERSION</key>
				<string>YES</string>
				<key>CLANG_WARN_INT_CONVERSION</key>
				<string>YES</string>
				<key>CLANG_WARN_OBJC_ROOT_CLASS</key>
				<string>YES_ERROR</string>
				<key>CLANG_WARN__DUPLICATE_METHOD_MATCH</key>
				<string>YES</string>
				<key>CODE_SIGN_IDENTITY[sdk=iphoneos*]</key>
				<string>iPhone Developer</string>
				<key>COPY_PHASE_STRIP</key>
				<string>YES</string>
				<key>DEFINES_MODULE</key>
				<string>YES</string>
				<key>EMBEDDED_CONTENT_CONTAINS_SWIFT</key>
				<string>YES</string>
				<key>ENABLE_NS_ASSERTIONS</key>
				<string>NO</string>
				<key>GCC_C_LANGUAGE_STANDARD</key>
				<string>gnu99</string>
				<key>GCC_WARN_64_TO_32_BIT_CONVERSION</key>
				<string>YES</string>
				<key>GCC_WARN_ABOUT_RETURN_TYPE</key>
				<string>YES_ERROR</string>
				<key>GCC_WARN_UNDECLARED_SELECTOR</key>
				<string>YES</string>
				<key>GCC_WARN_UNINITIALIZED_AUTOS</key>
				<string>YES</string>
				<key>GCC_WARN_UNUSED_FUNCTION</key>
				<string>YES</string>
				<key>GCC_WARN_UNUSED_VARIABLE</key>
				<string>YES</string>
				<key>IPHONEOS_DEPLOYMENT_TARGET</key>
				<string>8.0</string>
				<key>PRODUCT_MODULE_NAME</key>
				<string>Embassat</string>
				<key>SDKROOT</key>
				<string>iphoneos</string>
				<key>VALIDATE_PRODUCT</key>
				<string>YES</string>
			</dict>
			<key>isa</key>
			<string>XCBuildConfiguration</string>
			<key>name</key>
			<string>Release</string>
		</dict>
		<key>8C04EF7118CB8F09008FBC9B</key>
		<dict>
			<key>buildConfigurations</key>
			<array>
				<string>8C04EF7218CB8F09008FBC9B</string>
				<string>8C04EF7318CB8F09008FBC9B</string>
			</array>
			<key>defaultConfigurationIsVisible</key>
			<string>0</string>
			<key>defaultConfigurationName</key>
			<string>Release</string>
			<key>isa</key>
			<string>XCConfigurationList</string>
		</dict>
		<key>8C04EF7218CB8F09008FBC9B</key>
		<dict>
			<key>baseConfigurationReference</key>
			<string>277C6F1D0A9003401A9C907C</string>
			<key>buildSettings</key>
			<dict>
				<key>CLANG_ENABLE_MODULES</key>
				<string>YES</string>
				<key>CODE_SIGN_IDENTITY</key>
				<string>iPhone Developer</string>
				<key>ENABLE_BITCODE</key>
				<string>NO</string>
				<key>FRAMEWORK_SEARCH_PATHS</key>
				<array>
					<string>$(inherited)</string>
					<string>$(PROJECT_DIR)/Carthage/Build/iOS</string>
				</array>
				<key>GCC_PRECOMPILE_PREFIX_HEADER</key>
				<string>YES</string>
				<key>GCC_PREFIX_HEADER</key>
				<string>Embassat/Embassa't-Prefix.pch</string>
				<key>INFOPLIST_FILE</key>
				<string>Embassat/Embassa't-Info.plist</string>
				<key>IPHONEOS_DEPLOYMENT_TARGET</key>
				<string>8.0</string>
				<key>LD_RUNPATH_SEARCH_PATHS</key>
				<string>$(inherited) @executable_path/Frameworks</string>
				<key>PRODUCT_BUNDLE_IDENTIFIER</key>
				<string>com.cad.${PRODUCT_NAME:rfc1034identifier}</string>
				<key>PRODUCT_NAME</key>
				<string>Embassa't</string>
				<key>PROVISIONING_PROFILE</key>
				<string>a6cda194-1c01-448f-8294-1d33c9ac0f4f</string>
				<key>SWIFT_OBJC_BRIDGING_HEADER</key>
				<string>Embassat/Embassa't-Bridging-Header.h</string>
				<key>SWIFT_OPTIMIZATION_LEVEL</key>
				<string>-Onone</string>
				<key>WRAPPER_EXTENSION</key>
				<string>app</string>
			</dict>
			<key>isa</key>
			<string>XCBuildConfiguration</string>
			<key>name</key>
			<string>Debug</string>
		</dict>
		<key>8C04EF7318CB8F09008FBC9B</key>
		<dict>
			<key>baseConfigurationReference</key>
			<string>D16AF894416306787E8EA880</string>
			<key>buildSettings</key>
			<dict>
				<key>CLANG_ENABLE_MODULES</key>
				<string>YES</string>
				<key>CODE_SIGN_IDENTITY</key>
				<string>iPhone Distribution: Pol Solsona (32S972F3NM)</string>
				<key>ENABLE_BITCODE</key>
				<string>NO</string>
				<key>FRAMEWORK_SEARCH_PATHS</key>
				<array>
					<string>$(inherited)</string>
					<string>$(PROJECT_DIR)/Carthage/Build/iOS</string>
				</array>
				<key>GCC_PRECOMPILE_PREFIX_HEADER</key>
				<string>YES</string>
				<key>GCC_PREFIX_HEADER</key>
				<string>Embassat/Embassa't-Prefix.pch</string>
				<key>INFOPLIST_FILE</key>
				<string>Embassat/Embassa't-Info.plist</string>
				<key>IPHONEOS_DEPLOYMENT_TARGET</key>
				<string>8.0</string>
				<key>LD_RUNPATH_SEARCH_PATHS</key>
				<string>$(inherited) @executable_path/Frameworks</string>
				<key>PRODUCT_BUNDLE_IDENTIFIER</key>
				<string>com.cad.${PRODUCT_NAME:rfc1034identifier}</string>
				<key>PRODUCT_NAME</key>
				<string>Embassa't</string>
				<key>PROVISIONING_PROFILE</key>
				<string>a6cda194-1c01-448f-8294-1d33c9ac0f4f</string>
				<key>SWIFT_OBJC_BRIDGING_HEADER</key>
				<string>Embassat/Embassa't-Bridging-Header.h</string>
				<key>WRAPPER_EXTENSION</key>
				<string>app</string>
			</dict>
			<key>isa</key>
			<string>XCBuildConfiguration</string>
			<key>name</key>
			<string>Release</string>
		</dict>
		<key>8C04EF7718CB91D2008FBC9B</key>
		<dict>
			<key>children</key>
			<array>
				<string>8CAABD5518E36AE1005431B9</string>
				<string>8C04EF7818CB91D2008FBC9B</string>
				<string>8CA1D4181948FA900095067C</string>
				<string>8CB6C68F18E8B3B2008D19FE</string>
				<string>8CCA1B8118FC717000B0C60C</string>
				<string>8CDBF1A118DDC3E0002C6E50</string>
				<string>8CAEB338192BF77B0017CF29</string>
				<string>8C774F5A192D67F0000D5062</string>
			</array>
			<key>isa</key>
			<string>PBXGroup</string>
			<key>path</key>
			<string>View</string>
			<key>sourceTree</key>
			<string>&lt;group&gt;</string>
		</dict>
		<key>8C04EF7818CB91D2008FBC9B</key>
		<dict>
			<key>children</key>
			<array>
				<string>8CC682EB1B126F1F00FD2216</string>
				<string>8C8D83BB1B0BC45D00CD8CA4</string>
				<string>8C8BA6E81B07BE1600896D11</string>
				<string>8C04EF8918CB9408008FBC9B</string>
				<string>8C8BA6EA1B08C33900896D11</string>
			</array>
			<key>isa</key>
			<string>PBXGroup</string>
			<key>path</key>
			<string>Artists</string>
			<key>sourceTree</key>
			<string>&lt;group&gt;</string>
		</dict>
		<key>8C04EF7918CB9341008FBC9B</key>
		<dict>
			<key>children</key>
			<array>
				<string>8C1FF3451B03F7C400078E15</string>
				<string>8CE72FFC1B13CA3200698D4A</string>
				<string>8C8BA6D01B07800600896D11</string>
				<string>8CE72FFE1B13CADC00698D4A</string>
				<string>8C1FF3411B03CC2900078E15</string>
				<string>8CE72FF81B13C86700698D4A</string>
				<string>8C1FF34D1B04CDB700078E15</string>
			</array>
			<key>isa</key>
			<string>PBXGroup</string>
			<key>path</key>
			<string>Base</string>
			<key>sourceTree</key>
			<string>&lt;group&gt;</string>
		</dict>
		<key>8C04EF7D18CB9353008FBC9B</key>
		<dict>
			<key>children</key>
			<array>
				<string>8CF193441BB49AB200B7D929</string>
				<string>8CF193351BB35DFD00B7D929</string>
				<string>8CF1933E1BB3EF5400B7D929</string>
				<string>8CF193371BB360DE00B7D929</string>
				<string>8CF193401BB3F24900B7D929</string>
				<string>8CA8703718CC834300A845DD</string>
				<string>8C04EF8218CB9353008FBC9B</string>
			</array>
			<key>isa</key>
			<string>PBXGroup</string>
			<key>path</key>
			<string>Categories</string>
			<key>sourceTree</key>
			<string>&lt;group&gt;</string>
		</dict>
		<key>8C04EF8218CB9353008FBC9B</key>
		<dict>
			<key>fileEncoding</key>
			<string>4</string>
			<key>isa</key>
			<string>PBXFileReference</string>
			<key>lastKnownFileType</key>
			<string>sourcecode.c.h</string>
			<key>path</key>
			<string>UIViewController+Private.h</string>
			<key>sourceTree</key>
			<string>&lt;group&gt;</string>
		</dict>
		<key>8C04EF8918CB9408008FBC9B</key>
		<dict>
			<key>fileEncoding</key>
			<string>4</string>
			<key>isa</key>
			<string>PBXFileReference</string>
			<key>lastKnownFileType</key>
			<string>file.xib</string>
			<key>path</key>
			<string>CADEMArtistsViewController.xib</string>
			<key>sourceTree</key>
			<string>&lt;group&gt;</string>
		</dict>
		<key>8C04EF8B18CB9408008FBC9B</key>
		<dict>
			<key>fileRef</key>
			<string>8C04EF8918CB9408008FBC9B</string>
			<key>isa</key>
			<string>PBXBuildFile</string>
		</dict>
		<key>8C04EF9418CBCF19008FBC9B</key>
		<dict>
			<key>children</key>
			<array>
				<string>8CA0CE811B038E3E00BC04B0</string>
			</array>
			<key>isa</key>
			<string>PBXGroup</string>
			<key>name</key>
			<string>Model</string>
			<key>sourceTree</key>
			<string>&lt;group&gt;</string>
		</dict>
		<key>8C1FF33F1B03C9EF00078E15</key>
		<dict>
			<key>fileEncoding</key>
			<string>4</string>
			<key>isa</key>
			<string>PBXFileReference</string>
			<key>lastKnownFileType</key>
			<string>sourcecode.swift</string>
			<key>name</key>
			<string>CADEMMenuViewModel.swift</string>
			<key>path</key>
			<string>Menu/CADEMMenuViewModel.swift</string>
			<key>sourceTree</key>
			<string>&lt;group&gt;</string>
		</dict>
		<key>8C1FF3401B03C9EF00078E15</key>
		<dict>
			<key>fileRef</key>
			<string>8C1FF33F1B03C9EF00078E15</string>
			<key>isa</key>
			<string>PBXBuildFile</string>
		</dict>
		<key>8C1FF3411B03CC2900078E15</key>
		<dict>
			<key>fileEncoding</key>
			<string>4</string>
			<key>isa</key>
			<string>PBXFileReference</string>
			<key>lastKnownFileType</key>
			<string>sourcecode.swift</string>
			<key>path</key>
			<string>CADEMViewModelCollectionDelegate.swift</string>
			<key>sourceTree</key>
			<string>&lt;group&gt;</string>
		</dict>
		<key>8C1FF3421B03CC2900078E15</key>
		<dict>
			<key>fileRef</key>
			<string>8C1FF3411B03CC2900078E15</string>
			<key>isa</key>
			<string>PBXBuildFile</string>
		</dict>
		<key>8C1FF3451B03F7C400078E15</key>
		<dict>
			<key>fileEncoding</key>
			<string>4</string>
			<key>isa</key>
			<string>PBXFileReference</string>
			<key>lastKnownFileType</key>
			<string>sourcecode.swift</string>
			<key>path</key>
			<string>CADArrayDataSource.swift</string>
			<key>sourceTree</key>
			<string>&lt;group&gt;</string>
		</dict>
		<key>8C1FF3461B03F7C400078E15</key>
		<dict>
			<key>fileRef</key>
			<string>8C1FF3451B03F7C400078E15</string>
			<key>isa</key>
			<string>PBXBuildFile</string>
		</dict>
		<key>8C1FF34B1B04CD1D00078E15</key>
		<dict>
			<key>fileEncoding</key>
			<string>4</string>
			<key>isa</key>
			<string>PBXFileReference</string>
			<key>lastKnownFileType</key>
			<string>sourcecode.swift</string>
			<key>name</key>
			<string>CADEMTicketsViewController.swift</string>
			<key>path</key>
			<string>Tickets/CADEMTicketsViewController.swift</string>
			<key>sourceTree</key>
			<string>&lt;group&gt;</string>
		</dict>
		<key>8C1FF34C1B04CD1D00078E15</key>
		<dict>
			<key>fileRef</key>
			<string>8C1FF34B1B04CD1D00078E15</string>
			<key>isa</key>
			<string>PBXBuildFile</string>
		</dict>
		<key>8C1FF34D1B04CDB700078E15</key>
		<dict>
			<key>fileEncoding</key>
			<string>4</string>
			<key>isa</key>
			<string>PBXFileReference</string>
			<key>lastKnownFileType</key>
			<string>sourcecode.swift</string>
			<key>path</key>
			<string>CADRootViewController.swift</string>
			<key>sourceTree</key>
			<string>&lt;group&gt;</string>
		</dict>
		<key>8C1FF34E1B04CDB700078E15</key>
		<dict>
			<key>fileRef</key>
			<string>8C1FF34D1B04CDB700078E15</string>
			<key>isa</key>
			<string>PBXBuildFile</string>
		</dict>
		<key>8C23D60518FAD6FC00B3C106</key>
		<dict>
			<key>isa</key>
			<string>PBXFileReference</string>
			<key>lastKnownFileType</key>
			<string>image.jpeg</string>
			<key>path</key>
			<string>info1.jpg</string>
			<key>sourceTree</key>
			<string>&lt;group&gt;</string>
		</dict>
		<key>8C23D60618FAD6FC00B3C106</key>
		<dict>
			<key>isa</key>
			<string>PBXFileReference</string>
			<key>lastKnownFileType</key>
			<string>image.jpeg</string>
			<key>path</key>
			<string>info2.jpg</string>
			<key>sourceTree</key>
			<string>&lt;group&gt;</string>
		</dict>
		<key>8C23D60718FAD6FC00B3C106</key>
		<dict>
			<key>isa</key>
			<string>PBXFileReference</string>
			<key>lastKnownFileType</key>
			<string>image.jpeg</string>
			<key>path</key>
			<string>info3.jpg</string>
			<key>sourceTree</key>
			<string>&lt;group&gt;</string>
		</dict>
		<key>8C23D60818FAD6FC00B3C106</key>
		<dict>
			<key>isa</key>
			<string>PBXFileReference</string>
			<key>lastKnownFileType</key>
			<string>image.jpeg</string>
			<key>path</key>
			<string>info4.jpg</string>
			<key>sourceTree</key>
			<string>&lt;group&gt;</string>
		</dict>
		<key>8C23D60918FAD6FC00B3C106</key>
		<dict>
			<key>fileRef</key>
			<string>8C23D60518FAD6FC00B3C106</string>
			<key>isa</key>
			<string>PBXBuildFile</string>
		</dict>
		<key>8C23D60A18FAD6FC00B3C106</key>
		<dict>
			<key>fileRef</key>
			<string>8C23D60618FAD6FC00B3C106</string>
			<key>isa</key>
			<string>PBXBuildFile</string>
		</dict>
		<key>8C23D60B18FAD6FC00B3C106</key>
		<dict>
			<key>fileRef</key>
			<string>8C23D60718FAD6FC00B3C106</string>
			<key>isa</key>
			<string>PBXBuildFile</string>
		</dict>
		<key>8C23D60C18FAD6FC00B3C106</key>
		<dict>
			<key>fileRef</key>
			<string>8C23D60818FAD6FC00B3C106</string>
			<key>isa</key>
			<string>PBXBuildFile</string>
		</dict>
		<key>8C23D61018FAD7FE00B3C106</key>
		<dict>
			<key>fileEncoding</key>
			<string>4</string>
			<key>isa</key>
			<string>PBXFileReference</string>
			<key>lastKnownFileType</key>
			<string>file.xib</string>
			<key>name</key>
			<string>CADEMInfoCollectionViewCell.xib</string>
			<key>path</key>
			<string>Info/CADEMInfoCollectionViewCell.xib</string>
			<key>sourceTree</key>
			<string>&lt;group&gt;</string>
		</dict>
		<key>8C23D61118FAD7FE00B3C106</key>
		<dict>
			<key>fileRef</key>
			<string>8C23D61018FAD7FE00B3C106</string>
			<key>isa</key>
			<string>PBXBuildFile</string>
		</dict>
		<key>8C23D61518FAD96600B3C106</key>
		<dict>
			<key>fileEncoding</key>
			<string>4</string>
			<key>isa</key>
			<string>PBXFileReference</string>
			<key>lastKnownFileType</key>
			<string>file.xib</string>
			<key>name</key>
			<string>CADEMInfoHeaderView.xib</string>
			<key>path</key>
			<string>Info/CADEMInfoHeaderView.xib</string>
			<key>sourceTree</key>
			<string>&lt;group&gt;</string>
		</dict>
		<key>8C23D61618FAD96600B3C106</key>
		<dict>
			<key>fileRef</key>
			<string>8C23D61518FAD96600B3C106</string>
			<key>isa</key>
			<string>PBXBuildFile</string>
		</dict>
		<key>8C23D61E18FB001F00B3C106</key>
		<dict>
			<key>isa</key>
			<string>PBXFileReference</string>
			<key>lastKnownFileType</key>
			<string>image.png</string>
			<key>path</key>
			<string>58x58.png</string>
			<key>sourceTree</key>
			<string>&lt;group&gt;</string>
		</dict>
		<key>8C23D62018FB001F00B3C106</key>
		<dict>
			<key>isa</key>
			<string>PBXFileReference</string>
			<key>lastKnownFileType</key>
			<string>image.png</string>
			<key>path</key>
			<string>80x80.png</string>
			<key>sourceTree</key>
			<string>&lt;group&gt;</string>
		</dict>
		<key>8C23D62118FB001F00B3C106</key>
		<dict>
			<key>isa</key>
			<string>PBXFileReference</string>
			<key>lastKnownFileType</key>
			<string>image.png</string>
			<key>path</key>
			<string>120x120.png</string>
			<key>sourceTree</key>
			<string>&lt;group&gt;</string>
		</dict>
		<key>8C23D62618FB001F00B3C106</key>
		<dict>
			<key>fileRef</key>
			<string>8C23D61E18FB001F00B3C106</string>
			<key>isa</key>
			<string>PBXBuildFile</string>
		</dict>
		<key>8C23D62818FB001F00B3C106</key>
		<dict>
			<key>fileRef</key>
			<string>8C23D62018FB001F00B3C106</string>
			<key>isa</key>
			<string>PBXBuildFile</string>
		</dict>
		<key>8C23D62918FB001F00B3C106</key>
		<dict>
			<key>fileRef</key>
			<string>8C23D62118FB001F00B3C106</string>
			<key>isa</key>
			<string>PBXBuildFile</string>
		</dict>
		<key>8C35AE061B0105A20014331F</key>
		<dict>
			<key>children</key>
			<array>
				<string>8C8BA6CE1B06758000896D11</string>
				<string>8C35AE071B0105C30014331F</string>
				<string>8CC682ED1B128D9200FD2216</string>
				<string>8CB1B5C61B11FDDD00D1A477</string>
			</array>
			<key>isa</key>
			<string>PBXGroup</string>
			<key>name</key>
			<string>Services</string>
			<key>sourceTree</key>
			<string>&lt;group&gt;</string>
		</dict>
		<key>8C35AE071B0105C30014331F</key>
		<dict>
			<key>fileEncoding</key>
			<string>4</string>
			<key>isa</key>
			<string>PBXFileReference</string>
			<key>lastKnownFileType</key>
			<string>sourcecode.swift</string>
			<key>name</key>
			<string>CADEMArtistService.swift</string>
			<key>path</key>
			<string>Services/CADEMArtistService.swift</string>
			<key>sourceTree</key>
			<string>&lt;group&gt;</string>
		</dict>
		<key>8C35AE081B0105C30014331F</key>
		<dict>
			<key>fileRef</key>
			<string>8C35AE071B0105C30014331F</string>
			<key>isa</key>
			<string>PBXBuildFile</string>
		</dict>
		<key>8C6BCB381B0A8F80000E019F</key>
		<dict>
			<key>isa</key>
			<string>PBXFileReference</string>
			<key>lastKnownFileType</key>
			<string>file</string>
			<key>path</key>
			<string>apercu_medium.otf</string>
			<key>sourceTree</key>
			<string>&lt;group&gt;</string>
		</dict>
		<key>8C6BCB391B0A8F80000E019F</key>
		<dict>
			<key>isa</key>
			<string>PBXFileReference</string>
			<key>lastKnownFileType</key>
			<string>file</string>
			<key>path</key>
			<string>noe-display-bold.otf</string>
			<key>sourceTree</key>
			<string>&lt;group&gt;</string>
		</dict>
		<key>8C6BCB3A1B0A8F80000E019F</key>
		<dict>
			<key>fileRef</key>
			<string>8C6BCB381B0A8F80000E019F</string>
			<key>isa</key>
			<string>PBXBuildFile</string>
		</dict>
		<key>8C6BCB3B1B0A8F80000E019F</key>
		<dict>
			<key>fileRef</key>
			<string>8C6BCB391B0A8F80000E019F</string>
			<key>isa</key>
			<string>PBXBuildFile</string>
		</dict>
		<key>8C774F5A192D67F0000D5062</key>
		<dict>
			<key>children</key>
			<array>
				<string>8C774F5E192D682B000D5062</string>
				<string>8C1FF34B1B04CD1D00078E15</string>
			</array>
			<key>isa</key>
			<string>PBXGroup</string>
			<key>name</key>
			<string>Tickets</string>
			<key>sourceTree</key>
			<string>&lt;group&gt;</string>
		</dict>
		<key>8C774F5E192D682B000D5062</key>
		<dict>
			<key>fileEncoding</key>
			<string>4</string>
			<key>isa</key>
			<string>PBXFileReference</string>
			<key>lastKnownFileType</key>
			<string>file.xib</string>
			<key>name</key>
			<string>CADEMTicketsViewController.xib</string>
			<key>path</key>
			<string>Tickets/CADEMTicketsViewController.xib</string>
			<key>sourceTree</key>
			<string>&lt;group&gt;</string>
		</dict>
		<key>8C774F5F192D682B000D5062</key>
		<dict>
			<key>fileRef</key>
			<string>8C774F5E192D682B000D5062</string>
			<key>isa</key>
			<string>PBXBuildFile</string>
		</dict>
		<key>8C774F60192EBF30000D5062</key>
		<dict>
			<key>children</key>
			<array>
				<string>8C774F6F192EC0B9000D5062</string>
				<string>8CE72FDF1B136FEC00698D4A</string>
				<string>8C774F73192EC39A000D5062</string>
				<string>8C774F70192EC0B9000D5062</string>
			</array>
			<key>isa</key>
			<string>PBXGroup</string>
			<key>path</key>
			<string>Default</string>
			<key>sourceTree</key>
			<string>&lt;group&gt;</string>
		</dict>
		<key>8C774F6F192EC0B9000D5062</key>
		<dict>
			<key>isa</key>
			<string>PBXFileReference</string>
			<key>lastKnownFileType</key>
			<string>image.png</string>
			<key>path</key>
			<string>Default-568h@2x.png</string>
			<key>sourceTree</key>
			<string>&lt;group&gt;</string>
		</dict>
		<key>8C774F70192EC0B9000D5062</key>
		<dict>
			<key>isa</key>
			<string>PBXFileReference</string>
			<key>lastKnownFileType</key>
			<string>image.png</string>
			<key>path</key>
			<string>Default@2x.png</string>
			<key>sourceTree</key>
			<string>&lt;group&gt;</string>
		</dict>
		<key>8C774F71192EC0B9000D5062</key>
		<dict>
			<key>fileRef</key>
			<string>8C774F6F192EC0B9000D5062</string>
			<key>isa</key>
			<string>PBXBuildFile</string>
		</dict>
		<key>8C774F72192EC0B9000D5062</key>
		<dict>
			<key>fileRef</key>
			<string>8C774F70192EC0B9000D5062</string>
			<key>isa</key>
			<string>PBXBuildFile</string>
		</dict>
		<key>8C774F73192EC39A000D5062</key>
		<dict>
			<key>isa</key>
			<string>PBXFileReference</string>
			<key>lastKnownFileType</key>
			<string>image.png</string>
			<key>path</key>
			<string>Default.png</string>
			<key>sourceTree</key>
			<string>&lt;group&gt;</string>
		</dict>
		<key>8C774F74192EC39A000D5062</key>
		<dict>
			<key>fileRef</key>
			<string>8C774F73192EC39A000D5062</string>
			<key>isa</key>
			<string>PBXBuildFile</string>
		</dict>
		<key>8C8BA6CE1B06758000896D11</key>
		<dict>
			<key>fileEncoding</key>
			<string>4</string>
			<key>isa</key>
			<string>PBXFileReference</string>
			<key>lastKnownFileType</key>
			<string>sourcecode.swift</string>
			<key>name</key>
			<string>CADEMArtistParser.swift</string>
			<key>path</key>
			<string>Services/CADEMArtistParser.swift</string>
			<key>sourceTree</key>
			<string>&lt;group&gt;</string>
		</dict>
		<key>8C8BA6CF1B06758000896D11</key>
		<dict>
			<key>fileRef</key>
			<string>8C8BA6CE1B06758000896D11</string>
			<key>isa</key>
			<string>PBXBuildFile</string>
		</dict>
		<key>8C8BA6D01B07800600896D11</key>
		<dict>
			<key>fileEncoding</key>
			<string>4</string>
			<key>isa</key>
			<string>PBXFileReference</string>
			<key>lastKnownFileType</key>
			<string>sourcecode.swift</string>
			<key>path</key>
			<string>CADEMRootViewController.swift</string>
			<key>sourceTree</key>
			<string>&lt;group&gt;</string>
		</dict>
		<key>8C8BA6D11B07800600896D11</key>
		<dict>
			<key>fileRef</key>
			<string>8C8BA6D01B07800600896D11</string>
			<key>isa</key>
			<string>PBXBuildFile</string>
		</dict>
		<key>8C8BA6D61B07AE0400896D11</key>
		<dict>
			<key>fileEncoding</key>
			<string>4</string>
			<key>isa</key>
			<string>PBXFileReference</string>
			<key>lastKnownFileType</key>
			<string>sourcecode.swift</string>
			<key>name</key>
			<string>CADEMExtrasViewController.swift</string>
			<key>path</key>
			<string>Extras/CADEMExtrasViewController.swift</string>
			<key>sourceTree</key>
			<string>&lt;group&gt;</string>
		</dict>
		<key>8C8BA6D71B07AE0400896D11</key>
		<dict>
			<key>fileRef</key>
			<string>8C8BA6D61B07AE0400896D11</string>
			<key>isa</key>
			<string>PBXBuildFile</string>
		</dict>
		<key>8C8BA6E81B07BE1600896D11</key>
		<dict>
			<key>fileEncoding</key>
			<string>4</string>
			<key>isa</key>
			<string>PBXFileReference</string>
			<key>lastKnownFileType</key>
			<string>sourcecode.swift</string>
			<key>path</key>
			<string>CADEMArtistsViewController.swift</string>
			<key>sourceTree</key>
			<string>&lt;group&gt;</string>
		</dict>
		<key>8C8BA6E91B07BE1600896D11</key>
		<dict>
			<key>fileRef</key>
			<string>8C8BA6E81B07BE1600896D11</string>
			<key>isa</key>
			<string>PBXBuildFile</string>
		</dict>
		<key>8C8BA6EA1B08C33900896D11</key>
		<dict>
			<key>fileEncoding</key>
			<string>4</string>
			<key>isa</key>
			<string>PBXFileReference</string>
			<key>lastKnownFileType</key>
			<string>sourcecode.swift</string>
			<key>path</key>
			<string>CADEMArtistsViewModel.swift</string>
			<key>sourceTree</key>
			<string>&lt;group&gt;</string>
		</dict>
		<key>8C8BA6EB1B08C33900896D11</key>
		<dict>
			<key>fileRef</key>
			<string>8C8BA6EA1B08C33900896D11</string>
			<key>isa</key>
			<string>PBXBuildFile</string>
		</dict>
		<key>8C8BA6EC1B08D41100896D11</key>
		<dict>
			<key>fileEncoding</key>
			<string>4</string>
			<key>isa</key>
			<string>PBXFileReference</string>
			<key>lastKnownFileType</key>
			<string>sourcecode.swift</string>
			<key>name</key>
			<string>CADEMArtistDetailViewModel.swift</string>
			<key>path</key>
			<string>Artist Detail/CADEMArtistDetailViewModel.swift</string>
			<key>sourceTree</key>
			<string>&lt;group&gt;</string>
		</dict>
		<key>8C8BA6ED1B08D41100896D11</key>
		<dict>
			<key>fileRef</key>
			<string>8C8BA6EC1B08D41100896D11</string>
			<key>isa</key>
			<string>PBXBuildFile</string>
		</dict>
		<key>8C8BA6EE1B08DF8E00896D11</key>
		<dict>
			<key>fileEncoding</key>
			<string>4</string>
			<key>isa</key>
			<string>PBXFileReference</string>
			<key>lastKnownFileType</key>
			<string>sourcecode.swift</string>
			<key>name</key>
			<string>CADEMArtistDetailViewController.swift</string>
			<key>path</key>
			<string>Artist Detail/CADEMArtistDetailViewController.swift</string>
			<key>sourceTree</key>
			<string>&lt;group&gt;</string>
		</dict>
		<key>8C8BA6EF1B08DF8E00896D11</key>
		<dict>
			<key>fileRef</key>
			<string>8C8BA6EE1B08DF8E00896D11</string>
			<key>isa</key>
			<string>PBXBuildFile</string>
		</dict>
		<key>8C8D83B61B0BC40300CD8CA4</key>
		<dict>
			<key>fileEncoding</key>
			<string>4</string>
			<key>isa</key>
			<string>PBXFileReference</string>
			<key>lastKnownFileType</key>
			<string>file.xib</string>
			<key>name</key>
			<string>CADEMMenuCollectionViewCell.xib</string>
			<key>path</key>
			<string>Menu/CADEMMenuCollectionViewCell.xib</string>
			<key>sourceTree</key>
			<string>&lt;group&gt;</string>
		</dict>
		<key>8C8D83B81B0BC40300CD8CA4</key>
		<dict>
			<key>fileRef</key>
			<string>8C8D83B61B0BC40300CD8CA4</string>
			<key>isa</key>
			<string>PBXBuildFile</string>
		</dict>
		<key>8C8D83BB1B0BC45D00CD8CA4</key>
		<dict>
			<key>fileEncoding</key>
			<string>4</string>
			<key>isa</key>
			<string>PBXFileReference</string>
			<key>lastKnownFileType</key>
			<string>file.xib</string>
			<key>path</key>
			<string>CADEMArtistCollectionViewCell.xib</string>
			<key>sourceTree</key>
			<string>&lt;group&gt;</string>
		</dict>
		<key>8C8D83BD1B0BC45D00CD8CA4</key>
		<dict>
			<key>fileRef</key>
			<string>8C8D83BB1B0BC45D00CD8CA4</string>
			<key>isa</key>
			<string>PBXBuildFile</string>
		</dict>
		<key>8C8D83C41B0E2E2000CD8CA4</key>
		<dict>
			<key>isa</key>
			<string>PBXFileReference</string>
			<key>lastKnownFileType</key>
			<string>image.png</string>
			<key>path</key>
			<string>left@2x.png</string>
			<key>sourceTree</key>
			<string>&lt;group&gt;</string>
		</dict>
		<key>8C8D83C51B0E2E2000CD8CA4</key>
		<dict>
			<key>isa</key>
			<string>PBXFileReference</string>
			<key>lastKnownFileType</key>
			<string>image.jpeg</string>
			<key>path</key>
			<string>loading.jpg</string>
			<key>sourceTree</key>
			<string>&lt;group&gt;</string>
		</dict>
		<key>8C8D83C61B0E2E2000CD8CA4</key>
		<dict>
			<key>isa</key>
			<string>PBXFileReference</string>
			<key>lastKnownFileType</key>
			<string>image.png</string>
			<key>path</key>
			<string>right@2x.png</string>
			<key>sourceTree</key>
			<string>&lt;group&gt;</string>
		</dict>
		<key>8C8D83C71B0E2E2000CD8CA4</key>
		<dict>
			<key>isa</key>
			<string>PBXFileReference</string>
			<key>lastKnownFileType</key>
			<string>image.png</string>
			<key>path</key>
			<string>share@2x.png</string>
			<key>sourceTree</key>
			<string>&lt;group&gt;</string>
		</dict>
		<key>8C8D83C81B0E2E2000CD8CA4</key>
		<dict>
			<key>fileRef</key>
			<string>8C8D83C41B0E2E2000CD8CA4</string>
			<key>isa</key>
			<string>PBXBuildFile</string>
		</dict>
		<key>8C8D83C91B0E2E2000CD8CA4</key>
		<dict>
			<key>fileRef</key>
			<string>8C8D83C51B0E2E2000CD8CA4</string>
			<key>isa</key>
			<string>PBXBuildFile</string>
		</dict>
		<key>8C8D83CA1B0E2E2000CD8CA4</key>
		<dict>
			<key>fileRef</key>
			<string>8C8D83C61B0E2E2000CD8CA4</string>
			<key>isa</key>
			<string>PBXBuildFile</string>
		</dict>
		<key>8C8D83CB1B0E2E2000CD8CA4</key>
		<dict>
			<key>fileRef</key>
			<string>8C8D83C71B0E2E2000CD8CA4</string>
			<key>isa</key>
			<string>PBXBuildFile</string>
		</dict>
		<key>8C8D83CC1B0E482C00CD8CA4</key>
		<dict>
			<key>isa</key>
			<string>PBXFileReference</string>
			<key>lastKnownFileType</key>
			<string>image.png</string>
			<key>path</key>
			<string>fav@2x.png</string>
			<key>sourceTree</key>
			<string>&lt;group&gt;</string>
		</dict>
		<key>8C8D83CD1B0E482C00CD8CA4</key>
		<dict>
			<key>fileRef</key>
			<string>8C8D83CC1B0E482C00CD8CA4</string>
			<key>isa</key>
			<string>PBXBuildFile</string>
		</dict>
		<key>8CA0CE811B038E3E00BC04B0</key>
		<dict>
			<key>fileEncoding</key>
			<string>4</string>
			<key>isa</key>
			<string>PBXFileReference</string>
			<key>lastKnownFileType</key>
			<string>sourcecode.swift</string>
			<key>name</key>
			<string>CADEMArtist.swift</string>
			<key>path</key>
			<string>Model/CADEMArtist.swift</string>
			<key>sourceTree</key>
			<string>&lt;group&gt;</string>
		</dict>
		<key>8CA0CE821B038E3E00BC04B0</key>
		<dict>
			<key>fileRef</key>
			<string>8CA0CE811B038E3E00BC04B0</string>
			<key>isa</key>
			<string>PBXBuildFile</string>
		</dict>
		<key>8CA1D4121947CC0B0095067C</key>
		<dict>
			<key>isa</key>
			<string>PBXFileReference</string>
			<key>lastKnownFileType</key>
			<string>wrapper.framework</string>
			<key>name</key>
			<string>EventKit.framework</string>
			<key>path</key>
			<string>System/Library/Frameworks/EventKit.framework</string>
			<key>sourceTree</key>
			<string>SDKROOT</string>
		</dict>
		<key>8CA1D4131947CC0B0095067C</key>
		<dict>
			<key>fileRef</key>
			<string>8CA1D4121947CC0B0095067C</string>
			<key>isa</key>
			<string>PBXBuildFile</string>
		</dict>
		<key>8CA1D4181948FA900095067C</key>
		<dict>
			<key>children</key>
			<array>
				<string>8CA1D41B1948FAAE0095067C</string>
				<string>8C8BA6D61B07AE0400896D11</string>
			</array>
			<key>isa</key>
			<string>PBXGroup</string>
			<key>name</key>
			<string>Extras</string>
			<key>sourceTree</key>
			<string>&lt;group&gt;</string>
		</dict>
		<key>8CA1D41B1948FAAE0095067C</key>
		<dict>
			<key>fileEncoding</key>
			<string>4</string>
			<key>isa</key>
			<string>PBXFileReference</string>
			<key>lastKnownFileType</key>
			<string>file.xib</string>
			<key>name</key>
			<string>CADEMExtrasViewController.xib</string>
			<key>path</key>
			<string>Extras/CADEMExtrasViewController.xib</string>
			<key>sourceTree</key>
			<string>&lt;group&gt;</string>
		</dict>
		<key>8CA1D41D1948FAAE0095067C</key>
		<dict>
			<key>fileRef</key>
			<string>8CA1D41B1948FAAE0095067C</string>
			<key>isa</key>
			<string>PBXBuildFile</string>
		</dict>
		<key>8CA8703718CC834300A845DD</key>
		<dict>
			<key>fileEncoding</key>
			<string>4</string>
			<key>isa</key>
			<string>PBXFileReference</string>
			<key>lastKnownFileType</key>
			<string>sourcecode.c.h</string>
			<key>path</key>
			<string>UIView+Private.h</string>
			<key>sourceTree</key>
			<string>&lt;group&gt;</string>
		</dict>
		<key>8CAABD5518E36AE1005431B9</key>
		<dict>
			<key>children</key>
			<array>
				<string>8C8BA6EE1B08DF8E00896D11</string>
				<string>8CAABD5818E37162005431B9</string>
				<string>8C8BA6EC1B08D41100896D11</string>
			</array>
			<key>isa</key>
			<string>PBXGroup</string>
			<key>name</key>
			<string>Artist Detail</string>
			<key>sourceTree</key>
			<string>&lt;group&gt;</string>
		</dict>
		<key>8CAABD5818E37162005431B9</key>
		<dict>
			<key>fileEncoding</key>
			<string>4</string>
			<key>isa</key>
			<string>PBXFileReference</string>
			<key>lastKnownFileType</key>
			<string>file.xib</string>
			<key>name</key>
			<string>CADEMArtistDetailViewController.xib</string>
			<key>path</key>
			<string>Artist Detail/CADEMArtistDetailViewController.xib</string>
			<key>sourceTree</key>
			<string>&lt;group&gt;</string>
		</dict>
		<key>8CAABD5A18E37162005431B9</key>
		<dict>
			<key>fileRef</key>
			<string>8CAABD5818E37162005431B9</string>
			<key>isa</key>
			<string>PBXBuildFile</string>
		</dict>
		<key>8CABA0CC18E4DE9A00118FFA</key>
		<dict>
			<key>children</key>
			<array>
				<string>8C6BCB381B0A8F80000E019F</string>
				<string>8C6BCB391B0A8F80000E019F</string>
			</array>
			<key>isa</key>
			<string>PBXGroup</string>
			<key>path</key>
			<string>Font</string>
			<key>sourceTree</key>
			<string>&lt;group&gt;</string>
		</dict>
		<key>8CAEB338192BF77B0017CF29</key>
		<dict>
			<key>children</key>
			<array>
				<string>8CE72FEB1B13839500698D4A</string>
				<string>8CAEB344192BFA060017CF29</string>
				<string>8CE72FF31B138F2700698D4A</string>
				<string>8CAEB33B192BF7AB0017CF29</string>
				<string>8CE72FF11B138A0100698D4A</string>
			</array>
			<key>isa</key>
			<string>PBXGroup</string>
			<key>name</key>
			<string>Schedule</string>
			<key>sourceTree</key>
			<string>&lt;group&gt;</string>
		</dict>
		<key>8CAEB33B192BF7AB0017CF29</key>
		<dict>
			<key>fileEncoding</key>
			<string>4</string>
			<key>isa</key>
			<string>PBXFileReference</string>
			<key>lastKnownFileType</key>
			<string>file.xib</string>
			<key>name</key>
			<string>CADEMScheduleViewController.xib</string>
			<key>path</key>
			<string>Schedule/CADEMScheduleViewController.xib</string>
			<key>sourceTree</key>
			<string>&lt;group&gt;</string>
		</dict>
		<key>8CAEB33D192BF7AB0017CF29</key>
		<dict>
			<key>fileRef</key>
			<string>8CAEB33B192BF7AB0017CF29</string>
			<key>isa</key>
			<string>PBXBuildFile</string>
		</dict>
		<key>8CAEB344192BFA060017CF29</key>
		<dict>
			<key>fileEncoding</key>
			<string>4</string>
			<key>isa</key>
			<string>PBXFileReference</string>
			<key>lastKnownFileType</key>
			<string>file.xib</string>
			<key>name</key>
			<string>CADEMScheduleCollectionViewCell.xib</string>
			<key>path</key>
			<string>Schedule/CADEMScheduleCollectionViewCell.xib</string>
			<key>sourceTree</key>
			<string>&lt;group&gt;</string>
		</dict>
		<key>8CAEB345192BFA060017CF29</key>
		<dict>
			<key>fileRef</key>
			<string>8CAEB344192BFA060017CF29</string>
			<key>isa</key>
			<string>PBXBuildFile</string>
		</dict>
		<key>8CB1B5C61B11FDDD00D1A477</key>
		<dict>
			<key>fileEncoding</key>
			<string>4</string>
			<key>isa</key>
			<string>PBXFileReference</string>
			<key>lastKnownFileType</key>
			<string>sourcecode.swift</string>
			<key>name</key>
			<string>CADEMStore.swift</string>
			<key>path</key>
			<string>Services/CADEMStore.swift</string>
			<key>sourceTree</key>
			<string>&lt;group&gt;</string>
		</dict>
		<key>8CB1B5C71B11FDDD00D1A477</key>
		<dict>
			<key>fileRef</key>
			<string>8CB1B5C61B11FDDD00D1A477</string>
			<key>isa</key>
			<string>PBXBuildFile</string>
		</dict>
		<key>8CB6C68F18E8B3B2008D19FE</key>
		<dict>
			<key>children</key>
			<array>
				<string>8CC682E11B12550400FD2216</string>
				<string>8C23D61018FAD7FE00B3C106</string>
				<string>8CC682E51B12585F00FD2216</string>
				<string>8CC682E31B1256BE00FD2216</string>
				<string>8C23D61518FAD96600B3C106</string>
				<string>8CC682E91B12613100FD2216</string>
				<string>8CB6C69218E8B3D6008D19FE</string>
				<string>8CC682E71B125DFA00FD2216</string>
			</array>
			<key>isa</key>
			<string>PBXGroup</string>
			<key>name</key>
			<string>Info</string>
			<key>sourceTree</key>
			<string>&lt;group&gt;</string>
		</dict>
		<key>8CB6C69218E8B3D6008D19FE</key>
		<dict>
			<key>fileEncoding</key>
			<string>4</string>
			<key>isa</key>
			<string>PBXFileReference</string>
			<key>lastKnownFileType</key>
			<string>file.xib</string>
			<key>name</key>
			<string>CADEMInfoViewController.xib</string>
			<key>path</key>
			<string>Info/CADEMInfoViewController.xib</string>
			<key>sourceTree</key>
			<string>&lt;group&gt;</string>
		</dict>
		<key>8CB6C69418E8B3D6008D19FE</key>
		<dict>
			<key>fileRef</key>
			<string>8CB6C69218E8B3D6008D19FE</string>
			<key>isa</key>
			<string>PBXBuildFile</string>
		</dict>
		<key>8CB6C69818E8B919008D19FE</key>
		<dict>
			<key>isa</key>
			<string>PBXFileReference</string>
			<key>lastKnownFileType</key>
			<string>image.png</string>
			<key>path</key>
			<string>info_cover.png</string>
			<key>sourceTree</key>
			<string>&lt;group&gt;</string>
		</dict>
		<key>8CB6C69918E8B919008D19FE</key>
		<dict>
			<key>isa</key>
			<string>PBXFileReference</string>
			<key>lastKnownFileType</key>
			<string>image.png</string>
			<key>path</key>
			<string>info_cover@2x.png</string>
			<key>sourceTree</key>
			<string>&lt;group&gt;</string>
		</dict>
		<key>8CB6C69A18E8B919008D19FE</key>
		<dict>
			<key>fileRef</key>
			<string>8CB6C69818E8B919008D19FE</string>
			<key>isa</key>
			<string>PBXBuildFile</string>
		</dict>
		<key>8CB6C69B18E8B919008D19FE</key>
		<dict>
			<key>fileRef</key>
			<string>8CB6C69918E8B919008D19FE</string>
			<key>isa</key>
			<string>PBXBuildFile</string>
		</dict>
		<key>8CC682E11B12550400FD2216</key>
		<dict>
			<key>fileEncoding</key>
			<string>4</string>
			<key>isa</key>
			<string>PBXFileReference</string>
			<key>lastKnownFileType</key>
			<string>sourcecode.swift</string>
			<key>name</key>
			<string>CADEMInfoCollectionViewCell.swift</string>
			<key>path</key>
			<string>Info/CADEMInfoCollectionViewCell.swift</string>
			<key>sourceTree</key>
			<string>&lt;group&gt;</string>
		</dict>
		<key>8CC682E21B12550400FD2216</key>
		<dict>
			<key>fileRef</key>
			<string>8CC682E11B12550400FD2216</string>
			<key>isa</key>
			<string>PBXBuildFile</string>
		</dict>
		<key>8CC682E31B1256BE00FD2216</key>
		<dict>
			<key>fileEncoding</key>
			<string>4</string>
			<key>isa</key>
			<string>PBXFileReference</string>
			<key>lastKnownFileType</key>
			<string>sourcecode.swift</string>
			<key>name</key>
			<string>CADEMInfoHeaderView.swift</string>
			<key>path</key>
			<string>Info/CADEMInfoHeaderView.swift</string>
			<key>sourceTree</key>
			<string>&lt;group&gt;</string>
		</dict>
		<key>8CC682E41B1256BE00FD2216</key>
		<dict>
			<key>fileRef</key>
			<string>8CC682E31B1256BE00FD2216</string>
			<key>isa</key>
			<string>PBXBuildFile</string>
		</dict>
		<key>8CC682E51B12585F00FD2216</key>
		<dict>
			<key>fileEncoding</key>
			<string>4</string>
			<key>isa</key>
			<string>PBXFileReference</string>
			<key>lastKnownFileType</key>
			<string>sourcecode.swift</string>
			<key>name</key>
			<string>CADEMInfoFlowLayout.swift</string>
			<key>path</key>
			<string>Info/CADEMInfoFlowLayout.swift</string>
			<key>sourceTree</key>
			<string>&lt;group&gt;</string>
		</dict>
		<key>8CC682E61B12585F00FD2216</key>
		<dict>
			<key>fileRef</key>
			<string>8CC682E51B12585F00FD2216</string>
			<key>isa</key>
			<string>PBXBuildFile</string>
		</dict>
		<key>8CC682E71B125DFA00FD2216</key>
		<dict>
			<key>fileEncoding</key>
			<string>4</string>
			<key>isa</key>
			<string>PBXFileReference</string>
			<key>lastKnownFileType</key>
			<string>sourcecode.swift</string>
			<key>name</key>
			<string>CADEMInfoViewModel.swift</string>
			<key>path</key>
			<string>Info/CADEMInfoViewModel.swift</string>
			<key>sourceTree</key>
			<string>&lt;group&gt;</string>
		</dict>
		<key>8CC682E81B125DFA00FD2216</key>
		<dict>
			<key>fileRef</key>
			<string>8CC682E71B125DFA00FD2216</string>
			<key>isa</key>
			<string>PBXBuildFile</string>
		</dict>
		<key>8CC682E91B12613100FD2216</key>
		<dict>
			<key>fileEncoding</key>
			<string>4</string>
			<key>isa</key>
			<string>PBXFileReference</string>
			<key>lastKnownFileType</key>
			<string>sourcecode.swift</string>
			<key>name</key>
			<string>CADEMInfoViewController.swift</string>
			<key>path</key>
			<string>Info/CADEMInfoViewController.swift</string>
			<key>sourceTree</key>
			<string>&lt;group&gt;</string>
		</dict>
		<key>8CC682EA1B12613100FD2216</key>
		<dict>
			<key>fileRef</key>
			<string>8CC682E91B12613100FD2216</string>
			<key>isa</key>
			<string>PBXBuildFile</string>
		</dict>
		<key>8CC682EB1B126F1F00FD2216</key>
		<dict>
			<key>fileEncoding</key>
			<string>4</string>
			<key>isa</key>
			<string>PBXFileReference</string>
			<key>lastKnownFileType</key>
			<string>sourcecode.swift</string>
			<key>path</key>
			<string>CADEMArtistCollectionViewCell.swift</string>
			<key>sourceTree</key>
			<string>&lt;group&gt;</string>
		</dict>
		<key>8CC682EC1B126F1F00FD2216</key>
		<dict>
			<key>fileRef</key>
			<string>8CC682EB1B126F1F00FD2216</string>
			<key>isa</key>
			<string>PBXBuildFile</string>
		</dict>
		<key>8CC682ED1B128D9200FD2216</key>
		<dict>
			<key>fileEncoding</key>
			<string>4</string>
			<key>isa</key>
			<string>PBXFileReference</string>
			<key>lastKnownFileType</key>
			<string>sourcecode.swift</string>
			<key>name</key>
			<string>CADEMNotificationService.swift</string>
			<key>path</key>
			<string>Services/CADEMNotificationService.swift</string>
			<key>sourceTree</key>
			<string>&lt;group&gt;</string>
		</dict>
		<key>8CC682EE1B128D9200FD2216</key>
		<dict>
			<key>fileRef</key>
			<string>8CC682ED1B128D9200FD2216</string>
			<key>isa</key>
			<string>PBXBuildFile</string>
		</dict>
		<key>8CCA1B8118FC717000B0C60C</key>
		<dict>
			<key>children</key>
			<array>
				<string>8CE72FE51B1372D800698D4A</string>
				<string>8CCA1B8418FC718900B0C60C</string>
				<string>8CE72FE31B13707000698D4A</string>
			</array>
			<key>isa</key>
			<string>PBXGroup</string>
			<key>name</key>
			<string>Map</string>
			<key>sourceTree</key>
			<string>&lt;group&gt;</string>
		</dict>
		<key>8CCA1B8418FC718900B0C60C</key>
		<dict>
			<key>fileEncoding</key>
			<string>4</string>
			<key>isa</key>
			<string>PBXFileReference</string>
			<key>lastKnownFileType</key>
			<string>file.xib</string>
			<key>name</key>
			<string>CADEMMapViewController.xib</string>
			<key>path</key>
			<string>Map/CADEMMapViewController.xib</string>
			<key>sourceTree</key>
			<string>&lt;group&gt;</string>
		</dict>
		<key>8CCA1B8618FC718900B0C60C</key>
		<dict>
			<key>fileRef</key>
			<string>8CCA1B8418FC718900B0C60C</string>
			<key>isa</key>
			<string>PBXBuildFile</string>
		</dict>
		<key>8CDBF19518DDB9D9002C6E50</key>
		<dict>
			<key>children</key>
			<array>
				<string>8CABA0CC18E4DE9A00118FFA</string>
				<string>8CDBF19618DDB9D9002C6E50</string>
			</array>
			<key>isa</key>
			<string>PBXGroup</string>
			<key>path</key>
			<string>Resources</string>
			<key>sourceTree</key>
			<string>&lt;group&gt;</string>
		</dict>
		<key>8CDBF19618DDB9D9002C6E50</key>
		<dict>
			<key>children</key>
			<array>
				<string>8C23D61E18FB001F00B3C106</string>
				<string>8C23D62018FB001F00B3C106</string>
				<string>8C23D62118FB001F00B3C106</string>
				<string>8CE72FF61B13C70F00698D4A</string>
				<string>8CEF6823193BDD120001B801</string>
				<string>8CEF6824193BDD120001B801</string>
				<string>8C774F60192EBF30000D5062</string>
				<string>8C8D83CC1B0E482C00CD8CA4</string>
				<string>8CB6C69818E8B919008D19FE</string>
				<string>8CB6C69918E8B919008D19FE</string>
				<string>8C23D60518FAD6FC00B3C106</string>
				<string>8C23D60618FAD6FC00B3C106</string>
				<string>8C23D60718FAD6FC00B3C106</string>
				<string>8C23D60818FAD6FC00B3C106</string>
				<string>8C8D83C41B0E2E2000CD8CA4</string>
				<string>8C8D83C51B0E2E2000CD8CA4</string>
				<string>8C8D83C61B0E2E2000CD8CA4</string>
				<string>8C8D83C71B0E2E2000CD8CA4</string>
			</array>
			<key>isa</key>
			<string>PBXGroup</string>
			<key>path</key>
			<string>Images</string>
			<key>sourceTree</key>
			<string>&lt;group&gt;</string>
		</dict>
		<key>8CDBF19E18DDC3DB002C6E50</key>
		<dict>
			<key>fileEncoding</key>
			<string>4</string>
			<key>isa</key>
			<string>PBXFileReference</string>
			<key>lastKnownFileType</key>
			<string>file.xib</string>
			<key>name</key>
			<string>CADEMMenuViewController.xib</string>
			<key>path</key>
			<string>Menu/CADEMMenuViewController.xib</string>
			<key>sourceTree</key>
			<string>&lt;group&gt;</string>
		</dict>
		<key>8CDBF1A018DDC3DB002C6E50</key>
		<dict>
			<key>fileRef</key>
			<string>8CDBF19E18DDC3DB002C6E50</string>
			<key>isa</key>
			<string>PBXBuildFile</string>
		</dict>
		<key>8CDBF1A118DDC3E0002C6E50</key>
		<dict>
			<key>children</key>
			<array>
				<string>8CE72FE71B137AD800698D4A</string>
				<string>8C8D83B61B0BC40300CD8CA4</string>
				<string>8CE72FE91B137C6D00698D4A</string>
				<string>8CDBF19E18DDC3DB002C6E50</string>
				<string>8C1FF33F1B03C9EF00078E15</string>
			</array>
			<key>isa</key>
			<string>PBXGroup</string>
			<key>name</key>
			<string>Menu</string>
			<key>sourceTree</key>
			<string>&lt;group&gt;</string>
		</dict>
		<key>8CE72FDF1B136FEC00698D4A</key>
		<dict>
			<key>isa</key>
			<string>PBXFileReference</string>
			<key>lastKnownFileType</key>
			<string>image.png</string>
			<key>path</key>
			<string>Default-667h@2x.png</string>
			<key>sourceTree</key>
			<string>&lt;group&gt;</string>
		</dict>
		<key>8CE72FE11B136FEC00698D4A</key>
		<dict>
			<key>fileRef</key>
			<string>8CE72FDF1B136FEC00698D4A</string>
			<key>isa</key>
			<string>PBXBuildFile</string>
		</dict>
		<key>8CE72FE31B13707000698D4A</key>
		<dict>
			<key>fileEncoding</key>
			<string>4</string>
			<key>isa</key>
			<string>PBXFileReference</string>
			<key>lastKnownFileType</key>
			<string>sourcecode.swift</string>
			<key>name</key>
			<string>CADEMMapViewModel.swift</string>
			<key>path</key>
			<string>Map/CADEMMapViewModel.swift</string>
			<key>sourceTree</key>
			<string>&lt;group&gt;</string>
		</dict>
		<key>8CE72FE41B13707100698D4A</key>
		<dict>
			<key>fileRef</key>
			<string>8CE72FE31B13707000698D4A</string>
			<key>isa</key>
			<string>PBXBuildFile</string>
		</dict>
		<key>8CE72FE51B1372D800698D4A</key>
		<dict>
			<key>fileEncoding</key>
			<string>4</string>
			<key>isa</key>
			<string>PBXFileReference</string>
			<key>lastKnownFileType</key>
			<string>sourcecode.swift</string>
			<key>name</key>
			<string>CADEMMapViewController.swift</string>
			<key>path</key>
			<string>Map/CADEMMapViewController.swift</string>
			<key>sourceTree</key>
			<string>&lt;group&gt;</string>
		</dict>
		<key>8CE72FE61B1372D800698D4A</key>
		<dict>
			<key>fileRef</key>
			<string>8CE72FE51B1372D800698D4A</string>
			<key>isa</key>
			<string>PBXBuildFile</string>
		</dict>
		<key>8CE72FE71B137AD800698D4A</key>
		<dict>
			<key>fileEncoding</key>
			<string>4</string>
			<key>isa</key>
			<string>PBXFileReference</string>
			<key>lastKnownFileType</key>
			<string>sourcecode.swift</string>
			<key>name</key>
			<string>CADEMMenuCollectionViewCell.swift</string>
			<key>path</key>
			<string>Menu/CADEMMenuCollectionViewCell.swift</string>
			<key>sourceTree</key>
			<string>&lt;group&gt;</string>
		</dict>
		<key>8CE72FE81B137AD800698D4A</key>
		<dict>
			<key>fileRef</key>
			<string>8CE72FE71B137AD800698D4A</string>
			<key>isa</key>
			<string>PBXBuildFile</string>
		</dict>
		<key>8CE72FE91B137C6D00698D4A</key>
		<dict>
			<key>fileEncoding</key>
			<string>4</string>
			<key>isa</key>
			<string>PBXFileReference</string>
			<key>lastKnownFileType</key>
			<string>sourcecode.swift</string>
			<key>name</key>
			<string>CADEMMenuViewController.swift</string>
			<key>path</key>
			<string>Menu/CADEMMenuViewController.swift</string>
			<key>sourceTree</key>
			<string>&lt;group&gt;</string>
		</dict>
		<key>8CE72FEA1B137C6D00698D4A</key>
		<dict>
			<key>fileRef</key>
			<string>8CE72FE91B137C6D00698D4A</string>
			<key>isa</key>
			<string>PBXBuildFile</string>
		</dict>
		<key>8CE72FEB1B13839500698D4A</key>
		<dict>
			<key>fileEncoding</key>
			<string>4</string>
			<key>isa</key>
			<string>PBXFileReference</string>
			<key>lastKnownFileType</key>
			<string>sourcecode.swift</string>
			<key>name</key>
			<string>CADEMScheduleCollectionViewCell.swift</string>
			<key>path</key>
			<string>Schedule/CADEMScheduleCollectionViewCell.swift</string>
			<key>sourceTree</key>
			<string>&lt;group&gt;</string>
		</dict>
		<key>8CE72FEC1B13839500698D4A</key>
		<dict>
			<key>fileRef</key>
			<string>8CE72FEB1B13839500698D4A</string>
			<key>isa</key>
			<string>PBXBuildFile</string>
		</dict>
		<key>8CE72FF11B138A0100698D4A</key>
		<dict>
			<key>fileEncoding</key>
			<string>4</string>
			<key>isa</key>
			<string>PBXFileReference</string>
			<key>lastKnownFileType</key>
			<string>sourcecode.swift</string>
			<key>name</key>
			<string>CADEMScheduleViewModel.swift</string>
			<key>path</key>
			<string>Schedule/CADEMScheduleViewModel.swift</string>
			<key>sourceTree</key>
			<string>&lt;group&gt;</string>
		</dict>
		<key>8CE72FF21B138A0100698D4A</key>
		<dict>
			<key>fileRef</key>
			<string>8CE72FF11B138A0100698D4A</string>
			<key>isa</key>
			<string>PBXBuildFile</string>
		</dict>
		<key>8CE72FF31B138F2700698D4A</key>
		<dict>
			<key>fileEncoding</key>
			<string>4</string>
			<key>isa</key>
			<string>PBXFileReference</string>
			<key>lastKnownFileType</key>
			<string>sourcecode.swift</string>
			<key>name</key>
			<string>CADEMScheduleViewController.swift</string>
			<key>path</key>
			<string>Schedule/CADEMScheduleViewController.swift</string>
			<key>sourceTree</key>
			<string>&lt;group&gt;</string>
		</dict>
		<key>8CE72FF41B138F2700698D4A</key>
		<dict>
			<key>fileRef</key>
			<string>8CE72FF31B138F2700698D4A</string>
			<key>isa</key>
			<string>PBXBuildFile</string>
		</dict>
		<key>8CE72FF51B139C2800698D4A</key>
		<dict>
			<key>fileEncoding</key>
			<string>4</string>
			<key>isa</key>
			<string>PBXFileReference</string>
			<key>lastKnownFileType</key>
			<string>sourcecode.c.h</string>
			<key>path</key>
			<string>Embassa't-Bridging-Header.h</string>
			<key>sourceTree</key>
			<string>&lt;group&gt;</string>
		</dict>
		<key>8CE72FF61B13C70F00698D4A</key>
		<dict>
			<key>isa</key>
			<string>PBXFileReference</string>
			<key>lastKnownFileType</key>
			<string>image.png</string>
			<key>path</key>
			<string>chevron-red@2x.png</string>
			<key>sourceTree</key>
			<string>&lt;group&gt;</string>
		</dict>
		<key>8CE72FF71B13C70F00698D4A</key>
		<dict>
			<key>fileRef</key>
			<string>8CE72FF61B13C70F00698D4A</string>
			<key>isa</key>
			<string>PBXBuildFile</string>
		</dict>
		<key>8CE72FF81B13C86700698D4A</key>
		<dict>
			<key>fileEncoding</key>
			<string>4</string>
			<key>isa</key>
			<string>PBXFileReference</string>
			<key>lastKnownFileType</key>
			<string>sourcecode.swift</string>
			<key>path</key>
			<string>CADRootCollectionViewCell.swift</string>
			<key>sourceTree</key>
			<string>&lt;group&gt;</string>
		</dict>
		<key>8CE72FF91B13C86700698D4A</key>
		<dict>
			<key>fileRef</key>
			<string>8CE72FF81B13C86700698D4A</string>
			<key>isa</key>
			<string>PBXBuildFile</string>
		</dict>
		<key>8CE72FFC1B13CA3200698D4A</key>
		<dict>
			<key>fileEncoding</key>
			<string>4</string>
			<key>isa</key>
			<string>PBXFileReference</string>
			<key>lastKnownFileType</key>
			<string>sourcecode.swift</string>
			<key>path</key>
			<string>CADEMRootNavigationController.swift</string>
			<key>sourceTree</key>
			<string>&lt;group&gt;</string>
		</dict>
		<key>8CE72FFD1B13CA3200698D4A</key>
		<dict>
			<key>fileRef</key>
			<string>8CE72FFC1B13CA3200698D4A</string>
			<key>isa</key>
			<string>PBXBuildFile</string>
		</dict>
		<key>8CE72FFE1B13CADC00698D4A</key>
		<dict>
			<key>fileEncoding</key>
			<string>4</string>
			<key>isa</key>
			<string>PBXFileReference</string>
			<key>lastKnownFileType</key>
			<string>sourcecode.swift</string>
			<key>path</key>
			<string>CADEMShareKitConfigurator.swift</string>
			<key>sourceTree</key>
			<string>&lt;group&gt;</string>
		</dict>
		<key>8CE72FFF1B13CADC00698D4A</key>
		<dict>
			<key>fileRef</key>
			<string>8CE72FFE1B13CADC00698D4A</string>
			<key>isa</key>
			<string>PBXBuildFile</string>
		</dict>
		<key>8CEF6823193BDD120001B801</key>
		<dict>
			<key>isa</key>
			<string>PBXFileReference</string>
			<key>lastKnownFileType</key>
			<string>image.png</string>
			<key>path</key>
			<string>chevron.png</string>
			<key>sourceTree</key>
			<string>&lt;group&gt;</string>
		</dict>
		<key>8CEF6824193BDD120001B801</key>
		<dict>
			<key>isa</key>
			<string>PBXFileReference</string>
			<key>lastKnownFileType</key>
			<string>image.png</string>
			<key>path</key>
			<string>chevron@2x.png</string>
			<key>sourceTree</key>
			<string>&lt;group&gt;</string>
		</dict>
		<key>8CEF6825193BDD120001B801</key>
		<dict>
			<key>fileRef</key>
			<string>8CEF6823193BDD120001B801</string>
			<key>isa</key>
			<string>PBXBuildFile</string>
		</dict>
		<key>8CEF6826193BDD120001B801</key>
		<dict>
			<key>fileRef</key>
			<string>8CEF6824193BDD120001B801</string>
			<key>isa</key>
			<string>PBXBuildFile</string>
		</dict>
		<key>8CF193311BB3554400B7D929</key>
		<dict>
			<key>isa</key>
			<string>PBXFileReference</string>
			<key>lastKnownFileType</key>
			<string>wrapper.framework</string>
			<key>name</key>
			<string>SwiftyJSON.framework</string>
			<key>path</key>
			<string>Carthage/Build/iOS/SwiftyJSON.framework</string>
			<key>sourceTree</key>
			<string>&lt;group&gt;</string>
		</dict>
		<key>8CF193321BB3554400B7D929</key>
		<dict>
			<key>fileRef</key>
			<string>8CF193311BB3554400B7D929</string>
			<key>isa</key>
			<string>PBXBuildFile</string>
		</dict>
		<key>8CF193331BB35D6400B7D929</key>
		<dict>
			<key>isa</key>
			<string>PBXFileReference</string>
			<key>lastKnownFileType</key>
			<string>wrapper.framework</string>
			<key>name</key>
			<string>ReactiveCocoa.framework</string>
			<key>path</key>
			<string>Carthage/Build/iOS/ReactiveCocoa.framework</string>
			<key>sourceTree</key>
			<string>&lt;group&gt;</string>
		</dict>
		<key>8CF193341BB35D6400B7D929</key>
		<dict>
			<key>fileRef</key>
			<string>8CF193331BB35D6400B7D929</string>
			<key>isa</key>
			<string>PBXBuildFile</string>
		</dict>
		<key>8CF193351BB35DFD00B7D929</key>
		<dict>
			<key>fileEncoding</key>
			<string>4</string>
			<key>isa</key>
			<string>PBXFileReference</string>
			<key>lastKnownFileType</key>
			<string>sourcecode.swift</string>
			<key>path</key>
			<string>UICollectionViewFlowLayout+EMAdditions.swift</string>
			<key>sourceTree</key>
			<string>&lt;group&gt;</string>
		</dict>
		<key>8CF193361BB35DFD00B7D929</key>
		<dict>
			<key>fileRef</key>
			<string>8CF193351BB35DFD00B7D929</string>
			<key>isa</key>
			<string>PBXBuildFile</string>
		</dict>
		<key>8CF193371BB360DE00B7D929</key>
		<dict>
			<key>fileEncoding</key>
			<string>4</string>
			<key>isa</key>
			<string>PBXFileReference</string>
			<key>lastKnownFileType</key>
			<string>sourcecode.swift</string>
			<key>path</key>
			<string>UIFont+EMAdditions.swift</string>
			<key>sourceTree</key>
			<string>&lt;group&gt;</string>
		</dict>
		<key>8CF193381BB360DE00B7D929</key>
		<dict>
			<key>fileRef</key>
			<string>8CF193371BB360DE00B7D929</string>
			<key>isa</key>
			<string>PBXBuildFile</string>
		</dict>
		<key>8CF193391BB3E9FA00B7D929</key>
		<dict>
			<key>isa</key>
			<string>PBXFileReference</string>
			<key>lastKnownFileType</key>
			<string>wrapper.framework</string>
			<key>name</key>
			<string>WebImage.framework</string>
			<key>path</key>
			<string>Carthage/Build/iOS/WebImage.framework</string>
			<key>sourceTree</key>
			<string>&lt;group&gt;</string>
		</dict>
		<key>8CF1933A1BB3E9FA00B7D929</key>
		<dict>
			<key>fileRef</key>
			<string>8CF193391BB3E9FA00B7D929</string>
			<key>isa</key>
			<string>PBXBuildFile</string>
		</dict>
		<key>8CF1933B1BB3EBDB00B7D929</key>
		<dict>
			<key>isa</key>
			<string>PBXFileReference</string>
			<key>lastKnownFileType</key>
			<string>wrapper.framework</string>
			<key>name</key>
			<string>TTTAttributedLabel.framework</string>
			<key>path</key>
			<string>Carthage/Build/iOS/TTTAttributedLabel.framework</string>
			<key>sourceTree</key>
			<string>&lt;group&gt;</string>
		</dict>
		<key>8CF1933E1BB3EF5400B7D929</key>
		<dict>
			<key>fileEncoding</key>
			<string>4</string>
			<key>isa</key>
			<string>PBXFileReference</string>
			<key>lastKnownFileType</key>
			<string>sourcecode.swift</string>
			<key>path</key>
			<string>UIColor+EMAdditions.swift</string>
			<key>sourceTree</key>
			<string>&lt;group&gt;</string>
		</dict>
		<key>8CF1933F1BB3EF5400B7D929</key>
		<dict>
			<key>fileRef</key>
			<string>8CF1933E1BB3EF5400B7D929</string>
			<key>isa</key>
			<string>PBXBuildFile</string>
		</dict>
		<key>8CF193401BB3F24900B7D929</key>
		<dict>
			<key>fileEncoding</key>
			<string>4</string>
			<key>isa</key>
			<string>PBXFileReference</string>
			<key>lastKnownFileType</key>
			<string>sourcecode.swift</string>
			<key>path</key>
			<string>UIView+CADAdditions.swift</string>
			<key>sourceTree</key>
			<string>&lt;group&gt;</string>
		</dict>
		<key>8CF193411BB3F24900B7D929</key>
		<dict>
			<key>fileRef</key>
			<string>8CF193401BB3F24900B7D929</string>
			<key>isa</key>
			<string>PBXBuildFile</string>
		</dict>
		<key>8CF193421BB3F67C00B7D929</key>
		<dict>
			<key>buildActionMask</key>
			<string>2147483647</string>
			<key>files</key>
			<array/>
			<key>inputPaths</key>
			<array>
				<string>$(SRCROOT)/Carthage/Build/iOS/SwiftyJSON.framework</string>
				<string>$(SRCROOT)/Carthage/Build/iOS/ReactiveCocoa.framework</string>
				<string>$(SRCROOT)/Carthage/Build/iOS/WebImage.framework</string>
				<string>$(SRCROOT)/Carthage/Build/iOS/TTTAttributedLabel.framework</string>
			</array>
			<key>isa</key>
			<string>PBXShellScriptBuildPhase</string>
			<key>outputPaths</key>
			<array/>
			<key>runOnlyForDeploymentPostprocessing</key>
			<string>0</string>
			<key>shellPath</key>
			<string>/bin/sh</string>
			<key>shellScript</key>
			<string>/usr/local/bin/carthage copy-frameworks</string>
		</dict>
		<key>8CF193431BB3F89400B7D929</key>
		<dict>
			<key>fileRef</key>
			<string>8CF1933B1BB3EBDB00B7D929</string>
			<key>isa</key>
			<string>PBXBuildFile</string>
		</dict>
		<key>8CF193441BB49AB200B7D929</key>
		<dict>
			<key>fileEncoding</key>
			<string>4</string>
			<key>isa</key>
			<string>PBXFileReference</string>
			<key>lastKnownFileType</key>
			<string>sourcecode.swift</string>
			<key>path</key>
			<string>NSDate+EMAdditions.swift</string>
			<key>sourceTree</key>
			<string>&lt;group&gt;</string>
		</dict>
		<key>8CF193451BB49AB200B7D929</key>
		<dict>
			<key>fileRef</key>
			<string>8CF193441BB49AB200B7D929</string>
			<key>isa</key>
			<string>PBXBuildFile</string>
		</dict>
		<key>B9D815959B1D4CC4AA727FD4</key>
		<dict>
			<key>buildActionMask</key>
			<string>2147483647</string>
			<key>files</key>
			<array/>
			<key>inputPaths</key>
			<array/>
			<key>isa</key>
			<string>PBXShellScriptBuildPhase</string>
			<key>name</key>
			<string>Copy Pods Resources</string>
			<key>outputPaths</key>
			<array/>
			<key>runOnlyForDeploymentPostprocessing</key>
			<string>0</string>
			<key>shellPath</key>
			<string>/bin/sh</string>
			<key>shellScript</key>
			<string>"${SRCROOT}/Pods/Target Support Files/Pods/Pods-resources.sh"
</string>
			<key>showEnvVarsInLog</key>
			<string>0</string>
		</dict>
		<key>BDDDAC266F52D12D4F511623</key>
		<dict>
			<key>explicitFileType</key>
			<string>archive.ar</string>
			<key>includeInIndex</key>
			<string>0</string>
			<key>isa</key>
			<string>PBXFileReference</string>
			<key>path</key>
			<string>libPods.a</string>
			<key>sourceTree</key>
			<string>BUILT_PRODUCTS_DIR</string>
		</dict>
		<key>D16AF894416306787E8EA880</key>
		<dict>
			<key>includeInIndex</key>
			<string>1</string>
			<key>isa</key>
			<string>PBXFileReference</string>
			<key>lastKnownFileType</key>
			<string>text.xcconfig</string>
			<key>name</key>
			<string>Pods.release.xcconfig</string>
			<key>path</key>
			<string>Pods/Target Support Files/Pods/Pods.release.xcconfig</string>
			<key>sourceTree</key>
			<string>&lt;group&gt;</string>
		</dict>
		<key>D68B517AE41204179CC3A455</key>
		<dict>
			<key>children</key>
			<array>
				<string>277C6F1D0A9003401A9C907C</string>
				<string>D16AF894416306787E8EA880</string>
			</array>
			<key>isa</key>
			<string>PBXGroup</string>
			<key>name</key>
			<string>Pods</string>
			<key>sourceTree</key>
			<string>&lt;group&gt;</string>
		</dict>
	</dict>
	<key>rootObject</key>
	<string>8C04EF3D18CB8F09008FBC9B</string>
</dict>
</plist>
